
Microsoft Visual Studio Solution File, Format Version 12.00
# Visual Studio 15
VisualStudioVersion = 15.0.27130.2036
MinimumVisualStudioVersion = 10.0.40219.1
Project("{2150E333-8FDC-42A3-9474-1A3956D46DE8}") = "Doc", "Doc", "{2CFE7466-98C4-490A-9519-4702DF7A4E15}"
	ProjectSection(SolutionItems) = preProject
		Doc\Cheats.txt = Doc\Cheats.txt
		Doc\MAINTAIN.md = Doc\MAINTAIN.md
		Doc\RELEASE.md = Doc\RELEASE.md
		Doc\SUDO and WinSCP.docx = Doc\SUDO and WinSCP.docx
		Doc\Ubuntu-18.04 Hyper-V Template.docx = Doc\Ubuntu-18.04 Hyper-V Template.docx
		Doc\Ubuntu-18.04 XenServer Template.docx = Doc\Ubuntu-18.04 XenServer Template.docx
	EndProjectSection
EndProject
Project("{2150E333-8FDC-42A3-9474-1A3956D46DE8}") = "GitHub", "GitHub", "{4442F115-52D3-4E88-BE9B-9E4B32AD33A0}"
	ProjectSection(SolutionItems) = preProject
		.gitattributes = .gitattributes
		.gitignore = .gitignore
		buildenv.cmd = buildenv.cmd
		global.json = global.json
		LICENSE = LICENSE
		nuget-version.txt = nuget-version.txt
		passwords.zip = passwords.zip
		README.md = README.md
	EndProjectSection
EndProject
Project("{2150E333-8FDC-42A3-9474-1A3956D46DE8}") = "Lib", "Lib", "{DBDA1B94-CCD1-48E4-AA0A-FDB5B18AF069}"
EndProject
Project("{D954291E-2A0B-460D-934E-DC6B0785DB48}") = "Neon.Global", "Lib\Neon.Global\Neon.Global.shproj", "{4C0BCA49-F217-436C-877F-40A606989AF4}"
EndProject
Project("{9A19103F-16F7-4668-BE54-9A1E7A4F7556}") = "Neon.Common", "Lib\Neon.Common\Neon.Common.csproj", "{8D3BD5BA-AAF6-4233-879F-69A63EB6CDA1}"
EndProject
Project("{9A19103F-16F7-4668-BE54-9A1E7A4F7556}") = "Neon.Kube", "Lib\Neon.Kube\Neon.Kube.csproj", "{C23307A1-4E5A-4B83-A8EB-90DE334868C6}"
EndProject
Project("{9A19103F-16F7-4668-BE54-9A1E7A4F7556}") = "Neon.Docker", "Lib\Neon.Docker\Neon.Docker.csproj", "{893C943F-C1A7-448B-AACF-825DB9560AB4}"
EndProject
Project("{D954291E-2A0B-460D-934E-DC6B0785DB48}") = "Neon.Couchbase.Lite.shared", "Lib\Neon.Couchbase.Lite.shared\Neon.Couchbase.Lite.shared.shproj", "{8D7FE880-9006-488F-BAB3-3A82011CD699}"
EndProject
Project("{FAE04EC0-301F-11D3-BF4B-00C04F79EFBC}") = "Neon.Couchbase.Lite.net", "Lib\Neon.Couchbase.Lite.net\Neon.Couchbase.Lite.net.csproj", "{5D528831-61AD-41C3-8BB4-50ABABF9AE99}"
	ProjectSection(ProjectDependencies) = postProject
		{8D3BD5BA-AAF6-4233-879F-69A63EB6CDA1} = {8D3BD5BA-AAF6-4233-879F-69A63EB6CDA1}
	EndProjectSection
EndProject
Project("{9A19103F-16F7-4668-BE54-9A1E7A4F7556}") = "Neon.Xunit", "Lib\Neon.Xunit\Neon.Xunit.csproj", "{468E440F-2284-483D-A54A-EC540C85F76E}"
EndProject
Project("{9A19103F-16F7-4668-BE54-9A1E7A4F7556}") = "Neon.Couchbase.SyncGateway", "Lib\Neon.Couchbase.SyncGateway\Neon.Couchbase.SyncGateway.csproj", "{7017AF13-9C49-4C31-8304-9354D86E2886}"
EndProject
Project("{2150E333-8FDC-42A3-9474-1A3956D46DE8}") = "Tools", "Tools", "{FE7764F7-F5B5-4A92-9BE2-F51690EDF870}"
EndProject
Project("{9A19103F-16F7-4668-BE54-9A1E7A4F7556}") = "text", "Tools\text\text.csproj", "{C33788B7-D2D0-42F9-A786-6E0419A97731}"
	ProjectSection(ProjectDependencies) = postProject
		{756FB86B-29BC-4C6B-A19B-A624A9E9D367} = {756FB86B-29BC-4C6B-A19B-A624A9E9D367}
	EndProjectSection
EndProject
Project("{9A19103F-16F7-4668-BE54-9A1E7A4F7556}") = "unix-text", "Tools\unix-text\unix-text.csproj", "{66229C6D-EC7E-4340-8BC0-6C9E6EF830C6}"
	ProjectSection(ProjectDependencies) = postProject
		{756FB86B-29BC-4C6B-A19B-A624A9E9D367} = {756FB86B-29BC-4C6B-A19B-A624A9E9D367}
	EndProjectSection
EndProject
Project("{FAE04EC0-301F-11D3-BF4B-00C04F79EFBC}") = "pubcore", "Tools\pubcore\pubcore.csproj", "{756FB86B-29BC-4C6B-A19B-A624A9E9D367}"
EndProject
Project("{2150E333-8FDC-42A3-9474-1A3956D46DE8}") = "Services", "Services", "{319CF481-DCE8-4114-B13F-FC7CFC48496D}"
EndProject
Project("{2150E333-8FDC-42A3-9474-1A3956D46DE8}") = "Test", "Test", "{83DC75D5-800D-42F7-9812-BD198A62DD0B}"
EndProject
Project("{D954291E-2A0B-460D-934E-DC6B0785DB48}") = "Test.Neon.Models.shared", "Test\Test.Neon.Models.shared\Test.Neon.Models.shared.shproj", "{29E7763D-85D9-4174-92E1-DF739099A36A}"
EndProject
Project("{9A19103F-16F7-4668-BE54-9A1E7A4F7556}") = "Test.Neon.Models.Definition", "Test\Test.Neon.Models.Definition\Test.Neon.Models.Definition.csproj", "{626E630A-03D5-4578-88B1-31B0E6011E2C}"
	ProjectSection(ProjectDependencies) = postProject
		{77DD54D0-3F03-4B34-AF83-ABFD430400F0} = {77DD54D0-3F03-4B34-AF83-ABFD430400F0}
	EndProjectSection
EndProject
Project("{2150E333-8FDC-42A3-9474-1A3956D46DE8}") = "Models", "Models", "{5641C82B-E8E5-49AD-8DEE-E574D0D77460}"
EndProject
Project("{9A19103F-16F7-4668-BE54-9A1E7A4F7556}") = "entity-gen", "Tools\entity-gen\entity-gen.csproj", "{77DD54D0-3F03-4B34-AF83-ABFD430400F0}"
	ProjectSection(ProjectDependencies) = postProject
		{756FB86B-29BC-4C6B-A19B-A624A9E9D367} = {756FB86B-29BC-4C6B-A19B-A624A9E9D367}
	EndProjectSection
EndProject
Project("{9A19103F-16F7-4668-BE54-9A1E7A4F7556}") = "neon-cli", "Tools\neon-cli\neon-cli.csproj", "{7EC9D996-B464-4493-BF68-8A4A95AA3C83}"
	ProjectSection(ProjectDependencies) = postProject
		{756FB86B-29BC-4C6B-A19B-A624A9E9D367} = {756FB86B-29BC-4C6B-A19B-A624A9E9D367}
		{66229C6D-EC7E-4340-8BC0-6C9E6EF830C6} = {66229C6D-EC7E-4340-8BC0-6C9E6EF830C6}
	EndProjectSection
EndProject
Project("{FAE04EC0-301F-11D3-BF4B-00C04F79EFBC}") = "Images", "Images\Images.csproj", "{78A69CC0-1CA5-4D1A-889F-765212271A9A}"
EndProject
Project("{2150E333-8FDC-42A3-9474-1A3956D46DE8}") = "External", "External", "{1A3C35E5-1C30-44F2-AB46-F5E7F99E524C}"
EndProject
Project("{2150E333-8FDC-42A3-9474-1A3956D46DE8}") = "User", "User", "{DB3EE5E6-94C8-4298-AABB-FB46E820C00F}"
EndProject
Project("{2150E333-8FDC-42A3-9474-1A3956D46DE8}") = "jeff.lill", "jeff.lill", "{A0DF3DBA-C31E-43F9-99EB-DEECB7793539}"
EndProject
Project("{9A19103F-16F7-4668-BE54-9A1E7A4F7556}") = "Neon.Couchbase", "Lib\Neon.Couchbase\Neon.Couchbase.csproj", "{7AB3C81C-8F25-4F42-B992-947ACDF34056}"
EndProject
Project("{2150E333-8FDC-42A3-9474-1A3956D46DE8}") = "ToolBin", "ToolBin", "{E9E3D01B-F890-4F0A-88F1-5F87E5D1F198}"
	ProjectSection(SolutionItems) = preProject
		ToolBin\nuget-neonforge-local.ps1 = ToolBin\nuget-neonforge-local.ps1
		ToolBin\nuget-neonforge-public.ps1 = ToolBin\nuget-neonforge-public.ps1
	EndProjectSection
EndProject
Project("{FAE04EC0-301F-11D3-BF4B-00C04F79EFBC}") = "core-layers", "Tools\core-layers\core-layers.csproj", "{F22F7C21-909E-4BB6-8B22-CEFF63FEC66D}"
EndProject
Project("{9A19103F-16F7-4668-BE54-9A1E7A4F7556}") = "Neon.Web", "Lib\Neon.Web\Neon.Web.csproj", "{856207D6-F230-47A3-BF50-3D0451FEC3ED}"
EndProject
Project("{2150E333-8FDC-42A3-9474-1A3956D46DE8}") = "Devops", "Devops", "{E853860E-86DE-407E-95BB-4C5E1CEAFC39}"
EndProject
Project("{FAE04EC0-301F-11D3-BF4B-00C04F79EFBC}") = "uuid-gen", "Tools\uuid-gen\uuid-gen.csproj", "{12E8C084-88B8-47A9-82AD-038C206089AA}"
EndProject
Project("{9A19103F-16F7-4668-BE54-9A1E7A4F7556}") = "Neon.Xunit.Kube", "Lib\Neon.Xunit.Kube\Neon.Xunit.Kube.csproj", "{167C080E-3F81-4EB7-93BD-1D8671B51835}"
EndProject
Project("{9A19103F-16F7-4668-BE54-9A1E7A4F7556}") = "Test.Neon.Common", "Test\Test.Neon.Common\Test.Neon.Common.csproj", "{11EDBC14-0BF4-4C6B-86DD-3D292845C62A}"
EndProject
Project("{2150E333-8FDC-42A3-9474-1A3956D46DE8}") = "Releases", "Releases", "{2BCF066C-588B-44A5-AF35-527E96C7B7B5}"
EndProject
Project("{9A19103F-16F7-4668-BE54-9A1E7A4F7556}") = "Neon.Kube.Aws", "Lib\Neon.Kube.Aws\Neon.Kube.Aws.csproj", "{592FFCE1-0D8C-4797-9B3A-5F5F7E5E935B}"
EndProject
Project("{9A19103F-16F7-4668-BE54-9A1E7A4F7556}") = "Neon.Kube.Azure", "Lib\Neon.Kube.Azure\Neon.Kube.Azure.csproj", "{CD08B37A-614C-4DEB-9805-ADBD77DA3F8E}"
EndProject
Project("{9A19103F-16F7-4668-BE54-9A1E7A4F7556}") = "Neon.Kube.Google", "Lib\Neon.Kube.Google\Neon.Kube.Google.csproj", "{8315C918-4C26-435C-AC32-47A87CB2792E}"
EndProject
Project("{9A19103F-16F7-4668-BE54-9A1E7A4F7556}") = "Neon.Kube.HyperV", "Lib\Neon.Kube.HyperV\Neon.Kube.HyperV.csproj", "{803A4763-4B6E-42AF-ADBB-61227369B5AE}"
EndProject
Project("{9A19103F-16F7-4668-BE54-9A1E7A4F7556}") = "Neon.Kube.HyperVLocal", "Lib\Neon.Kube.HyperVLocal\Neon.Kube.HyperVLocal.csproj", "{8B2B63BA-AC1F-4F34-AE1A-ED4C08642E82}"
EndProject
Project("{9A19103F-16F7-4668-BE54-9A1E7A4F7556}") = "Neon.Kube.Machine", "Lib\Neon.Kube.Machine\Neon.Kube.Machine.csproj", "{FC110EBB-25E9-49AC-9D21-DBD956090ED1}"
EndProject
Project("{9A19103F-16F7-4668-BE54-9A1E7A4F7556}") = "Neon.Kube.XenServer", "Lib\Neon.Kube.XenServer\Neon.Kube.XenServer.csproj", "{22CA72EE-FFA9-412A-B995-D51C617B8FEF}"
EndProject
Project("{9A19103F-16F7-4668-BE54-9A1E7A4F7556}") = "Neon.Kube.Hosting", "Lib\Neon.Kube.Hosting\Neon.Kube.Hosting.csproj", "{08B7000C-F261-4543-B611-5710D12263DB}"
EndProject
Project("{9A19103F-16F7-4668-BE54-9A1E7A4F7556}") = "Neon.HyperV", "Lib\Neon.HyperV\Neon.HyperV.csproj", "{2E9E803A-1422-42E7-8472-4E15EDFC7002}"
EndProject
Project("{9A19103F-16F7-4668-BE54-9A1E7A4F7556}") = "Neon.XenServer", "Lib\Neon.XenServer\Neon.XenServer.csproj", "{1A6C061D-83FD-4B53-8E96-80A1546C8F4B}"
EndProject
Project("{2150E333-8FDC-42A3-9474-1A3956D46DE8}") = "home", "home", "{E4CB108C-A8C4-4B30-A07E-44D56027B98B}"
	ProjectSection(SolutionItems) = preProject
		Devops\home\large.cluster.yaml = Devops\home\large.cluster.yaml
		Devops\home\small.cluster.yaml = Devops\home\small.cluster.yaml
		Devops\home\tiny.cluster.yaml = Devops\home\tiny.cluster.yaml
	EndProjectSection
EndProject
Project("{2150E333-8FDC-42A3-9474-1A3956D46DE8}") = "wrt", "wrt", "{68D2B92F-A5C0-4E29-9E53-64F600400568}"
	ProjectSection(SolutionItems) = preProject
		Devops\wrt\jeff-small.cluster.yaml = Devops\wrt\jeff-small.cluster.yaml
	EndProjectSection
EndProject
Project("{9A19103F-16F7-4668-BE54-9A1E7A4F7556}") = "Test.Neon.Kube", "Test\Test.Neon.Kube\Test.Neon.Kube.csproj", "{41302EE4-1607-4BE1-A2C6-C881C3D05740}"
EndProject
Project("{9A19103F-16F7-4668-BE54-9A1E7A4F7556}") = "Test.NeonCli", "Test\Test.NeonCli\Test.NeonCli.csproj", "{BA132F50-1C79-4FF4-A596-16BBC7CD6BAC}"
EndProject
Global
	GlobalSection(SharedMSBuildProjectFiles) = preSolution
		Test\Test.Neon.Models.shared\Test.Neon.Models.shared.projitems*{29e7763d-85d9-4174-92e1-df739099a36a}*SharedItemsImports = 13
		Lib\Neon.Global\Neon.Global.projitems*{4c0bca49-f217-436c-877f-40a606989af4}*SharedItemsImports = 13
		Lib\Neon.Couchbase.Lite.shared\Neon.Couchbase.Lite.shared.projitems*{5d528831-61ad-41c3-8bb4-50ababf9ae99}*SharedItemsImports = 4
		Lib\Neon.Global\Neon.Global.projitems*{5d528831-61ad-41c3-8bb4-50ababf9ae99}*SharedItemsImports = 4
		Lib\Neon.Global\Neon.Global.projitems*{756fb86b-29bc-4c6b-a19b-a624a9e9d367}*SharedItemsImports = 4
		Lib\Neon.Couchbase.Lite.shared\Neon.Couchbase.Lite.shared.projitems*{8d7fe880-9006-488f-bab3-3a82011cd699}*SharedItemsImports = 13
	EndGlobalSection
	GlobalSection(SolutionConfigurationPlatforms) = preSolution
		Debug|Any CPU = Debug|Any CPU
		Debug|x64 = Debug|x64
		Debug|x86 = Debug|x86
		Release|Any CPU = Release|Any CPU
		Release|x64 = Release|x64
		Release|x86 = Release|x86
	EndGlobalSection
	GlobalSection(ProjectConfigurationPlatforms) = postSolution
		{8D3BD5BA-AAF6-4233-879F-69A63EB6CDA1}.Debug|Any CPU.ActiveCfg = Debug|Any CPU
		{8D3BD5BA-AAF6-4233-879F-69A63EB6CDA1}.Debug|Any CPU.Build.0 = Debug|Any CPU
		{8D3BD5BA-AAF6-4233-879F-69A63EB6CDA1}.Debug|x64.ActiveCfg = Debug|Any CPU
		{8D3BD5BA-AAF6-4233-879F-69A63EB6CDA1}.Debug|x64.Build.0 = Debug|Any CPU
		{8D3BD5BA-AAF6-4233-879F-69A63EB6CDA1}.Debug|x86.ActiveCfg = Debug|Any CPU
		{8D3BD5BA-AAF6-4233-879F-69A63EB6CDA1}.Debug|x86.Build.0 = Debug|Any CPU
		{8D3BD5BA-AAF6-4233-879F-69A63EB6CDA1}.Release|Any CPU.ActiveCfg = Release|Any CPU
		{8D3BD5BA-AAF6-4233-879F-69A63EB6CDA1}.Release|Any CPU.Build.0 = Release|Any CPU
		{8D3BD5BA-AAF6-4233-879F-69A63EB6CDA1}.Release|x64.ActiveCfg = Release|Any CPU
		{8D3BD5BA-AAF6-4233-879F-69A63EB6CDA1}.Release|x64.Build.0 = Release|Any CPU
		{8D3BD5BA-AAF6-4233-879F-69A63EB6CDA1}.Release|x86.ActiveCfg = Release|Any CPU
		{8D3BD5BA-AAF6-4233-879F-69A63EB6CDA1}.Release|x86.Build.0 = Release|Any CPU
		{C23307A1-4E5A-4B83-A8EB-90DE334868C6}.Debug|Any CPU.ActiveCfg = Debug|Any CPU
		{C23307A1-4E5A-4B83-A8EB-90DE334868C6}.Debug|Any CPU.Build.0 = Debug|Any CPU
		{C23307A1-4E5A-4B83-A8EB-90DE334868C6}.Debug|x64.ActiveCfg = Debug|Any CPU
		{C23307A1-4E5A-4B83-A8EB-90DE334868C6}.Debug|x64.Build.0 = Debug|Any CPU
		{C23307A1-4E5A-4B83-A8EB-90DE334868C6}.Debug|x86.ActiveCfg = Debug|Any CPU
		{C23307A1-4E5A-4B83-A8EB-90DE334868C6}.Debug|x86.Build.0 = Debug|Any CPU
		{C23307A1-4E5A-4B83-A8EB-90DE334868C6}.Release|Any CPU.ActiveCfg = Release|Any CPU
		{C23307A1-4E5A-4B83-A8EB-90DE334868C6}.Release|Any CPU.Build.0 = Release|Any CPU
		{C23307A1-4E5A-4B83-A8EB-90DE334868C6}.Release|x64.ActiveCfg = Release|Any CPU
		{C23307A1-4E5A-4B83-A8EB-90DE334868C6}.Release|x64.Build.0 = Release|Any CPU
		{C23307A1-4E5A-4B83-A8EB-90DE334868C6}.Release|x86.ActiveCfg = Release|Any CPU
		{C23307A1-4E5A-4B83-A8EB-90DE334868C6}.Release|x86.Build.0 = Release|Any CPU
		{893C943F-C1A7-448B-AACF-825DB9560AB4}.Debug|Any CPU.ActiveCfg = Debug|Any CPU
		{893C943F-C1A7-448B-AACF-825DB9560AB4}.Debug|Any CPU.Build.0 = Debug|Any CPU
		{893C943F-C1A7-448B-AACF-825DB9560AB4}.Debug|x64.ActiveCfg = Debug|Any CPU
		{893C943F-C1A7-448B-AACF-825DB9560AB4}.Debug|x64.Build.0 = Debug|Any CPU
		{893C943F-C1A7-448B-AACF-825DB9560AB4}.Debug|x86.ActiveCfg = Debug|Any CPU
		{893C943F-C1A7-448B-AACF-825DB9560AB4}.Debug|x86.Build.0 = Debug|Any CPU
		{893C943F-C1A7-448B-AACF-825DB9560AB4}.Release|Any CPU.ActiveCfg = Release|Any CPU
		{893C943F-C1A7-448B-AACF-825DB9560AB4}.Release|Any CPU.Build.0 = Release|Any CPU
		{893C943F-C1A7-448B-AACF-825DB9560AB4}.Release|x64.ActiveCfg = Release|Any CPU
		{893C943F-C1A7-448B-AACF-825DB9560AB4}.Release|x64.Build.0 = Release|Any CPU
		{893C943F-C1A7-448B-AACF-825DB9560AB4}.Release|x86.ActiveCfg = Release|Any CPU
		{893C943F-C1A7-448B-AACF-825DB9560AB4}.Release|x86.Build.0 = Release|Any CPU
		{5D528831-61AD-41C3-8BB4-50ABABF9AE99}.Debug|Any CPU.ActiveCfg = Debug|Any CPU
		{5D528831-61AD-41C3-8BB4-50ABABF9AE99}.Debug|Any CPU.Build.0 = Debug|Any CPU
		{5D528831-61AD-41C3-8BB4-50ABABF9AE99}.Debug|x64.ActiveCfg = Debug|Any CPU
		{5D528831-61AD-41C3-8BB4-50ABABF9AE99}.Debug|x64.Build.0 = Debug|Any CPU
		{5D528831-61AD-41C3-8BB4-50ABABF9AE99}.Debug|x86.ActiveCfg = Debug|Any CPU
		{5D528831-61AD-41C3-8BB4-50ABABF9AE99}.Debug|x86.Build.0 = Debug|Any CPU
		{5D528831-61AD-41C3-8BB4-50ABABF9AE99}.Release|Any CPU.ActiveCfg = Release|Any CPU
		{5D528831-61AD-41C3-8BB4-50ABABF9AE99}.Release|Any CPU.Build.0 = Release|Any CPU
		{5D528831-61AD-41C3-8BB4-50ABABF9AE99}.Release|x64.ActiveCfg = Release|Any CPU
		{5D528831-61AD-41C3-8BB4-50ABABF9AE99}.Release|x64.Build.0 = Release|Any CPU
		{5D528831-61AD-41C3-8BB4-50ABABF9AE99}.Release|x86.ActiveCfg = Release|Any CPU
		{5D528831-61AD-41C3-8BB4-50ABABF9AE99}.Release|x86.Build.0 = Release|Any CPU
		{468E440F-2284-483D-A54A-EC540C85F76E}.Debug|Any CPU.ActiveCfg = Debug|Any CPU
		{468E440F-2284-483D-A54A-EC540C85F76E}.Debug|Any CPU.Build.0 = Debug|Any CPU
		{468E440F-2284-483D-A54A-EC540C85F76E}.Debug|x64.ActiveCfg = Debug|Any CPU
		{468E440F-2284-483D-A54A-EC540C85F76E}.Debug|x64.Build.0 = Debug|Any CPU
		{468E440F-2284-483D-A54A-EC540C85F76E}.Debug|x86.ActiveCfg = Debug|Any CPU
		{468E440F-2284-483D-A54A-EC540C85F76E}.Debug|x86.Build.0 = Debug|Any CPU
		{468E440F-2284-483D-A54A-EC540C85F76E}.Release|Any CPU.ActiveCfg = Release|Any CPU
		{468E440F-2284-483D-A54A-EC540C85F76E}.Release|Any CPU.Build.0 = Release|Any CPU
		{468E440F-2284-483D-A54A-EC540C85F76E}.Release|x64.ActiveCfg = Release|Any CPU
		{468E440F-2284-483D-A54A-EC540C85F76E}.Release|x64.Build.0 = Release|Any CPU
		{468E440F-2284-483D-A54A-EC540C85F76E}.Release|x86.ActiveCfg = Release|Any CPU
		{468E440F-2284-483D-A54A-EC540C85F76E}.Release|x86.Build.0 = Release|Any CPU
		{7017AF13-9C49-4C31-8304-9354D86E2886}.Debug|Any CPU.ActiveCfg = Debug|Any CPU
		{7017AF13-9C49-4C31-8304-9354D86E2886}.Debug|Any CPU.Build.0 = Debug|Any CPU
		{7017AF13-9C49-4C31-8304-9354D86E2886}.Debug|x64.ActiveCfg = Debug|Any CPU
		{7017AF13-9C49-4C31-8304-9354D86E2886}.Debug|x64.Build.0 = Debug|Any CPU
		{7017AF13-9C49-4C31-8304-9354D86E2886}.Debug|x86.ActiveCfg = Debug|Any CPU
		{7017AF13-9C49-4C31-8304-9354D86E2886}.Debug|x86.Build.0 = Debug|Any CPU
		{7017AF13-9C49-4C31-8304-9354D86E2886}.Release|Any CPU.ActiveCfg = Release|Any CPU
		{7017AF13-9C49-4C31-8304-9354D86E2886}.Release|Any CPU.Build.0 = Release|Any CPU
		{7017AF13-9C49-4C31-8304-9354D86E2886}.Release|x64.ActiveCfg = Release|Any CPU
		{7017AF13-9C49-4C31-8304-9354D86E2886}.Release|x64.Build.0 = Release|Any CPU
		{7017AF13-9C49-4C31-8304-9354D86E2886}.Release|x86.ActiveCfg = Release|Any CPU
		{7017AF13-9C49-4C31-8304-9354D86E2886}.Release|x86.Build.0 = Release|Any CPU
		{C33788B7-D2D0-42F9-A786-6E0419A97731}.Debug|Any CPU.ActiveCfg = Debug|Any CPU
		{C33788B7-D2D0-42F9-A786-6E0419A97731}.Debug|Any CPU.Build.0 = Debug|Any CPU
		{C33788B7-D2D0-42F9-A786-6E0419A97731}.Debug|x64.ActiveCfg = Debug|Any CPU
		{C33788B7-D2D0-42F9-A786-6E0419A97731}.Debug|x64.Build.0 = Debug|Any CPU
		{C33788B7-D2D0-42F9-A786-6E0419A97731}.Debug|x86.ActiveCfg = Debug|Any CPU
		{C33788B7-D2D0-42F9-A786-6E0419A97731}.Debug|x86.Build.0 = Debug|Any CPU
		{C33788B7-D2D0-42F9-A786-6E0419A97731}.Release|Any CPU.ActiveCfg = Release|Any CPU
		{C33788B7-D2D0-42F9-A786-6E0419A97731}.Release|Any CPU.Build.0 = Release|Any CPU
		{C33788B7-D2D0-42F9-A786-6E0419A97731}.Release|x64.ActiveCfg = Release|Any CPU
		{C33788B7-D2D0-42F9-A786-6E0419A97731}.Release|x64.Build.0 = Release|Any CPU
		{C33788B7-D2D0-42F9-A786-6E0419A97731}.Release|x86.ActiveCfg = Release|Any CPU
		{C33788B7-D2D0-42F9-A786-6E0419A97731}.Release|x86.Build.0 = Release|Any CPU
		{66229C6D-EC7E-4340-8BC0-6C9E6EF830C6}.Debug|Any CPU.ActiveCfg = Debug|Any CPU
		{66229C6D-EC7E-4340-8BC0-6C9E6EF830C6}.Debug|Any CPU.Build.0 = Debug|Any CPU
		{66229C6D-EC7E-4340-8BC0-6C9E6EF830C6}.Debug|x64.ActiveCfg = Debug|Any CPU
		{66229C6D-EC7E-4340-8BC0-6C9E6EF830C6}.Debug|x64.Build.0 = Debug|Any CPU
		{66229C6D-EC7E-4340-8BC0-6C9E6EF830C6}.Debug|x86.ActiveCfg = Debug|Any CPU
		{66229C6D-EC7E-4340-8BC0-6C9E6EF830C6}.Debug|x86.Build.0 = Debug|Any CPU
		{66229C6D-EC7E-4340-8BC0-6C9E6EF830C6}.Release|Any CPU.ActiveCfg = Release|Any CPU
		{66229C6D-EC7E-4340-8BC0-6C9E6EF830C6}.Release|Any CPU.Build.0 = Release|Any CPU
		{66229C6D-EC7E-4340-8BC0-6C9E6EF830C6}.Release|x64.ActiveCfg = Release|Any CPU
		{66229C6D-EC7E-4340-8BC0-6C9E6EF830C6}.Release|x64.Build.0 = Release|Any CPU
		{66229C6D-EC7E-4340-8BC0-6C9E6EF830C6}.Release|x86.ActiveCfg = Release|Any CPU
		{66229C6D-EC7E-4340-8BC0-6C9E6EF830C6}.Release|x86.Build.0 = Release|Any CPU
		{756FB86B-29BC-4C6B-A19B-A624A9E9D367}.Debug|Any CPU.ActiveCfg = Debug|Any CPU
		{756FB86B-29BC-4C6B-A19B-A624A9E9D367}.Debug|Any CPU.Build.0 = Debug|Any CPU
		{756FB86B-29BC-4C6B-A19B-A624A9E9D367}.Debug|x64.ActiveCfg = Debug|Any CPU
		{756FB86B-29BC-4C6B-A19B-A624A9E9D367}.Debug|x64.Build.0 = Debug|Any CPU
		{756FB86B-29BC-4C6B-A19B-A624A9E9D367}.Debug|x86.ActiveCfg = Debug|Any CPU
		{756FB86B-29BC-4C6B-A19B-A624A9E9D367}.Debug|x86.Build.0 = Debug|Any CPU
		{756FB86B-29BC-4C6B-A19B-A624A9E9D367}.Release|Any CPU.ActiveCfg = Release|Any CPU
		{756FB86B-29BC-4C6B-A19B-A624A9E9D367}.Release|Any CPU.Build.0 = Release|Any CPU
		{756FB86B-29BC-4C6B-A19B-A624A9E9D367}.Release|x64.ActiveCfg = Release|Any CPU
		{756FB86B-29BC-4C6B-A19B-A624A9E9D367}.Release|x64.Build.0 = Release|Any CPU
		{756FB86B-29BC-4C6B-A19B-A624A9E9D367}.Release|x86.ActiveCfg = Release|Any CPU
		{756FB86B-29BC-4C6B-A19B-A624A9E9D367}.Release|x86.Build.0 = Release|Any CPU
		{626E630A-03D5-4578-88B1-31B0E6011E2C}.Debug|Any CPU.ActiveCfg = Debug|Any CPU
		{626E630A-03D5-4578-88B1-31B0E6011E2C}.Debug|x64.ActiveCfg = Debug|Any CPU
		{626E630A-03D5-4578-88B1-31B0E6011E2C}.Debug|x64.Build.0 = Debug|Any CPU
		{626E630A-03D5-4578-88B1-31B0E6011E2C}.Debug|x86.ActiveCfg = Debug|Any CPU
		{626E630A-03D5-4578-88B1-31B0E6011E2C}.Debug|x86.Build.0 = Debug|Any CPU
		{626E630A-03D5-4578-88B1-31B0E6011E2C}.Release|Any CPU.ActiveCfg = Release|Any CPU
		{626E630A-03D5-4578-88B1-31B0E6011E2C}.Release|x64.ActiveCfg = Release|Any CPU
		{626E630A-03D5-4578-88B1-31B0E6011E2C}.Release|x64.Build.0 = Release|Any CPU
		{626E630A-03D5-4578-88B1-31B0E6011E2C}.Release|x86.ActiveCfg = Release|Any CPU
		{626E630A-03D5-4578-88B1-31B0E6011E2C}.Release|x86.Build.0 = Release|Any CPU
		{77DD54D0-3F03-4B34-AF83-ABFD430400F0}.Debug|Any CPU.ActiveCfg = Debug|Any CPU
		{77DD54D0-3F03-4B34-AF83-ABFD430400F0}.Debug|Any CPU.Build.0 = Debug|Any CPU
		{77DD54D0-3F03-4B34-AF83-ABFD430400F0}.Debug|x64.ActiveCfg = Debug|Any CPU
		{77DD54D0-3F03-4B34-AF83-ABFD430400F0}.Debug|x64.Build.0 = Debug|Any CPU
		{77DD54D0-3F03-4B34-AF83-ABFD430400F0}.Debug|x86.ActiveCfg = Debug|Any CPU
		{77DD54D0-3F03-4B34-AF83-ABFD430400F0}.Debug|x86.Build.0 = Debug|Any CPU
		{77DD54D0-3F03-4B34-AF83-ABFD430400F0}.Release|Any CPU.ActiveCfg = Release|Any CPU
		{77DD54D0-3F03-4B34-AF83-ABFD430400F0}.Release|Any CPU.Build.0 = Release|Any CPU
		{77DD54D0-3F03-4B34-AF83-ABFD430400F0}.Release|x64.ActiveCfg = Release|Any CPU
		{77DD54D0-3F03-4B34-AF83-ABFD430400F0}.Release|x64.Build.0 = Release|Any CPU
		{77DD54D0-3F03-4B34-AF83-ABFD430400F0}.Release|x86.ActiveCfg = Release|Any CPU
		{77DD54D0-3F03-4B34-AF83-ABFD430400F0}.Release|x86.Build.0 = Release|Any CPU
		{7EC9D996-B464-4493-BF68-8A4A95AA3C83}.Debug|Any CPU.ActiveCfg = Debug|Any CPU
		{7EC9D996-B464-4493-BF68-8A4A95AA3C83}.Debug|Any CPU.Build.0 = Debug|Any CPU
		{7EC9D996-B464-4493-BF68-8A4A95AA3C83}.Debug|x64.ActiveCfg = Debug|Any CPU
		{7EC9D996-B464-4493-BF68-8A4A95AA3C83}.Debug|x64.Build.0 = Debug|Any CPU
		{7EC9D996-B464-4493-BF68-8A4A95AA3C83}.Debug|x86.ActiveCfg = Debug|Any CPU
		{7EC9D996-B464-4493-BF68-8A4A95AA3C83}.Debug|x86.Build.0 = Debug|Any CPU
		{7EC9D996-B464-4493-BF68-8A4A95AA3C83}.Release|Any CPU.ActiveCfg = Release|Any CPU
		{7EC9D996-B464-4493-BF68-8A4A95AA3C83}.Release|Any CPU.Build.0 = Release|Any CPU
		{7EC9D996-B464-4493-BF68-8A4A95AA3C83}.Release|x64.ActiveCfg = Release|Any CPU
		{7EC9D996-B464-4493-BF68-8A4A95AA3C83}.Release|x64.Build.0 = Release|Any CPU
		{7EC9D996-B464-4493-BF68-8A4A95AA3C83}.Release|x86.ActiveCfg = Release|Any CPU
		{7EC9D996-B464-4493-BF68-8A4A95AA3C83}.Release|x86.Build.0 = Release|Any CPU
		{78A69CC0-1CA5-4D1A-889F-765212271A9A}.Debug|Any CPU.ActiveCfg = Debug|Any CPU
		{78A69CC0-1CA5-4D1A-889F-765212271A9A}.Debug|Any CPU.Build.0 = Debug|Any CPU
		{78A69CC0-1CA5-4D1A-889F-765212271A9A}.Debug|x64.ActiveCfg = Debug|Any CPU
		{78A69CC0-1CA5-4D1A-889F-765212271A9A}.Debug|x64.Build.0 = Debug|Any CPU
		{78A69CC0-1CA5-4D1A-889F-765212271A9A}.Debug|x86.ActiveCfg = Debug|Any CPU
		{78A69CC0-1CA5-4D1A-889F-765212271A9A}.Debug|x86.Build.0 = Debug|Any CPU
		{78A69CC0-1CA5-4D1A-889F-765212271A9A}.Release|Any CPU.ActiveCfg = Release|Any CPU
		{78A69CC0-1CA5-4D1A-889F-765212271A9A}.Release|Any CPU.Build.0 = Release|Any CPU
		{78A69CC0-1CA5-4D1A-889F-765212271A9A}.Release|x64.ActiveCfg = Release|Any CPU
		{78A69CC0-1CA5-4D1A-889F-765212271A9A}.Release|x64.Build.0 = Release|Any CPU
		{78A69CC0-1CA5-4D1A-889F-765212271A9A}.Release|x86.ActiveCfg = Release|Any CPU
		{78A69CC0-1CA5-4D1A-889F-765212271A9A}.Release|x86.Build.0 = Release|Any CPU
		{7AB3C81C-8F25-4F42-B992-947ACDF34056}.Debug|Any CPU.ActiveCfg = Debug|Any CPU
		{7AB3C81C-8F25-4F42-B992-947ACDF34056}.Debug|Any CPU.Build.0 = Debug|Any CPU
		{7AB3C81C-8F25-4F42-B992-947ACDF34056}.Debug|x64.ActiveCfg = Debug|Any CPU
		{7AB3C81C-8F25-4F42-B992-947ACDF34056}.Debug|x64.Build.0 = Debug|Any CPU
		{7AB3C81C-8F25-4F42-B992-947ACDF34056}.Debug|x86.ActiveCfg = Debug|Any CPU
		{7AB3C81C-8F25-4F42-B992-947ACDF34056}.Debug|x86.Build.0 = Debug|Any CPU
		{7AB3C81C-8F25-4F42-B992-947ACDF34056}.Release|Any CPU.ActiveCfg = Release|Any CPU
		{7AB3C81C-8F25-4F42-B992-947ACDF34056}.Release|Any CPU.Build.0 = Release|Any CPU
		{7AB3C81C-8F25-4F42-B992-947ACDF34056}.Release|x64.ActiveCfg = Release|Any CPU
		{7AB3C81C-8F25-4F42-B992-947ACDF34056}.Release|x64.Build.0 = Release|Any CPU
		{7AB3C81C-8F25-4F42-B992-947ACDF34056}.Release|x86.ActiveCfg = Release|Any CPU
		{7AB3C81C-8F25-4F42-B992-947ACDF34056}.Release|x86.Build.0 = Release|Any CPU
		{F22F7C21-909E-4BB6-8B22-CEFF63FEC66D}.Debug|Any CPU.ActiveCfg = Debug|Any CPU
		{F22F7C21-909E-4BB6-8B22-CEFF63FEC66D}.Debug|Any CPU.Build.0 = Debug|Any CPU
		{F22F7C21-909E-4BB6-8B22-CEFF63FEC66D}.Debug|x64.ActiveCfg = Debug|Any CPU
		{F22F7C21-909E-4BB6-8B22-CEFF63FEC66D}.Debug|x64.Build.0 = Debug|Any CPU
		{F22F7C21-909E-4BB6-8B22-CEFF63FEC66D}.Debug|x86.ActiveCfg = Debug|Any CPU
		{F22F7C21-909E-4BB6-8B22-CEFF63FEC66D}.Debug|x86.Build.0 = Debug|Any CPU
		{F22F7C21-909E-4BB6-8B22-CEFF63FEC66D}.Release|Any CPU.ActiveCfg = Release|Any CPU
		{F22F7C21-909E-4BB6-8B22-CEFF63FEC66D}.Release|Any CPU.Build.0 = Release|Any CPU
		{F22F7C21-909E-4BB6-8B22-CEFF63FEC66D}.Release|x64.ActiveCfg = Release|Any CPU
		{F22F7C21-909E-4BB6-8B22-CEFF63FEC66D}.Release|x64.Build.0 = Release|Any CPU
		{F22F7C21-909E-4BB6-8B22-CEFF63FEC66D}.Release|x86.ActiveCfg = Release|Any CPU
		{F22F7C21-909E-4BB6-8B22-CEFF63FEC66D}.Release|x86.Build.0 = Release|Any CPU
		{856207D6-F230-47A3-BF50-3D0451FEC3ED}.Debug|Any CPU.ActiveCfg = Debug|Any CPU
		{856207D6-F230-47A3-BF50-3D0451FEC3ED}.Debug|Any CPU.Build.0 = Debug|Any CPU
		{856207D6-F230-47A3-BF50-3D0451FEC3ED}.Debug|x64.ActiveCfg = Debug|Any CPU
		{856207D6-F230-47A3-BF50-3D0451FEC3ED}.Debug|x64.Build.0 = Debug|Any CPU
		{856207D6-F230-47A3-BF50-3D0451FEC3ED}.Debug|x86.ActiveCfg = Debug|Any CPU
		{856207D6-F230-47A3-BF50-3D0451FEC3ED}.Debug|x86.Build.0 = Debug|Any CPU
		{856207D6-F230-47A3-BF50-3D0451FEC3ED}.Release|Any CPU.ActiveCfg = Release|Any CPU
		{856207D6-F230-47A3-BF50-3D0451FEC3ED}.Release|Any CPU.Build.0 = Release|Any CPU
		{856207D6-F230-47A3-BF50-3D0451FEC3ED}.Release|x64.ActiveCfg = Release|Any CPU
		{856207D6-F230-47A3-BF50-3D0451FEC3ED}.Release|x64.Build.0 = Release|Any CPU
		{856207D6-F230-47A3-BF50-3D0451FEC3ED}.Release|x86.ActiveCfg = Release|Any CPU
		{856207D6-F230-47A3-BF50-3D0451FEC3ED}.Release|x86.Build.0 = Release|Any CPU
		{12E8C084-88B8-47A9-82AD-038C206089AA}.Debug|Any CPU.ActiveCfg = Debug|Any CPU
		{12E8C084-88B8-47A9-82AD-038C206089AA}.Debug|Any CPU.Build.0 = Debug|Any CPU
		{12E8C084-88B8-47A9-82AD-038C206089AA}.Debug|x64.ActiveCfg = Debug|Any CPU
		{12E8C084-88B8-47A9-82AD-038C206089AA}.Debug|x64.Build.0 = Debug|Any CPU
		{12E8C084-88B8-47A9-82AD-038C206089AA}.Debug|x86.ActiveCfg = Debug|Any CPU
		{12E8C084-88B8-47A9-82AD-038C206089AA}.Debug|x86.Build.0 = Debug|Any CPU
		{12E8C084-88B8-47A9-82AD-038C206089AA}.Release|Any CPU.ActiveCfg = Release|Any CPU
		{12E8C084-88B8-47A9-82AD-038C206089AA}.Release|Any CPU.Build.0 = Release|Any CPU
		{12E8C084-88B8-47A9-82AD-038C206089AA}.Release|x64.ActiveCfg = Release|Any CPU
		{12E8C084-88B8-47A9-82AD-038C206089AA}.Release|x64.Build.0 = Release|Any CPU
		{12E8C084-88B8-47A9-82AD-038C206089AA}.Release|x86.ActiveCfg = Release|Any CPU
		{12E8C084-88B8-47A9-82AD-038C206089AA}.Release|x86.Build.0 = Release|Any CPU
		{167C080E-3F81-4EB7-93BD-1D8671B51835}.Debug|Any CPU.ActiveCfg = Debug|Any CPU
		{167C080E-3F81-4EB7-93BD-1D8671B51835}.Debug|Any CPU.Build.0 = Debug|Any CPU
		{167C080E-3F81-4EB7-93BD-1D8671B51835}.Debug|x64.ActiveCfg = Debug|Any CPU
		{167C080E-3F81-4EB7-93BD-1D8671B51835}.Debug|x64.Build.0 = Debug|Any CPU
		{167C080E-3F81-4EB7-93BD-1D8671B51835}.Debug|x86.ActiveCfg = Debug|Any CPU
		{167C080E-3F81-4EB7-93BD-1D8671B51835}.Debug|x86.Build.0 = Debug|Any CPU
		{167C080E-3F81-4EB7-93BD-1D8671B51835}.Release|Any CPU.ActiveCfg = Release|Any CPU
		{167C080E-3F81-4EB7-93BD-1D8671B51835}.Release|Any CPU.Build.0 = Release|Any CPU
		{167C080E-3F81-4EB7-93BD-1D8671B51835}.Release|x64.ActiveCfg = Release|Any CPU
		{167C080E-3F81-4EB7-93BD-1D8671B51835}.Release|x64.Build.0 = Release|Any CPU
		{167C080E-3F81-4EB7-93BD-1D8671B51835}.Release|x86.ActiveCfg = Release|Any CPU
		{167C080E-3F81-4EB7-93BD-1D8671B51835}.Release|x86.Build.0 = Release|Any CPU
		{11EDBC14-0BF4-4C6B-86DD-3D292845C62A}.Debug|Any CPU.ActiveCfg = Debug|Any CPU
		{11EDBC14-0BF4-4C6B-86DD-3D292845C62A}.Debug|Any CPU.Build.0 = Debug|Any CPU
		{11EDBC14-0BF4-4C6B-86DD-3D292845C62A}.Debug|x64.ActiveCfg = Debug|Any CPU
		{11EDBC14-0BF4-4C6B-86DD-3D292845C62A}.Debug|x64.Build.0 = Debug|Any CPU
		{11EDBC14-0BF4-4C6B-86DD-3D292845C62A}.Debug|x86.ActiveCfg = Debug|Any CPU
		{11EDBC14-0BF4-4C6B-86DD-3D292845C62A}.Debug|x86.Build.0 = Debug|Any CPU
		{11EDBC14-0BF4-4C6B-86DD-3D292845C62A}.Release|Any CPU.ActiveCfg = Release|Any CPU
		{11EDBC14-0BF4-4C6B-86DD-3D292845C62A}.Release|Any CPU.Build.0 = Release|Any CPU
		{11EDBC14-0BF4-4C6B-86DD-3D292845C62A}.Release|x64.ActiveCfg = Release|Any CPU
		{11EDBC14-0BF4-4C6B-86DD-3D292845C62A}.Release|x64.Build.0 = Release|Any CPU
		{11EDBC14-0BF4-4C6B-86DD-3D292845C62A}.Release|x86.ActiveCfg = Release|Any CPU
		{11EDBC14-0BF4-4C6B-86DD-3D292845C62A}.Release|x86.Build.0 = Release|Any CPU
		{592FFCE1-0D8C-4797-9B3A-5F5F7E5E935B}.Debug|Any CPU.ActiveCfg = Debug|Any CPU
		{592FFCE1-0D8C-4797-9B3A-5F5F7E5E935B}.Debug|Any CPU.Build.0 = Debug|Any CPU
		{592FFCE1-0D8C-4797-9B3A-5F5F7E5E935B}.Debug|x64.ActiveCfg = Debug|Any CPU
		{592FFCE1-0D8C-4797-9B3A-5F5F7E5E935B}.Debug|x64.Build.0 = Debug|Any CPU
		{592FFCE1-0D8C-4797-9B3A-5F5F7E5E935B}.Debug|x86.ActiveCfg = Debug|Any CPU
		{592FFCE1-0D8C-4797-9B3A-5F5F7E5E935B}.Debug|x86.Build.0 = Debug|Any CPU
		{592FFCE1-0D8C-4797-9B3A-5F5F7E5E935B}.Release|Any CPU.ActiveCfg = Release|Any CPU
		{592FFCE1-0D8C-4797-9B3A-5F5F7E5E935B}.Release|Any CPU.Build.0 = Release|Any CPU
		{592FFCE1-0D8C-4797-9B3A-5F5F7E5E935B}.Release|x64.ActiveCfg = Release|Any CPU
		{592FFCE1-0D8C-4797-9B3A-5F5F7E5E935B}.Release|x64.Build.0 = Release|Any CPU
		{592FFCE1-0D8C-4797-9B3A-5F5F7E5E935B}.Release|x86.ActiveCfg = Release|Any CPU
		{592FFCE1-0D8C-4797-9B3A-5F5F7E5E935B}.Release|x86.Build.0 = Release|Any CPU
		{CD08B37A-614C-4DEB-9805-ADBD77DA3F8E}.Debug|Any CPU.ActiveCfg = Debug|Any CPU
		{CD08B37A-614C-4DEB-9805-ADBD77DA3F8E}.Debug|Any CPU.Build.0 = Debug|Any CPU
		{CD08B37A-614C-4DEB-9805-ADBD77DA3F8E}.Debug|x64.ActiveCfg = Debug|Any CPU
		{CD08B37A-614C-4DEB-9805-ADBD77DA3F8E}.Debug|x64.Build.0 = Debug|Any CPU
		{CD08B37A-614C-4DEB-9805-ADBD77DA3F8E}.Debug|x86.ActiveCfg = Debug|Any CPU
		{CD08B37A-614C-4DEB-9805-ADBD77DA3F8E}.Debug|x86.Build.0 = Debug|Any CPU
		{CD08B37A-614C-4DEB-9805-ADBD77DA3F8E}.Release|Any CPU.ActiveCfg = Release|Any CPU
		{CD08B37A-614C-4DEB-9805-ADBD77DA3F8E}.Release|Any CPU.Build.0 = Release|Any CPU
		{CD08B37A-614C-4DEB-9805-ADBD77DA3F8E}.Release|x64.ActiveCfg = Release|Any CPU
		{CD08B37A-614C-4DEB-9805-ADBD77DA3F8E}.Release|x64.Build.0 = Release|Any CPU
		{CD08B37A-614C-4DEB-9805-ADBD77DA3F8E}.Release|x86.ActiveCfg = Release|Any CPU
		{CD08B37A-614C-4DEB-9805-ADBD77DA3F8E}.Release|x86.Build.0 = Release|Any CPU
		{8315C918-4C26-435C-AC32-47A87CB2792E}.Debug|Any CPU.ActiveCfg = Debug|Any CPU
		{8315C918-4C26-435C-AC32-47A87CB2792E}.Debug|Any CPU.Build.0 = Debug|Any CPU
		{8315C918-4C26-435C-AC32-47A87CB2792E}.Debug|x64.ActiveCfg = Debug|Any CPU
		{8315C918-4C26-435C-AC32-47A87CB2792E}.Debug|x64.Build.0 = Debug|Any CPU
		{8315C918-4C26-435C-AC32-47A87CB2792E}.Debug|x86.ActiveCfg = Debug|Any CPU
		{8315C918-4C26-435C-AC32-47A87CB2792E}.Debug|x86.Build.0 = Debug|Any CPU
		{8315C918-4C26-435C-AC32-47A87CB2792E}.Release|Any CPU.ActiveCfg = Release|Any CPU
		{8315C918-4C26-435C-AC32-47A87CB2792E}.Release|Any CPU.Build.0 = Release|Any CPU
		{8315C918-4C26-435C-AC32-47A87CB2792E}.Release|x64.ActiveCfg = Release|Any CPU
		{8315C918-4C26-435C-AC32-47A87CB2792E}.Release|x64.Build.0 = Release|Any CPU
		{8315C918-4C26-435C-AC32-47A87CB2792E}.Release|x86.ActiveCfg = Release|Any CPU
		{8315C918-4C26-435C-AC32-47A87CB2792E}.Release|x86.Build.0 = Release|Any CPU
		{803A4763-4B6E-42AF-ADBB-61227369B5AE}.Debug|Any CPU.ActiveCfg = Debug|Any CPU
		{803A4763-4B6E-42AF-ADBB-61227369B5AE}.Debug|Any CPU.Build.0 = Debug|Any CPU
		{803A4763-4B6E-42AF-ADBB-61227369B5AE}.Debug|x64.ActiveCfg = Debug|Any CPU
		{803A4763-4B6E-42AF-ADBB-61227369B5AE}.Debug|x64.Build.0 = Debug|Any CPU
		{803A4763-4B6E-42AF-ADBB-61227369B5AE}.Debug|x86.ActiveCfg = Debug|Any CPU
		{803A4763-4B6E-42AF-ADBB-61227369B5AE}.Debug|x86.Build.0 = Debug|Any CPU
		{803A4763-4B6E-42AF-ADBB-61227369B5AE}.Release|Any CPU.ActiveCfg = Release|Any CPU
		{803A4763-4B6E-42AF-ADBB-61227369B5AE}.Release|Any CPU.Build.0 = Release|Any CPU
		{803A4763-4B6E-42AF-ADBB-61227369B5AE}.Release|x64.ActiveCfg = Release|Any CPU
		{803A4763-4B6E-42AF-ADBB-61227369B5AE}.Release|x64.Build.0 = Release|Any CPU
		{803A4763-4B6E-42AF-ADBB-61227369B5AE}.Release|x86.ActiveCfg = Release|Any CPU
		{803A4763-4B6E-42AF-ADBB-61227369B5AE}.Release|x86.Build.0 = Release|Any CPU
		{8B2B63BA-AC1F-4F34-AE1A-ED4C08642E82}.Debug|Any CPU.ActiveCfg = Debug|Any CPU
		{8B2B63BA-AC1F-4F34-AE1A-ED4C08642E82}.Debug|Any CPU.Build.0 = Debug|Any CPU
		{8B2B63BA-AC1F-4F34-AE1A-ED4C08642E82}.Debug|x64.ActiveCfg = Debug|Any CPU
		{8B2B63BA-AC1F-4F34-AE1A-ED4C08642E82}.Debug|x64.Build.0 = Debug|Any CPU
		{8B2B63BA-AC1F-4F34-AE1A-ED4C08642E82}.Debug|x86.ActiveCfg = Debug|Any CPU
		{8B2B63BA-AC1F-4F34-AE1A-ED4C08642E82}.Debug|x86.Build.0 = Debug|Any CPU
		{8B2B63BA-AC1F-4F34-AE1A-ED4C08642E82}.Release|Any CPU.ActiveCfg = Release|Any CPU
		{8B2B63BA-AC1F-4F34-AE1A-ED4C08642E82}.Release|Any CPU.Build.0 = Release|Any CPU
		{8B2B63BA-AC1F-4F34-AE1A-ED4C08642E82}.Release|x64.ActiveCfg = Release|Any CPU
		{8B2B63BA-AC1F-4F34-AE1A-ED4C08642E82}.Release|x64.Build.0 = Release|Any CPU
		{8B2B63BA-AC1F-4F34-AE1A-ED4C08642E82}.Release|x86.ActiveCfg = Release|Any CPU
		{8B2B63BA-AC1F-4F34-AE1A-ED4C08642E82}.Release|x86.Build.0 = Release|Any CPU
		{FC110EBB-25E9-49AC-9D21-DBD956090ED1}.Debug|Any CPU.ActiveCfg = Debug|Any CPU
		{FC110EBB-25E9-49AC-9D21-DBD956090ED1}.Debug|Any CPU.Build.0 = Debug|Any CPU
		{FC110EBB-25E9-49AC-9D21-DBD956090ED1}.Debug|x64.ActiveCfg = Debug|Any CPU
		{FC110EBB-25E9-49AC-9D21-DBD956090ED1}.Debug|x64.Build.0 = Debug|Any CPU
		{FC110EBB-25E9-49AC-9D21-DBD956090ED1}.Debug|x86.ActiveCfg = Debug|Any CPU
		{FC110EBB-25E9-49AC-9D21-DBD956090ED1}.Debug|x86.Build.0 = Debug|Any CPU
		{FC110EBB-25E9-49AC-9D21-DBD956090ED1}.Release|Any CPU.ActiveCfg = Release|Any CPU
		{FC110EBB-25E9-49AC-9D21-DBD956090ED1}.Release|Any CPU.Build.0 = Release|Any CPU
		{FC110EBB-25E9-49AC-9D21-DBD956090ED1}.Release|x64.ActiveCfg = Release|Any CPU
		{FC110EBB-25E9-49AC-9D21-DBD956090ED1}.Release|x64.Build.0 = Release|Any CPU
		{FC110EBB-25E9-49AC-9D21-DBD956090ED1}.Release|x86.ActiveCfg = Release|Any CPU
		{FC110EBB-25E9-49AC-9D21-DBD956090ED1}.Release|x86.Build.0 = Release|Any CPU
		{22CA72EE-FFA9-412A-B995-D51C617B8FEF}.Debug|Any CPU.ActiveCfg = Debug|Any CPU
		{22CA72EE-FFA9-412A-B995-D51C617B8FEF}.Debug|Any CPU.Build.0 = Debug|Any CPU
		{22CA72EE-FFA9-412A-B995-D51C617B8FEF}.Debug|x64.ActiveCfg = Debug|Any CPU
		{22CA72EE-FFA9-412A-B995-D51C617B8FEF}.Debug|x64.Build.0 = Debug|Any CPU
		{22CA72EE-FFA9-412A-B995-D51C617B8FEF}.Debug|x86.ActiveCfg = Debug|Any CPU
		{22CA72EE-FFA9-412A-B995-D51C617B8FEF}.Debug|x86.Build.0 = Debug|Any CPU
		{22CA72EE-FFA9-412A-B995-D51C617B8FEF}.Release|Any CPU.ActiveCfg = Release|Any CPU
		{22CA72EE-FFA9-412A-B995-D51C617B8FEF}.Release|Any CPU.Build.0 = Release|Any CPU
		{22CA72EE-FFA9-412A-B995-D51C617B8FEF}.Release|x64.ActiveCfg = Release|Any CPU
		{22CA72EE-FFA9-412A-B995-D51C617B8FEF}.Release|x64.Build.0 = Release|Any CPU
		{22CA72EE-FFA9-412A-B995-D51C617B8FEF}.Release|x86.ActiveCfg = Release|Any CPU
		{22CA72EE-FFA9-412A-B995-D51C617B8FEF}.Release|x86.Build.0 = Release|Any CPU
		{08B7000C-F261-4543-B611-5710D12263DB}.Debug|Any CPU.ActiveCfg = Debug|Any CPU
		{08B7000C-F261-4543-B611-5710D12263DB}.Debug|Any CPU.Build.0 = Debug|Any CPU
		{08B7000C-F261-4543-B611-5710D12263DB}.Debug|x64.ActiveCfg = Debug|Any CPU
		{08B7000C-F261-4543-B611-5710D12263DB}.Debug|x64.Build.0 = Debug|Any CPU
		{08B7000C-F261-4543-B611-5710D12263DB}.Debug|x86.ActiveCfg = Debug|Any CPU
		{08B7000C-F261-4543-B611-5710D12263DB}.Debug|x86.Build.0 = Debug|Any CPU
		{08B7000C-F261-4543-B611-5710D12263DB}.Release|Any CPU.ActiveCfg = Release|Any CPU
		{08B7000C-F261-4543-B611-5710D12263DB}.Release|Any CPU.Build.0 = Release|Any CPU
		{08B7000C-F261-4543-B611-5710D12263DB}.Release|x64.ActiveCfg = Release|Any CPU
		{08B7000C-F261-4543-B611-5710D12263DB}.Release|x64.Build.0 = Release|Any CPU
		{08B7000C-F261-4543-B611-5710D12263DB}.Release|x86.ActiveCfg = Release|Any CPU
		{08B7000C-F261-4543-B611-5710D12263DB}.Release|x86.Build.0 = Release|Any CPU
		{2E9E803A-1422-42E7-8472-4E15EDFC7002}.Debug|Any CPU.ActiveCfg = Debug|Any CPU
		{2E9E803A-1422-42E7-8472-4E15EDFC7002}.Debug|Any CPU.Build.0 = Debug|Any CPU
		{2E9E803A-1422-42E7-8472-4E15EDFC7002}.Debug|x64.ActiveCfg = Debug|Any CPU
		{2E9E803A-1422-42E7-8472-4E15EDFC7002}.Debug|x64.Build.0 = Debug|Any CPU
		{2E9E803A-1422-42E7-8472-4E15EDFC7002}.Debug|x86.ActiveCfg = Debug|Any CPU
		{2E9E803A-1422-42E7-8472-4E15EDFC7002}.Debug|x86.Build.0 = Debug|Any CPU
		{2E9E803A-1422-42E7-8472-4E15EDFC7002}.Release|Any CPU.ActiveCfg = Release|Any CPU
		{2E9E803A-1422-42E7-8472-4E15EDFC7002}.Release|Any CPU.Build.0 = Release|Any CPU
		{2E9E803A-1422-42E7-8472-4E15EDFC7002}.Release|x64.ActiveCfg = Release|Any CPU
		{2E9E803A-1422-42E7-8472-4E15EDFC7002}.Release|x64.Build.0 = Release|Any CPU
		{2E9E803A-1422-42E7-8472-4E15EDFC7002}.Release|x86.ActiveCfg = Release|Any CPU
		{2E9E803A-1422-42E7-8472-4E15EDFC7002}.Release|x86.Build.0 = Release|Any CPU
		{1A6C061D-83FD-4B53-8E96-80A1546C8F4B}.Debug|Any CPU.ActiveCfg = Debug|Any CPU
		{1A6C061D-83FD-4B53-8E96-80A1546C8F4B}.Debug|Any CPU.Build.0 = Debug|Any CPU
		{1A6C061D-83FD-4B53-8E96-80A1546C8F4B}.Debug|x64.ActiveCfg = Debug|Any CPU
		{1A6C061D-83FD-4B53-8E96-80A1546C8F4B}.Debug|x64.Build.0 = Debug|Any CPU
		{1A6C061D-83FD-4B53-8E96-80A1546C8F4B}.Debug|x86.ActiveCfg = Debug|Any CPU
		{1A6C061D-83FD-4B53-8E96-80A1546C8F4B}.Debug|x86.Build.0 = Debug|Any CPU
		{1A6C061D-83FD-4B53-8E96-80A1546C8F4B}.Release|Any CPU.ActiveCfg = Release|Any CPU
		{1A6C061D-83FD-4B53-8E96-80A1546C8F4B}.Release|Any CPU.Build.0 = Release|Any CPU
		{1A6C061D-83FD-4B53-8E96-80A1546C8F4B}.Release|x64.ActiveCfg = Release|Any CPU
		{1A6C061D-83FD-4B53-8E96-80A1546C8F4B}.Release|x64.Build.0 = Release|Any CPU
		{1A6C061D-83FD-4B53-8E96-80A1546C8F4B}.Release|x86.ActiveCfg = Release|Any CPU
		{1A6C061D-83FD-4B53-8E96-80A1546C8F4B}.Release|x86.Build.0 = Release|Any CPU
		{41302EE4-1607-4BE1-A2C6-C881C3D05740}.Debug|Any CPU.ActiveCfg = Debug|Any CPU
		{41302EE4-1607-4BE1-A2C6-C881C3D05740}.Debug|Any CPU.Build.0 = Debug|Any CPU
		{41302EE4-1607-4BE1-A2C6-C881C3D05740}.Debug|x64.ActiveCfg = Debug|Any CPU
		{41302EE4-1607-4BE1-A2C6-C881C3D05740}.Debug|x64.Build.0 = Debug|Any CPU
		{41302EE4-1607-4BE1-A2C6-C881C3D05740}.Debug|x86.ActiveCfg = Debug|Any CPU
		{41302EE4-1607-4BE1-A2C6-C881C3D05740}.Debug|x86.Build.0 = Debug|Any CPU
		{41302EE4-1607-4BE1-A2C6-C881C3D05740}.Release|Any CPU.ActiveCfg = Release|Any CPU
		{41302EE4-1607-4BE1-A2C6-C881C3D05740}.Release|Any CPU.Build.0 = Release|Any CPU
		{41302EE4-1607-4BE1-A2C6-C881C3D05740}.Release|x64.ActiveCfg = Release|Any CPU
		{41302EE4-1607-4BE1-A2C6-C881C3D05740}.Release|x64.Build.0 = Release|Any CPU
		{41302EE4-1607-4BE1-A2C6-C881C3D05740}.Release|x86.ActiveCfg = Release|Any CPU
		{41302EE4-1607-4BE1-A2C6-C881C3D05740}.Release|x86.Build.0 = Release|Any CPU
		{BA132F50-1C79-4FF4-A596-16BBC7CD6BAC}.Debug|Any CPU.ActiveCfg = Debug|Any CPU
		{BA132F50-1C79-4FF4-A596-16BBC7CD6BAC}.Debug|Any CPU.Build.0 = Debug|Any CPU
		{BA132F50-1C79-4FF4-A596-16BBC7CD6BAC}.Debug|x64.ActiveCfg = Debug|Any CPU
		{BA132F50-1C79-4FF4-A596-16BBC7CD6BAC}.Debug|x64.Build.0 = Debug|Any CPU
		{BA132F50-1C79-4FF4-A596-16BBC7CD6BAC}.Debug|x86.ActiveCfg = Debug|Any CPU
		{BA132F50-1C79-4FF4-A596-16BBC7CD6BAC}.Debug|x86.Build.0 = Debug|Any CPU
		{BA132F50-1C79-4FF4-A596-16BBC7CD6BAC}.Release|Any CPU.ActiveCfg = Release|Any CPU
		{BA132F50-1C79-4FF4-A596-16BBC7CD6BAC}.Release|Any CPU.Build.0 = Release|Any CPU
		{BA132F50-1C79-4FF4-A596-16BBC7CD6BAC}.Release|x64.ActiveCfg = Release|Any CPU
		{BA132F50-1C79-4FF4-A596-16BBC7CD6BAC}.Release|x64.Build.0 = Release|Any CPU
		{BA132F50-1C79-4FF4-A596-16BBC7CD6BAC}.Release|x86.ActiveCfg = Release|Any CPU
		{BA132F50-1C79-4FF4-A596-16BBC7CD6BAC}.Release|x86.Build.0 = Release|Any CPU
	EndGlobalSection
	GlobalSection(SolutionProperties) = preSolution
		HideSolutionNode = FALSE
	EndGlobalSection
	GlobalSection(NestedProjects) = preSolution
		{4C0BCA49-F217-436C-877F-40A606989AF4} = {DBDA1B94-CCD1-48E4-AA0A-FDB5B18AF069}
		{8D3BD5BA-AAF6-4233-879F-69A63EB6CDA1} = {DBDA1B94-CCD1-48E4-AA0A-FDB5B18AF069}
		{C23307A1-4E5A-4B83-A8EB-90DE334868C6} = {DBDA1B94-CCD1-48E4-AA0A-FDB5B18AF069}
		{893C943F-C1A7-448B-AACF-825DB9560AB4} = {DBDA1B94-CCD1-48E4-AA0A-FDB5B18AF069}
		{8D7FE880-9006-488F-BAB3-3A82011CD699} = {DBDA1B94-CCD1-48E4-AA0A-FDB5B18AF069}
		{5D528831-61AD-41C3-8BB4-50ABABF9AE99} = {DBDA1B94-CCD1-48E4-AA0A-FDB5B18AF069}
		{468E440F-2284-483D-A54A-EC540C85F76E} = {DBDA1B94-CCD1-48E4-AA0A-FDB5B18AF069}
		{7017AF13-9C49-4C31-8304-9354D86E2886} = {DBDA1B94-CCD1-48E4-AA0A-FDB5B18AF069}
		{C33788B7-D2D0-42F9-A786-6E0419A97731} = {FE7764F7-F5B5-4A92-9BE2-F51690EDF870}
		{66229C6D-EC7E-4340-8BC0-6C9E6EF830C6} = {FE7764F7-F5B5-4A92-9BE2-F51690EDF870}
		{756FB86B-29BC-4C6B-A19B-A624A9E9D367} = {FE7764F7-F5B5-4A92-9BE2-F51690EDF870}
		{29E7763D-85D9-4174-92E1-DF739099A36A} = {5641C82B-E8E5-49AD-8DEE-E574D0D77460}
		{626E630A-03D5-4578-88B1-31B0E6011E2C} = {5641C82B-E8E5-49AD-8DEE-E574D0D77460}
		{5641C82B-E8E5-49AD-8DEE-E574D0D77460} = {83DC75D5-800D-42F7-9812-BD198A62DD0B}
		{77DD54D0-3F03-4B34-AF83-ABFD430400F0} = {FE7764F7-F5B5-4A92-9BE2-F51690EDF870}
		{7EC9D996-B464-4493-BF68-8A4A95AA3C83} = {FE7764F7-F5B5-4A92-9BE2-F51690EDF870}
		{A0DF3DBA-C31E-43F9-99EB-DEECB7793539} = {DB3EE5E6-94C8-4298-AABB-FB46E820C00F}
		{7AB3C81C-8F25-4F42-B992-947ACDF34056} = {DBDA1B94-CCD1-48E4-AA0A-FDB5B18AF069}
		{F22F7C21-909E-4BB6-8B22-CEFF63FEC66D} = {FE7764F7-F5B5-4A92-9BE2-F51690EDF870}
		{856207D6-F230-47A3-BF50-3D0451FEC3ED} = {DBDA1B94-CCD1-48E4-AA0A-FDB5B18AF069}
		{12E8C084-88B8-47A9-82AD-038C206089AA} = {FE7764F7-F5B5-4A92-9BE2-F51690EDF870}
		{167C080E-3F81-4EB7-93BD-1D8671B51835} = {DBDA1B94-CCD1-48E4-AA0A-FDB5B18AF069}
		{11EDBC14-0BF4-4C6B-86DD-3D292845C62A} = {83DC75D5-800D-42F7-9812-BD198A62DD0B}
		{592FFCE1-0D8C-4797-9B3A-5F5F7E5E935B} = {DBDA1B94-CCD1-48E4-AA0A-FDB5B18AF069}
		{CD08B37A-614C-4DEB-9805-ADBD77DA3F8E} = {DBDA1B94-CCD1-48E4-AA0A-FDB5B18AF069}
		{8315C918-4C26-435C-AC32-47A87CB2792E} = {DBDA1B94-CCD1-48E4-AA0A-FDB5B18AF069}
		{803A4763-4B6E-42AF-ADBB-61227369B5AE} = {DBDA1B94-CCD1-48E4-AA0A-FDB5B18AF069}
		{8B2B63BA-AC1F-4F34-AE1A-ED4C08642E82} = {DBDA1B94-CCD1-48E4-AA0A-FDB5B18AF069}
		{FC110EBB-25E9-49AC-9D21-DBD956090ED1} = {DBDA1B94-CCD1-48E4-AA0A-FDB5B18AF069}
		{22CA72EE-FFA9-412A-B995-D51C617B8FEF} = {DBDA1B94-CCD1-48E4-AA0A-FDB5B18AF069}
		{08B7000C-F261-4543-B611-5710D12263DB} = {DBDA1B94-CCD1-48E4-AA0A-FDB5B18AF069}
		{2E9E803A-1422-42E7-8472-4E15EDFC7002} = {DBDA1B94-CCD1-48E4-AA0A-FDB5B18AF069}
		{1A6C061D-83FD-4B53-8E96-80A1546C8F4B} = {DBDA1B94-CCD1-48E4-AA0A-FDB5B18AF069}
		{E4CB108C-A8C4-4B30-A07E-44D56027B98B} = {E853860E-86DE-407E-95BB-4C5E1CEAFC39}
		{68D2B92F-A5C0-4E29-9E53-64F600400568} = {E853860E-86DE-407E-95BB-4C5E1CEAFC39}
		{41302EE4-1607-4BE1-A2C6-C881C3D05740} = {83DC75D5-800D-42F7-9812-BD198A62DD0B}
		{BA132F50-1C79-4FF4-A596-16BBC7CD6BAC} = {83DC75D5-800D-42F7-9812-BD198A62DD0B}
	EndGlobalSection
	GlobalSection(ExtensibilityGlobals) = postSolution
		SolutionGuid = {5F2E7334-FE9C-4C03-AF1E-BB3B7D5531D9}
	EndGlobalSection
EndGlobal
