
Microsoft Visual Studio Solution File, Format Version 12.00
# Visual Studio Version 17
VisualStudioVersion = 17.0.32112.339
MinimumVisualStudioVersion = 10.0.40219.1
Project("{2150E333-8FDC-42A3-9474-1A3956D46DE8}") = "Doc", "Doc", "{2CFE7466-98C4-490A-9519-4702DF7A4E15}"
	ProjectSection(SolutionItems) = preProject
		Doc\AWS Notes.docx = Doc\AWS Notes.docx
		Doc\Azure Notes.docx = Doc\Azure Notes.docx
		Doc\DEVELOPER.md = Doc\DEVELOPER.md
		Doc\SUDO and WinSCP.docx = Doc\SUDO and WinSCP.docx
		Doc\TECHNIQUES.md = Doc\TECHNIQUES.md
	EndProjectSection
EndProject
Project("{2150E333-8FDC-42A3-9474-1A3956D46DE8}") = "Lib", "Lib", "{DBDA1B94-CCD1-48E4-AA0A-FDB5B18AF069}"
	ProjectSection(SolutionItems) = preProject
		Lib\nuget-icon.png = Lib\nuget-icon.png
	EndProjectSection
EndProject
Project("{9A19103F-16F7-4668-BE54-9A1E7A4F7556}") = "Neon.Kube", "Lib\Neon.Kube\Neon.Kube.csproj", "{C23307A1-4E5A-4B83-A8EB-90DE334868C6}"
	ProjectSection(ProjectDependencies) = postProject
		{987F4891-7FF0-49F7-A6B6-DCCB3F181A5D} = {987F4891-7FF0-49F7-A6B6-DCCB3F181A5D}
	EndProjectSection
EndProject
Project("{2150E333-8FDC-42A3-9474-1A3956D46DE8}") = "Tools", "Tools", "{FE7764F7-F5B5-4A92-9BE2-F51690EDF870}"
EndProject
Project("{2150E333-8FDC-42A3-9474-1A3956D46DE8}") = "Test", "Test", "{83DC75D5-800D-42F7-9812-BD198A62DD0B}"
	ProjectSection(SolutionItems) = preProject
		Test\README.md = Test\README.md
		Test\secrets.yaml = Test\secrets.yaml
	EndProjectSection
EndProject
Project("{9A19103F-16F7-4668-BE54-9A1E7A4F7556}") = "neon-cli", "Tools\neon-cli\neon-cli.csproj", "{7EC9D996-B464-4493-BF68-8A4A95AA3C83}"
EndProject
Project("{9A19103F-16F7-4668-BE54-9A1E7A4F7556}") = "Images", "Images\Images.csproj", "{78A69CC0-1CA5-4D1A-889F-765212271A9A}"
EndProject
Project("{2150E333-8FDC-42A3-9474-1A3956D46DE8}") = "External", "External", "{1A3C35E5-1C30-44F2-AB46-F5E7F99E524C}"
	ProjectSection(SolutionItems) = preProject
		External\innosetup-qsp-5.6.1-unicode.exe = External\innosetup-qsp-5.6.1-unicode.exe
		External\XCP-ng-Center-20.04.01.33.msi = External\XCP-ng-Center-20.04.01.33.msi
		External\zenburn-ligh-putty.reg = External\zenburn-ligh-putty.reg
	EndProjectSection
EndProject
Project("{2150E333-8FDC-42A3-9474-1A3956D46DE8}") = "ToolBin", "ToolBin", "{E9E3D01B-F890-4F0A-88F1-5F87E5D1F198}"
	ProjectSection(SolutionItems) = preProject
		ToolBin\neonkube-archive.cmd = ToolBin\neonkube-archive.cmd
		ToolBin\neonkube-archive.ps1 = ToolBin\neonkube-archive.ps1
		ToolBin\neonkube-builder.cmd = ToolBin\neonkube-builder.cmd
		ToolBin\neonkube-builder.ps1 = ToolBin\neonkube-builder.ps1
		ToolBin\neonkube-nuget-dev.cmd = ToolBin\neonkube-nuget-dev.cmd
		ToolBin\neonkube-nuget-dev.ps1 = ToolBin\neonkube-nuget-dev.ps1
		ToolBin\neonkube-nuget-public.cmd = ToolBin\neonkube-nuget-public.cmd
		ToolBin\neonkube-nuget-public.ps1 = ToolBin\neonkube-nuget-public.ps1
	EndProjectSection
EndProject
Project("{9A19103F-16F7-4668-BE54-9A1E7A4F7556}") = "Neon.Kube.Xunit", "Lib\Neon.Kube.Xunit\Neon.Kube.Xunit.csproj", "{167C080E-3F81-4EB7-93BD-1D8671B51835}"
EndProject
Project("{9A19103F-16F7-4668-BE54-9A1E7A4F7556}") = "Neon.Kube.Aws", "Lib\Neon.Kube.Aws\Neon.Kube.Aws.csproj", "{592FFCE1-0D8C-4797-9B3A-5F5F7E5E935B}"
EndProject
Project("{9A19103F-16F7-4668-BE54-9A1E7A4F7556}") = "Neon.Kube.Azure", "Lib\Neon.Kube.Azure\Neon.Kube.Azure.csproj", "{CD08B37A-614C-4DEB-9805-ADBD77DA3F8E}"
EndProject
Project("{9A19103F-16F7-4668-BE54-9A1E7A4F7556}") = "Neon.Kube.Google", "Lib\Neon.Kube.Google\Neon.Kube.Google.csproj", "{8315C918-4C26-435C-AC32-47A87CB2792E}"
EndProject
Project("{9A19103F-16F7-4668-BE54-9A1E7A4F7556}") = "Neon.Kube.HyperV", "Lib\Neon.Kube.HyperV\Neon.Kube.HyperV.csproj", "{8B2B63BA-AC1F-4F34-AE1A-ED4C08642E82}"
EndProject
Project("{9A19103F-16F7-4668-BE54-9A1E7A4F7556}") = "Neon.Kube.BareMetal", "Lib\Neon.Kube.BareMetal\Neon.Kube.BareMetal.csproj", "{FC110EBB-25E9-49AC-9D21-DBD956090ED1}"
EndProject
Project("{9A19103F-16F7-4668-BE54-9A1E7A4F7556}") = "Neon.Kube.XenServer", "Lib\Neon.Kube.XenServer\Neon.Kube.XenServer.csproj", "{22CA72EE-FFA9-412A-B995-D51C617B8FEF}"
EndProject
Project("{9A19103F-16F7-4668-BE54-9A1E7A4F7556}") = "Neon.Kube.Hosting", "Lib\Neon.Kube.Hosting\Neon.Kube.Hosting.csproj", "{08B7000C-F261-4543-B611-5710D12263DB}"
EndProject
Project("{9A19103F-16F7-4668-BE54-9A1E7A4F7556}") = "Test.Neon.Kube", "Test\Test.Neon.Kube\Test.Neon.Kube.csproj", "{41302EE4-1607-4BE1-A2C6-C881C3D05740}"
	ProjectSection(ProjectDependencies) = postProject
		{7EC9D996-B464-4493-BF68-8A4A95AA3C83} = {7EC9D996-B464-4493-BF68-8A4A95AA3C83}
	EndProjectSection
EndProject
Project("{2150E333-8FDC-42A3-9474-1A3956D46DE8}") = "Services", "Services", "{9BF7513A-5219-4862-A290-7D2A00589312}"
EndProject
Project("{9A19103F-16F7-4668-BE54-9A1E7A4F7556}") = "Test.NeonCli", "Test\Test.NeonCli\Test.NeonCli.csproj", "{9F508BA8-DE43-4D48-AF91-B03E009C0BD4}"
EndProject
Project("{2150E333-8FDC-42A3-9474-1A3956D46DE8}") = "Images", "Images", "{8AB98A6E-B8C3-4387-ADA8-BB3E2DDF3275}"
EndProject
Project("{2150E333-8FDC-42A3-9474-1A3956D46DE8}") = "Developer", "Developer", "{58D183E5-41FC-4A97-9942-42B5CFDC0854}"
	ProjectSection(SolutionItems) = preProject
		Doc\Images\Developer\DockerLogo.png = Doc\Images\Developer\DockerLogo.png
		Doc\Images\Developer\DockerNetwork.png = Doc\Images\Developer\DockerNetwork.png
		Doc\Images\Developer\DockerSysTray.png = Doc\Images\Developer\DockerSysTray.png
		Doc\Images\Developer\hyper-v.png = Doc\Images\Developer\hyper-v.png
		Doc\Images\Developer\PythonImports.png = Doc\Images\Developer\PythonImports.png
		Doc\Images\Developer\SkypeConnections.png = Doc\Images\Developer\SkypeConnections.png
		Doc\Images\Developer\virtualization.png = Doc\Images\Developer\virtualization.png
		Doc\Images\Developer\VisualStudioClone.png = Doc\Images\Developer\VisualStudioClone.png
		Doc\Images\Developer\WinSCPHiddenFiles.png = Doc\Images\Developer\WinSCPHiddenFiles.png
	EndProjectSection
EndProject
Project("{2150E333-8FDC-42A3-9474-1A3956D46DE8}") = "Powershell", "Powershell", "{42FB3B73-87D8-41BD-9F4F-FB3A2DC921CF}"
	ProjectSection(SolutionItems) = preProject
		Powershell\deployment.ps1 = Powershell\deployment.ps1
		Powershell\error-handling.ps1 = Powershell\error-handling.ps1
		Powershell\files.ps1 = Powershell\files.ps1
		Powershell\git.ps1 = Powershell\git.ps1
		Powershell\github.ps1 = Powershell\github.ps1
		Powershell\includes.ps1 = Powershell\includes.ps1
		Powershell\README.md = Powershell\README.md
		Powershell\utility.ps1 = Powershell\utility.ps1
	EndProjectSection
EndProject
Project("{9A19103F-16F7-4668-BE54-9A1E7A4F7556}") = "Neon.Kube.Operator", "Lib\Neon.Kube.Operator\Neon.Kube.Operator.csproj", "{98CA999D-D048-45A3-AB81-9F66145D3E8C}"
EndProject
Project("{9A19103F-16F7-4668-BE54-9A1E7A4F7556}") = "Neon.Kube.Setup", "Lib\Neon.Kube.Setup\Neon.Kube.Setup.csproj", "{AD7E0027-D9D3-4CDB-9AD6-AC614BA2B3A4}"
	ProjectSection(ProjectDependencies) = postProject
		{75653A7E-60A7-4401-AED5-1AEAAD6475A5} = {75653A7E-60A7-4401-AED5-1AEAAD6475A5}
		{CF9B5668-C2A9-4855-AA5D-983249932883} = {CF9B5668-C2A9-4855-AA5D-983249932883}
	EndProjectSection
EndProject
Project("{9A19103F-16F7-4668-BE54-9A1E7A4F7556}") = "neon-cluster-operator", "Services\neon-cluster-operator\neon-cluster-operator.csproj", "{CF9B5668-C2A9-4855-AA5D-983249932883}"
	ProjectSection(ProjectDependencies) = postProject
		{75653A7E-60A7-4401-AED5-1AEAAD6475A5} = {75653A7E-60A7-4401-AED5-1AEAAD6475A5}
		{987F4891-7FF0-49F7-A6B6-DCCB3F181A5D} = {987F4891-7FF0-49F7-A6B6-DCCB3F181A5D}
	EndProjectSection
EndProject
Project("{9A19103F-16F7-4668-BE54-9A1E7A4F7556}") = "neon-node-agent", "Services\neon-node-agent\neon-node-agent.csproj", "{75653A7E-60A7-4401-AED5-1AEAAD6475A5}"
EndProject
Project("{9A19103F-16F7-4668-BE54-9A1E7A4F7556}") = "neon-dashboard", "services\neon-dashboard\neon-dashboard.csproj", "{354A371B-4CE3-424C-BD56-27FE0CF9797D}"
EndProject
Project("{9A19103F-16F7-4668-BE54-9A1E7A4F7556}") = "neon-sso-session-proxy", "Services\neon-sso-session-proxy\neon-sso-session-proxy.csproj", "{06A12A85-C6D4-4195-899C-8B1E1341C331}"
EndProject
Project("{9A19103F-16F7-4668-BE54-9A1E7A4F7556}") = "Neon.Kube.GrpcProto", "Lib\Neon.Kube.GrpcProto\Neon.Kube.GrpcProto.csproj", "{EE73B97C-84AB-478A-ADEA-2808285871DF}"
EndProject
Project("{9A19103F-16F7-4668-BE54-9A1E7A4F7556}") = "Neon.Kube.DesktopService", "Lib\Neon.Kube.DesktopService\Neon.Kube.DesktopService.csproj", "{83B7756D-E696-47C1-B89C-F7575364B5FD}"
EndProject
Project("{9A19103F-16F7-4668-BE54-9A1E7A4F7556}") = "neon-acme", "services\neon-acme\neon-acme.csproj", "{FB434543-9904-46E5-A1AB-CD975CD5CEA3}"
EndProject
Project("{2150E333-8FDC-42A3-9474-1A3956D46DE8}") = "Github", "Github", "{D9006A33-CDE2-4791-86F6-9DFD89D93012}"
	ProjectSection(SolutionItems) = preProject
		.dockerignore = .dockerignore
		.editorconfig = .editorconfig
		.gitattributes = .gitattributes
		.gitignore = .gitignore
		.password-name = .password-name
		buildenv.cmd = buildenv.cmd
		buildenv.ps1 = buildenv.ps1
		Directory.Build.props = Directory.Build.props
		docfx.json = docfx.json
		global.json = global.json
		LICENSE = LICENSE
		nuget.config = nuget.config
		README.md = README.md
	EndProjectSection
EndProject
Project("{9A19103F-16F7-4668-BE54-9A1E7A4F7556}") = "Test.Neon.Kube.Xunit", "Test\Test.Neon.Kube.Xunit\Test.Neon.Kube.Xunit.csproj", "{1B8A7C87-D421-45B9-8F4D-6512AFB05791}"
EndProject
Project("{9A19103F-16F7-4668-BE54-9A1E7A4F7556}") = "Test.Neon.Grpc", "Test\Test.Neon.Grpc\Test.Neon.Grpc.csproj", "{7E0F60E5-E1D6-44BC-882B-512A77DE7938}"
EndProject
Project("{2150E333-8FDC-42A3-9474-1A3956D46DE8}") = ".github", ".github", "{E372DEF8-FB4F-4B11-A11F-E42D688A7BD8}"
EndProject
Project("{2150E333-8FDC-42A3-9474-1A3956D46DE8}") = "actions", "actions", "{4875FB48-A15B-42BE-9A2A-20027C5607A7}"
EndProject
Project("{2150E333-8FDC-42A3-9474-1A3956D46DE8}") = "workflows", "workflows", "{8F7E6921-DAC1-466E-AE74-6B3923E47EFC}"
	ProjectSection(SolutionItems) = preProject
		.github\workflows\new-issues.yaml = .github\workflows\new-issues.yaml
	EndProjectSection
EndProject
Project("{9A19103F-16F7-4668-BE54-9A1E7A4F7556}") = "Neon.Kube.Models", "Lib\Neon.Kube.Models\Neon.Kube.Models.csproj", "{987F4891-7FF0-49F7-A6B6-DCCB3F181A5D}"
EndProject
Project("{9A19103F-16F7-4668-BE54-9A1E7A4F7556}") = "Neon.Kube.BuildInfo", "Lib\Neon.Kube.BuildInfo\Neon.Kube.BuildInfo.csproj", "{F3E5B007-3343-4484-B9D4-E92D7611AA9B}"
EndProject
Project("{9A19103F-16F7-4668-BE54-9A1E7A4F7556}") = "Test.Neon.Kube.Operator", "Test\Test.Neon.Kube.Operator\Test.Neon.Kube.Operator.csproj", "{E782C88F-6D6F-45C8-810B-EB4A733D0BC2}"
EndProject
Project("{9A19103F-16F7-4668-BE54-9A1E7A4F7556}") = "Neon.Kube.Resources", "Lib\Neon.Kube.Resources\Neon.Kube.Resources.csproj", "{254872A9-69DC-4079-A90B-CE60C2F03D36}"
EndProject
Project("{9A19103F-16F7-4668-BE54-9A1E7A4F7556}") = "Release", "Doc\Release\Release.csproj", "{D2D030EC-67F5-4188-B708-17C21D1D0B52}"
EndProject
Project("{9A19103F-16F7-4668-BE54-9A1E7A4F7556}") = "Neon.Kube.Operator.Templates", "Lib\Neon.Kube.Operator.Templates\Neon.Kube.Operator.Templates.csproj", "{3671750E-E1FF-49EB-B352-9F20BC1C88D3}"
EndProject
Project("{9A19103F-16F7-4668-BE54-9A1E7A4F7556}") = "Test.neon-cluster-operator", "Test\Test.neon-cluster-operator\Test.neon-cluster-operator.csproj", "{7D43806E-A532-47C3-A0DB-9518A6E7035D}"
	ProjectSection(ProjectDependencies) = postProject
		{0DBDF691-C3AE-4545-97A5-F55746B377E1} = {0DBDF691-C3AE-4545-97A5-F55746B377E1}
	EndProjectSection
EndProject
Project("{9A19103F-16F7-4668-BE54-9A1E7A4F7556}") = "Test.neon-node-agent", "Test\Test.neon-node-agent\Test.neon-node-agent.csproj", "{AD78F82C-B2F1-4116-B32A-C1682CF05999}"
EndProject
Project("{9A19103F-16F7-4668-BE54-9A1E7A4F7556}") = "TestOperator", "Test\TestOperator\TestOperator.csproj", "{189BE023-07D0-4882-9469-D0269993C449}"
EndProject
Project("{2150E333-8FDC-42A3-9474-1A3956D46DE8}") = "SSH", "SSH", "{9E427CA6-E969-4D07-B75C-1DFBBB965495}"
	ProjectSection(SolutionItems) = preProject
		External\SSH\msys-2.0.dll = External\SSH\msys-2.0.dll
		External\SSH\msys-crypto-1.1.dll = External\SSH\msys-crypto-1.1.dll
		External\SSH\msys-gcc_s-seh-1.dll = External\SSH\msys-gcc_s-seh-1.dll
		External\SSH\msys-z.dll = External\SSH\msys-z.dll
		External\SSH\README.txt = External\SSH\README.txt
		External\SSH\ssh-keygen.exe = External\SSH\ssh-keygen.exe
	EndProjectSection
EndProject
Project("{9A19103F-16F7-4668-BE54-9A1E7A4F7556}") = "operator-cli", "tools\operator-cli\operator-cli.csproj", "{0DBDF691-C3AE-4545-97A5-F55746B377E1}"
EndProject
Project("{9A19103F-16F7-4668-BE54-9A1E7A4F7556}") = "Neon.Kube.Operator.MSBuild", "Lib\Neon.Kube.Operator.MSBuild\Neon.Kube.Operator.MSBuild.csproj", "{86BB5184-5085-43A2-882E-7D73B6C1D378}"
	ProjectSection(ProjectDependencies) = postProject
		{0DBDF691-C3AE-4545-97A5-F55746B377E1} = {0DBDF691-C3AE-4545-97A5-F55746B377E1}
	EndProjectSection
EndProject
Global
	GlobalSection(SolutionConfigurationPlatforms) = preSolution
		Debug|Any CPU = Debug|Any CPU
		Debug|arm64 = Debug|arm64
		Debug|x64 = Debug|x64
		Debug|x86 = Debug|x86
		Release|Any CPU = Release|Any CPU
		Release|arm64 = Release|arm64
		Release|x64 = Release|x64
		Release|x86 = Release|x86
	EndGlobalSection
	GlobalSection(ProjectConfigurationPlatforms) = postSolution
		{C23307A1-4E5A-4B83-A8EB-90DE334868C6}.Debug|Any CPU.ActiveCfg = Debug|Any CPU
		{C23307A1-4E5A-4B83-A8EB-90DE334868C6}.Debug|Any CPU.Build.0 = Debug|Any CPU
		{C23307A1-4E5A-4B83-A8EB-90DE334868C6}.Debug|arm64.ActiveCfg = Debug|Any CPU
		{C23307A1-4E5A-4B83-A8EB-90DE334868C6}.Debug|arm64.Build.0 = Debug|Any CPU
		{C23307A1-4E5A-4B83-A8EB-90DE334868C6}.Debug|x64.ActiveCfg = Debug|Any CPU
		{C23307A1-4E5A-4B83-A8EB-90DE334868C6}.Debug|x64.Build.0 = Debug|Any CPU
		{C23307A1-4E5A-4B83-A8EB-90DE334868C6}.Debug|x86.ActiveCfg = Debug|Any CPU
		{C23307A1-4E5A-4B83-A8EB-90DE334868C6}.Debug|x86.Build.0 = Debug|Any CPU
		{C23307A1-4E5A-4B83-A8EB-90DE334868C6}.Release|Any CPU.ActiveCfg = Release|Any CPU
		{C23307A1-4E5A-4B83-A8EB-90DE334868C6}.Release|Any CPU.Build.0 = Release|Any CPU
		{C23307A1-4E5A-4B83-A8EB-90DE334868C6}.Release|arm64.ActiveCfg = Release|Any CPU
		{C23307A1-4E5A-4B83-A8EB-90DE334868C6}.Release|arm64.Build.0 = Release|Any CPU
		{C23307A1-4E5A-4B83-A8EB-90DE334868C6}.Release|x64.ActiveCfg = Release|Any CPU
		{C23307A1-4E5A-4B83-A8EB-90DE334868C6}.Release|x64.Build.0 = Release|Any CPU
		{C23307A1-4E5A-4B83-A8EB-90DE334868C6}.Release|x86.ActiveCfg = Release|Any CPU
		{C23307A1-4E5A-4B83-A8EB-90DE334868C6}.Release|x86.Build.0 = Release|Any CPU
		{7EC9D996-B464-4493-BF68-8A4A95AA3C83}.Debug|Any CPU.ActiveCfg = Debug|Any CPU
		{7EC9D996-B464-4493-BF68-8A4A95AA3C83}.Debug|Any CPU.Build.0 = Debug|Any CPU
		{7EC9D996-B464-4493-BF68-8A4A95AA3C83}.Debug|arm64.ActiveCfg = Debug|Any CPU
		{7EC9D996-B464-4493-BF68-8A4A95AA3C83}.Debug|arm64.Build.0 = Debug|Any CPU
		{7EC9D996-B464-4493-BF68-8A4A95AA3C83}.Debug|x64.ActiveCfg = Debug|Any CPU
		{7EC9D996-B464-4493-BF68-8A4A95AA3C83}.Debug|x64.Build.0 = Debug|Any CPU
		{7EC9D996-B464-4493-BF68-8A4A95AA3C83}.Debug|x86.ActiveCfg = Debug|Any CPU
		{7EC9D996-B464-4493-BF68-8A4A95AA3C83}.Debug|x86.Build.0 = Debug|Any CPU
		{7EC9D996-B464-4493-BF68-8A4A95AA3C83}.Release|Any CPU.ActiveCfg = Release|Any CPU
		{7EC9D996-B464-4493-BF68-8A4A95AA3C83}.Release|Any CPU.Build.0 = Release|Any CPU
		{7EC9D996-B464-4493-BF68-8A4A95AA3C83}.Release|arm64.ActiveCfg = Release|Any CPU
		{7EC9D996-B464-4493-BF68-8A4A95AA3C83}.Release|arm64.Build.0 = Release|Any CPU
		{7EC9D996-B464-4493-BF68-8A4A95AA3C83}.Release|x64.ActiveCfg = Release|Any CPU
		{7EC9D996-B464-4493-BF68-8A4A95AA3C83}.Release|x64.Build.0 = Release|Any CPU
		{7EC9D996-B464-4493-BF68-8A4A95AA3C83}.Release|x86.ActiveCfg = Release|Any CPU
		{7EC9D996-B464-4493-BF68-8A4A95AA3C83}.Release|x86.Build.0 = Release|Any CPU
		{78A69CC0-1CA5-4D1A-889F-765212271A9A}.Debug|Any CPU.ActiveCfg = Debug|Any CPU
		{78A69CC0-1CA5-4D1A-889F-765212271A9A}.Debug|Any CPU.Build.0 = Debug|Any CPU
		{78A69CC0-1CA5-4D1A-889F-765212271A9A}.Debug|arm64.ActiveCfg = Debug|Any CPU
		{78A69CC0-1CA5-4D1A-889F-765212271A9A}.Debug|arm64.Build.0 = Debug|Any CPU
		{78A69CC0-1CA5-4D1A-889F-765212271A9A}.Debug|x64.ActiveCfg = Debug|Any CPU
		{78A69CC0-1CA5-4D1A-889F-765212271A9A}.Debug|x64.Build.0 = Debug|Any CPU
		{78A69CC0-1CA5-4D1A-889F-765212271A9A}.Debug|x86.ActiveCfg = Debug|Any CPU
		{78A69CC0-1CA5-4D1A-889F-765212271A9A}.Debug|x86.Build.0 = Debug|Any CPU
		{78A69CC0-1CA5-4D1A-889F-765212271A9A}.Release|Any CPU.ActiveCfg = Release|Any CPU
		{78A69CC0-1CA5-4D1A-889F-765212271A9A}.Release|Any CPU.Build.0 = Release|Any CPU
		{78A69CC0-1CA5-4D1A-889F-765212271A9A}.Release|arm64.ActiveCfg = Release|Any CPU
		{78A69CC0-1CA5-4D1A-889F-765212271A9A}.Release|arm64.Build.0 = Release|Any CPU
		{78A69CC0-1CA5-4D1A-889F-765212271A9A}.Release|x64.ActiveCfg = Release|Any CPU
		{78A69CC0-1CA5-4D1A-889F-765212271A9A}.Release|x64.Build.0 = Release|Any CPU
		{78A69CC0-1CA5-4D1A-889F-765212271A9A}.Release|x86.ActiveCfg = Release|Any CPU
		{78A69CC0-1CA5-4D1A-889F-765212271A9A}.Release|x86.Build.0 = Release|Any CPU
		{167C080E-3F81-4EB7-93BD-1D8671B51835}.Debug|Any CPU.ActiveCfg = Debug|Any CPU
		{167C080E-3F81-4EB7-93BD-1D8671B51835}.Debug|Any CPU.Build.0 = Debug|Any CPU
		{167C080E-3F81-4EB7-93BD-1D8671B51835}.Debug|arm64.ActiveCfg = Debug|Any CPU
		{167C080E-3F81-4EB7-93BD-1D8671B51835}.Debug|arm64.Build.0 = Debug|Any CPU
		{167C080E-3F81-4EB7-93BD-1D8671B51835}.Debug|x64.ActiveCfg = Debug|Any CPU
		{167C080E-3F81-4EB7-93BD-1D8671B51835}.Debug|x64.Build.0 = Debug|Any CPU
		{167C080E-3F81-4EB7-93BD-1D8671B51835}.Debug|x86.ActiveCfg = Debug|Any CPU
		{167C080E-3F81-4EB7-93BD-1D8671B51835}.Debug|x86.Build.0 = Debug|Any CPU
		{167C080E-3F81-4EB7-93BD-1D8671B51835}.Release|Any CPU.ActiveCfg = Release|Any CPU
		{167C080E-3F81-4EB7-93BD-1D8671B51835}.Release|Any CPU.Build.0 = Release|Any CPU
		{167C080E-3F81-4EB7-93BD-1D8671B51835}.Release|arm64.ActiveCfg = Release|Any CPU
		{167C080E-3F81-4EB7-93BD-1D8671B51835}.Release|arm64.Build.0 = Release|Any CPU
		{167C080E-3F81-4EB7-93BD-1D8671B51835}.Release|x64.ActiveCfg = Release|Any CPU
		{167C080E-3F81-4EB7-93BD-1D8671B51835}.Release|x64.Build.0 = Release|Any CPU
		{167C080E-3F81-4EB7-93BD-1D8671B51835}.Release|x86.ActiveCfg = Release|Any CPU
		{167C080E-3F81-4EB7-93BD-1D8671B51835}.Release|x86.Build.0 = Release|Any CPU
		{592FFCE1-0D8C-4797-9B3A-5F5F7E5E935B}.Debug|Any CPU.ActiveCfg = Debug|Any CPU
		{592FFCE1-0D8C-4797-9B3A-5F5F7E5E935B}.Debug|Any CPU.Build.0 = Debug|Any CPU
		{592FFCE1-0D8C-4797-9B3A-5F5F7E5E935B}.Debug|arm64.ActiveCfg = Debug|Any CPU
		{592FFCE1-0D8C-4797-9B3A-5F5F7E5E935B}.Debug|arm64.Build.0 = Debug|Any CPU
		{592FFCE1-0D8C-4797-9B3A-5F5F7E5E935B}.Debug|x64.ActiveCfg = Debug|Any CPU
		{592FFCE1-0D8C-4797-9B3A-5F5F7E5E935B}.Debug|x64.Build.0 = Debug|Any CPU
		{592FFCE1-0D8C-4797-9B3A-5F5F7E5E935B}.Debug|x86.ActiveCfg = Debug|Any CPU
		{592FFCE1-0D8C-4797-9B3A-5F5F7E5E935B}.Debug|x86.Build.0 = Debug|Any CPU
		{592FFCE1-0D8C-4797-9B3A-5F5F7E5E935B}.Release|Any CPU.ActiveCfg = Release|Any CPU
		{592FFCE1-0D8C-4797-9B3A-5F5F7E5E935B}.Release|Any CPU.Build.0 = Release|Any CPU
		{592FFCE1-0D8C-4797-9B3A-5F5F7E5E935B}.Release|arm64.ActiveCfg = Release|Any CPU
		{592FFCE1-0D8C-4797-9B3A-5F5F7E5E935B}.Release|arm64.Build.0 = Release|Any CPU
		{592FFCE1-0D8C-4797-9B3A-5F5F7E5E935B}.Release|x64.ActiveCfg = Release|Any CPU
		{592FFCE1-0D8C-4797-9B3A-5F5F7E5E935B}.Release|x64.Build.0 = Release|Any CPU
		{592FFCE1-0D8C-4797-9B3A-5F5F7E5E935B}.Release|x86.ActiveCfg = Release|Any CPU
		{592FFCE1-0D8C-4797-9B3A-5F5F7E5E935B}.Release|x86.Build.0 = Release|Any CPU
		{CD08B37A-614C-4DEB-9805-ADBD77DA3F8E}.Debug|Any CPU.ActiveCfg = Debug|Any CPU
		{CD08B37A-614C-4DEB-9805-ADBD77DA3F8E}.Debug|Any CPU.Build.0 = Debug|Any CPU
		{CD08B37A-614C-4DEB-9805-ADBD77DA3F8E}.Debug|arm64.ActiveCfg = Debug|Any CPU
		{CD08B37A-614C-4DEB-9805-ADBD77DA3F8E}.Debug|arm64.Build.0 = Debug|Any CPU
		{CD08B37A-614C-4DEB-9805-ADBD77DA3F8E}.Debug|x64.ActiveCfg = Debug|Any CPU
		{CD08B37A-614C-4DEB-9805-ADBD77DA3F8E}.Debug|x64.Build.0 = Debug|Any CPU
		{CD08B37A-614C-4DEB-9805-ADBD77DA3F8E}.Debug|x86.ActiveCfg = Debug|Any CPU
		{CD08B37A-614C-4DEB-9805-ADBD77DA3F8E}.Debug|x86.Build.0 = Debug|Any CPU
		{CD08B37A-614C-4DEB-9805-ADBD77DA3F8E}.Release|Any CPU.ActiveCfg = Release|Any CPU
		{CD08B37A-614C-4DEB-9805-ADBD77DA3F8E}.Release|Any CPU.Build.0 = Release|Any CPU
		{CD08B37A-614C-4DEB-9805-ADBD77DA3F8E}.Release|arm64.ActiveCfg = Release|Any CPU
		{CD08B37A-614C-4DEB-9805-ADBD77DA3F8E}.Release|arm64.Build.0 = Release|Any CPU
		{CD08B37A-614C-4DEB-9805-ADBD77DA3F8E}.Release|x64.ActiveCfg = Release|Any CPU
		{CD08B37A-614C-4DEB-9805-ADBD77DA3F8E}.Release|x64.Build.0 = Release|Any CPU
		{CD08B37A-614C-4DEB-9805-ADBD77DA3F8E}.Release|x86.ActiveCfg = Release|Any CPU
		{CD08B37A-614C-4DEB-9805-ADBD77DA3F8E}.Release|x86.Build.0 = Release|Any CPU
		{8315C918-4C26-435C-AC32-47A87CB2792E}.Debug|Any CPU.ActiveCfg = Debug|Any CPU
		{8315C918-4C26-435C-AC32-47A87CB2792E}.Debug|Any CPU.Build.0 = Debug|Any CPU
		{8315C918-4C26-435C-AC32-47A87CB2792E}.Debug|arm64.ActiveCfg = Debug|Any CPU
		{8315C918-4C26-435C-AC32-47A87CB2792E}.Debug|arm64.Build.0 = Debug|Any CPU
		{8315C918-4C26-435C-AC32-47A87CB2792E}.Debug|x64.ActiveCfg = Debug|Any CPU
		{8315C918-4C26-435C-AC32-47A87CB2792E}.Debug|x64.Build.0 = Debug|Any CPU
		{8315C918-4C26-435C-AC32-47A87CB2792E}.Debug|x86.ActiveCfg = Debug|Any CPU
		{8315C918-4C26-435C-AC32-47A87CB2792E}.Debug|x86.Build.0 = Debug|Any CPU
		{8315C918-4C26-435C-AC32-47A87CB2792E}.Release|Any CPU.ActiveCfg = Release|Any CPU
		{8315C918-4C26-435C-AC32-47A87CB2792E}.Release|Any CPU.Build.0 = Release|Any CPU
		{8315C918-4C26-435C-AC32-47A87CB2792E}.Release|arm64.ActiveCfg = Release|Any CPU
		{8315C918-4C26-435C-AC32-47A87CB2792E}.Release|arm64.Build.0 = Release|Any CPU
		{8315C918-4C26-435C-AC32-47A87CB2792E}.Release|x64.ActiveCfg = Release|Any CPU
		{8315C918-4C26-435C-AC32-47A87CB2792E}.Release|x64.Build.0 = Release|Any CPU
		{8315C918-4C26-435C-AC32-47A87CB2792E}.Release|x86.ActiveCfg = Release|Any CPU
		{8315C918-4C26-435C-AC32-47A87CB2792E}.Release|x86.Build.0 = Release|Any CPU
		{8B2B63BA-AC1F-4F34-AE1A-ED4C08642E82}.Debug|Any CPU.ActiveCfg = Debug|Any CPU
		{8B2B63BA-AC1F-4F34-AE1A-ED4C08642E82}.Debug|Any CPU.Build.0 = Debug|Any CPU
		{8B2B63BA-AC1F-4F34-AE1A-ED4C08642E82}.Debug|arm64.ActiveCfg = Debug|Any CPU
		{8B2B63BA-AC1F-4F34-AE1A-ED4C08642E82}.Debug|arm64.Build.0 = Debug|Any CPU
		{8B2B63BA-AC1F-4F34-AE1A-ED4C08642E82}.Debug|x64.ActiveCfg = Debug|Any CPU
		{8B2B63BA-AC1F-4F34-AE1A-ED4C08642E82}.Debug|x64.Build.0 = Debug|Any CPU
		{8B2B63BA-AC1F-4F34-AE1A-ED4C08642E82}.Debug|x86.ActiveCfg = Debug|Any CPU
		{8B2B63BA-AC1F-4F34-AE1A-ED4C08642E82}.Debug|x86.Build.0 = Debug|Any CPU
		{8B2B63BA-AC1F-4F34-AE1A-ED4C08642E82}.Release|Any CPU.ActiveCfg = Release|Any CPU
		{8B2B63BA-AC1F-4F34-AE1A-ED4C08642E82}.Release|Any CPU.Build.0 = Release|Any CPU
		{8B2B63BA-AC1F-4F34-AE1A-ED4C08642E82}.Release|arm64.ActiveCfg = Release|Any CPU
		{8B2B63BA-AC1F-4F34-AE1A-ED4C08642E82}.Release|arm64.Build.0 = Release|Any CPU
		{8B2B63BA-AC1F-4F34-AE1A-ED4C08642E82}.Release|x64.ActiveCfg = Release|Any CPU
		{8B2B63BA-AC1F-4F34-AE1A-ED4C08642E82}.Release|x64.Build.0 = Release|Any CPU
		{8B2B63BA-AC1F-4F34-AE1A-ED4C08642E82}.Release|x86.ActiveCfg = Release|Any CPU
		{8B2B63BA-AC1F-4F34-AE1A-ED4C08642E82}.Release|x86.Build.0 = Release|Any CPU
		{FC110EBB-25E9-49AC-9D21-DBD956090ED1}.Debug|Any CPU.ActiveCfg = Debug|Any CPU
		{FC110EBB-25E9-49AC-9D21-DBD956090ED1}.Debug|Any CPU.Build.0 = Debug|Any CPU
		{FC110EBB-25E9-49AC-9D21-DBD956090ED1}.Debug|arm64.ActiveCfg = Debug|Any CPU
		{FC110EBB-25E9-49AC-9D21-DBD956090ED1}.Debug|arm64.Build.0 = Debug|Any CPU
		{FC110EBB-25E9-49AC-9D21-DBD956090ED1}.Debug|x64.ActiveCfg = Debug|Any CPU
		{FC110EBB-25E9-49AC-9D21-DBD956090ED1}.Debug|x64.Build.0 = Debug|Any CPU
		{FC110EBB-25E9-49AC-9D21-DBD956090ED1}.Debug|x86.ActiveCfg = Debug|Any CPU
		{FC110EBB-25E9-49AC-9D21-DBD956090ED1}.Debug|x86.Build.0 = Debug|Any CPU
		{FC110EBB-25E9-49AC-9D21-DBD956090ED1}.Release|Any CPU.ActiveCfg = Release|Any CPU
		{FC110EBB-25E9-49AC-9D21-DBD956090ED1}.Release|Any CPU.Build.0 = Release|Any CPU
		{FC110EBB-25E9-49AC-9D21-DBD956090ED1}.Release|arm64.ActiveCfg = Release|Any CPU
		{FC110EBB-25E9-49AC-9D21-DBD956090ED1}.Release|arm64.Build.0 = Release|Any CPU
		{FC110EBB-25E9-49AC-9D21-DBD956090ED1}.Release|x64.ActiveCfg = Release|Any CPU
		{FC110EBB-25E9-49AC-9D21-DBD956090ED1}.Release|x64.Build.0 = Release|Any CPU
		{FC110EBB-25E9-49AC-9D21-DBD956090ED1}.Release|x86.ActiveCfg = Release|Any CPU
		{FC110EBB-25E9-49AC-9D21-DBD956090ED1}.Release|x86.Build.0 = Release|Any CPU
		{22CA72EE-FFA9-412A-B995-D51C617B8FEF}.Debug|Any CPU.ActiveCfg = Debug|Any CPU
		{22CA72EE-FFA9-412A-B995-D51C617B8FEF}.Debug|Any CPU.Build.0 = Debug|Any CPU
		{22CA72EE-FFA9-412A-B995-D51C617B8FEF}.Debug|arm64.ActiveCfg = Debug|Any CPU
		{22CA72EE-FFA9-412A-B995-D51C617B8FEF}.Debug|arm64.Build.0 = Debug|Any CPU
		{22CA72EE-FFA9-412A-B995-D51C617B8FEF}.Debug|x64.ActiveCfg = Debug|Any CPU
		{22CA72EE-FFA9-412A-B995-D51C617B8FEF}.Debug|x64.Build.0 = Debug|Any CPU
		{22CA72EE-FFA9-412A-B995-D51C617B8FEF}.Debug|x86.ActiveCfg = Debug|Any CPU
		{22CA72EE-FFA9-412A-B995-D51C617B8FEF}.Debug|x86.Build.0 = Debug|Any CPU
		{22CA72EE-FFA9-412A-B995-D51C617B8FEF}.Release|Any CPU.ActiveCfg = Release|Any CPU
		{22CA72EE-FFA9-412A-B995-D51C617B8FEF}.Release|Any CPU.Build.0 = Release|Any CPU
		{22CA72EE-FFA9-412A-B995-D51C617B8FEF}.Release|arm64.ActiveCfg = Release|Any CPU
		{22CA72EE-FFA9-412A-B995-D51C617B8FEF}.Release|arm64.Build.0 = Release|Any CPU
		{22CA72EE-FFA9-412A-B995-D51C617B8FEF}.Release|x64.ActiveCfg = Release|Any CPU
		{22CA72EE-FFA9-412A-B995-D51C617B8FEF}.Release|x64.Build.0 = Release|Any CPU
		{22CA72EE-FFA9-412A-B995-D51C617B8FEF}.Release|x86.ActiveCfg = Release|Any CPU
		{22CA72EE-FFA9-412A-B995-D51C617B8FEF}.Release|x86.Build.0 = Release|Any CPU
		{08B7000C-F261-4543-B611-5710D12263DB}.Debug|Any CPU.ActiveCfg = Debug|Any CPU
		{08B7000C-F261-4543-B611-5710D12263DB}.Debug|Any CPU.Build.0 = Debug|Any CPU
		{08B7000C-F261-4543-B611-5710D12263DB}.Debug|arm64.ActiveCfg = Debug|Any CPU
		{08B7000C-F261-4543-B611-5710D12263DB}.Debug|arm64.Build.0 = Debug|Any CPU
		{08B7000C-F261-4543-B611-5710D12263DB}.Debug|x64.ActiveCfg = Debug|Any CPU
		{08B7000C-F261-4543-B611-5710D12263DB}.Debug|x64.Build.0 = Debug|Any CPU
		{08B7000C-F261-4543-B611-5710D12263DB}.Debug|x86.ActiveCfg = Debug|Any CPU
		{08B7000C-F261-4543-B611-5710D12263DB}.Debug|x86.Build.0 = Debug|Any CPU
		{08B7000C-F261-4543-B611-5710D12263DB}.Release|Any CPU.ActiveCfg = Release|Any CPU
		{08B7000C-F261-4543-B611-5710D12263DB}.Release|Any CPU.Build.0 = Release|Any CPU
		{08B7000C-F261-4543-B611-5710D12263DB}.Release|arm64.ActiveCfg = Release|Any CPU
		{08B7000C-F261-4543-B611-5710D12263DB}.Release|arm64.Build.0 = Release|Any CPU
		{08B7000C-F261-4543-B611-5710D12263DB}.Release|x64.ActiveCfg = Release|Any CPU
		{08B7000C-F261-4543-B611-5710D12263DB}.Release|x64.Build.0 = Release|Any CPU
		{08B7000C-F261-4543-B611-5710D12263DB}.Release|x86.ActiveCfg = Release|Any CPU
		{08B7000C-F261-4543-B611-5710D12263DB}.Release|x86.Build.0 = Release|Any CPU
		{41302EE4-1607-4BE1-A2C6-C881C3D05740}.Debug|Any CPU.ActiveCfg = Debug|Any CPU
		{41302EE4-1607-4BE1-A2C6-C881C3D05740}.Debug|Any CPU.Build.0 = Debug|Any CPU
		{41302EE4-1607-4BE1-A2C6-C881C3D05740}.Debug|arm64.ActiveCfg = Debug|Any CPU
		{41302EE4-1607-4BE1-A2C6-C881C3D05740}.Debug|arm64.Build.0 = Debug|Any CPU
		{41302EE4-1607-4BE1-A2C6-C881C3D05740}.Debug|x64.ActiveCfg = Debug|Any CPU
		{41302EE4-1607-4BE1-A2C6-C881C3D05740}.Debug|x64.Build.0 = Debug|Any CPU
		{41302EE4-1607-4BE1-A2C6-C881C3D05740}.Debug|x86.ActiveCfg = Debug|Any CPU
		{41302EE4-1607-4BE1-A2C6-C881C3D05740}.Debug|x86.Build.0 = Debug|Any CPU
		{41302EE4-1607-4BE1-A2C6-C881C3D05740}.Release|Any CPU.ActiveCfg = Release|Any CPU
		{41302EE4-1607-4BE1-A2C6-C881C3D05740}.Release|Any CPU.Build.0 = Release|Any CPU
		{41302EE4-1607-4BE1-A2C6-C881C3D05740}.Release|arm64.ActiveCfg = Release|Any CPU
		{41302EE4-1607-4BE1-A2C6-C881C3D05740}.Release|arm64.Build.0 = Release|Any CPU
		{41302EE4-1607-4BE1-A2C6-C881C3D05740}.Release|x64.ActiveCfg = Release|Any CPU
		{41302EE4-1607-4BE1-A2C6-C881C3D05740}.Release|x64.Build.0 = Release|Any CPU
		{41302EE4-1607-4BE1-A2C6-C881C3D05740}.Release|x86.ActiveCfg = Release|Any CPU
		{41302EE4-1607-4BE1-A2C6-C881C3D05740}.Release|x86.Build.0 = Release|Any CPU
		{9F508BA8-DE43-4D48-AF91-B03E009C0BD4}.Debug|Any CPU.ActiveCfg = Debug|Any CPU
		{9F508BA8-DE43-4D48-AF91-B03E009C0BD4}.Debug|Any CPU.Build.0 = Debug|Any CPU
		{9F508BA8-DE43-4D48-AF91-B03E009C0BD4}.Debug|arm64.ActiveCfg = Debug|Any CPU
		{9F508BA8-DE43-4D48-AF91-B03E009C0BD4}.Debug|arm64.Build.0 = Debug|Any CPU
		{9F508BA8-DE43-4D48-AF91-B03E009C0BD4}.Debug|x64.ActiveCfg = Debug|Any CPU
		{9F508BA8-DE43-4D48-AF91-B03E009C0BD4}.Debug|x64.Build.0 = Debug|Any CPU
		{9F508BA8-DE43-4D48-AF91-B03E009C0BD4}.Debug|x86.ActiveCfg = Debug|Any CPU
		{9F508BA8-DE43-4D48-AF91-B03E009C0BD4}.Debug|x86.Build.0 = Debug|Any CPU
		{9F508BA8-DE43-4D48-AF91-B03E009C0BD4}.Release|Any CPU.ActiveCfg = Release|Any CPU
		{9F508BA8-DE43-4D48-AF91-B03E009C0BD4}.Release|Any CPU.Build.0 = Release|Any CPU
		{9F508BA8-DE43-4D48-AF91-B03E009C0BD4}.Release|arm64.ActiveCfg = Release|Any CPU
		{9F508BA8-DE43-4D48-AF91-B03E009C0BD4}.Release|arm64.Build.0 = Release|Any CPU
		{9F508BA8-DE43-4D48-AF91-B03E009C0BD4}.Release|x64.ActiveCfg = Release|Any CPU
		{9F508BA8-DE43-4D48-AF91-B03E009C0BD4}.Release|x64.Build.0 = Release|Any CPU
		{9F508BA8-DE43-4D48-AF91-B03E009C0BD4}.Release|x86.ActiveCfg = Release|Any CPU
		{9F508BA8-DE43-4D48-AF91-B03E009C0BD4}.Release|x86.Build.0 = Release|Any CPU
		{98CA999D-D048-45A3-AB81-9F66145D3E8C}.Debug|Any CPU.ActiveCfg = Debug|Any CPU
		{98CA999D-D048-45A3-AB81-9F66145D3E8C}.Debug|Any CPU.Build.0 = Debug|Any CPU
		{98CA999D-D048-45A3-AB81-9F66145D3E8C}.Debug|arm64.ActiveCfg = Debug|Any CPU
		{98CA999D-D048-45A3-AB81-9F66145D3E8C}.Debug|arm64.Build.0 = Debug|Any CPU
		{98CA999D-D048-45A3-AB81-9F66145D3E8C}.Debug|x64.ActiveCfg = Debug|Any CPU
		{98CA999D-D048-45A3-AB81-9F66145D3E8C}.Debug|x64.Build.0 = Debug|Any CPU
		{98CA999D-D048-45A3-AB81-9F66145D3E8C}.Debug|x86.ActiveCfg = Debug|Any CPU
		{98CA999D-D048-45A3-AB81-9F66145D3E8C}.Debug|x86.Build.0 = Debug|Any CPU
		{98CA999D-D048-45A3-AB81-9F66145D3E8C}.Release|Any CPU.ActiveCfg = Release|Any CPU
		{98CA999D-D048-45A3-AB81-9F66145D3E8C}.Release|Any CPU.Build.0 = Release|Any CPU
		{98CA999D-D048-45A3-AB81-9F66145D3E8C}.Release|arm64.ActiveCfg = Release|Any CPU
		{98CA999D-D048-45A3-AB81-9F66145D3E8C}.Release|arm64.Build.0 = Release|Any CPU
		{98CA999D-D048-45A3-AB81-9F66145D3E8C}.Release|x64.ActiveCfg = Release|Any CPU
		{98CA999D-D048-45A3-AB81-9F66145D3E8C}.Release|x64.Build.0 = Release|Any CPU
		{98CA999D-D048-45A3-AB81-9F66145D3E8C}.Release|x86.ActiveCfg = Release|Any CPU
		{98CA999D-D048-45A3-AB81-9F66145D3E8C}.Release|x86.Build.0 = Release|Any CPU
		{AD7E0027-D9D3-4CDB-9AD6-AC614BA2B3A4}.Debug|Any CPU.ActiveCfg = Debug|Any CPU
		{AD7E0027-D9D3-4CDB-9AD6-AC614BA2B3A4}.Debug|Any CPU.Build.0 = Debug|Any CPU
		{AD7E0027-D9D3-4CDB-9AD6-AC614BA2B3A4}.Debug|arm64.ActiveCfg = Debug|Any CPU
		{AD7E0027-D9D3-4CDB-9AD6-AC614BA2B3A4}.Debug|arm64.Build.0 = Debug|Any CPU
		{AD7E0027-D9D3-4CDB-9AD6-AC614BA2B3A4}.Debug|x64.ActiveCfg = Debug|Any CPU
		{AD7E0027-D9D3-4CDB-9AD6-AC614BA2B3A4}.Debug|x64.Build.0 = Debug|Any CPU
		{AD7E0027-D9D3-4CDB-9AD6-AC614BA2B3A4}.Debug|x86.ActiveCfg = Debug|Any CPU
		{AD7E0027-D9D3-4CDB-9AD6-AC614BA2B3A4}.Debug|x86.Build.0 = Debug|Any CPU
		{AD7E0027-D9D3-4CDB-9AD6-AC614BA2B3A4}.Release|Any CPU.ActiveCfg = Release|Any CPU
		{AD7E0027-D9D3-4CDB-9AD6-AC614BA2B3A4}.Release|Any CPU.Build.0 = Release|Any CPU
		{AD7E0027-D9D3-4CDB-9AD6-AC614BA2B3A4}.Release|arm64.ActiveCfg = Release|Any CPU
		{AD7E0027-D9D3-4CDB-9AD6-AC614BA2B3A4}.Release|arm64.Build.0 = Release|Any CPU
		{AD7E0027-D9D3-4CDB-9AD6-AC614BA2B3A4}.Release|x64.ActiveCfg = Release|Any CPU
		{AD7E0027-D9D3-4CDB-9AD6-AC614BA2B3A4}.Release|x64.Build.0 = Release|Any CPU
		{AD7E0027-D9D3-4CDB-9AD6-AC614BA2B3A4}.Release|x86.ActiveCfg = Release|Any CPU
		{AD7E0027-D9D3-4CDB-9AD6-AC614BA2B3A4}.Release|x86.Build.0 = Release|Any CPU
		{CF9B5668-C2A9-4855-AA5D-983249932883}.Debug|Any CPU.ActiveCfg = Debug|Any CPU
		{CF9B5668-C2A9-4855-AA5D-983249932883}.Debug|Any CPU.Build.0 = Debug|Any CPU
		{CF9B5668-C2A9-4855-AA5D-983249932883}.Debug|arm64.ActiveCfg = Debug|Any CPU
		{CF9B5668-C2A9-4855-AA5D-983249932883}.Debug|arm64.Build.0 = Debug|Any CPU
		{CF9B5668-C2A9-4855-AA5D-983249932883}.Debug|x64.ActiveCfg = Debug|Any CPU
		{CF9B5668-C2A9-4855-AA5D-983249932883}.Debug|x64.Build.0 = Debug|Any CPU
		{CF9B5668-C2A9-4855-AA5D-983249932883}.Debug|x86.ActiveCfg = Debug|Any CPU
		{CF9B5668-C2A9-4855-AA5D-983249932883}.Debug|x86.Build.0 = Debug|Any CPU
		{CF9B5668-C2A9-4855-AA5D-983249932883}.Release|Any CPU.ActiveCfg = Release|Any CPU
		{CF9B5668-C2A9-4855-AA5D-983249932883}.Release|Any CPU.Build.0 = Release|Any CPU
		{CF9B5668-C2A9-4855-AA5D-983249932883}.Release|arm64.ActiveCfg = Release|Any CPU
		{CF9B5668-C2A9-4855-AA5D-983249932883}.Release|arm64.Build.0 = Release|Any CPU
		{CF9B5668-C2A9-4855-AA5D-983249932883}.Release|x64.ActiveCfg = Release|Any CPU
		{CF9B5668-C2A9-4855-AA5D-983249932883}.Release|x64.Build.0 = Release|Any CPU
		{CF9B5668-C2A9-4855-AA5D-983249932883}.Release|x86.ActiveCfg = Release|Any CPU
		{CF9B5668-C2A9-4855-AA5D-983249932883}.Release|x86.Build.0 = Release|Any CPU
		{75653A7E-60A7-4401-AED5-1AEAAD6475A5}.Debug|Any CPU.ActiveCfg = Debug|Any CPU
		{75653A7E-60A7-4401-AED5-1AEAAD6475A5}.Debug|Any CPU.Build.0 = Debug|Any CPU
		{75653A7E-60A7-4401-AED5-1AEAAD6475A5}.Debug|arm64.ActiveCfg = Debug|Any CPU
		{75653A7E-60A7-4401-AED5-1AEAAD6475A5}.Debug|arm64.Build.0 = Debug|Any CPU
		{75653A7E-60A7-4401-AED5-1AEAAD6475A5}.Debug|x64.ActiveCfg = Debug|Any CPU
		{75653A7E-60A7-4401-AED5-1AEAAD6475A5}.Debug|x64.Build.0 = Debug|Any CPU
		{75653A7E-60A7-4401-AED5-1AEAAD6475A5}.Debug|x86.ActiveCfg = Debug|Any CPU
		{75653A7E-60A7-4401-AED5-1AEAAD6475A5}.Debug|x86.Build.0 = Debug|Any CPU
		{75653A7E-60A7-4401-AED5-1AEAAD6475A5}.Release|Any CPU.ActiveCfg = Release|Any CPU
		{75653A7E-60A7-4401-AED5-1AEAAD6475A5}.Release|Any CPU.Build.0 = Release|Any CPU
		{75653A7E-60A7-4401-AED5-1AEAAD6475A5}.Release|arm64.ActiveCfg = Release|Any CPU
		{75653A7E-60A7-4401-AED5-1AEAAD6475A5}.Release|arm64.Build.0 = Release|Any CPU
		{75653A7E-60A7-4401-AED5-1AEAAD6475A5}.Release|x64.ActiveCfg = Release|Any CPU
		{75653A7E-60A7-4401-AED5-1AEAAD6475A5}.Release|x64.Build.0 = Release|Any CPU
		{75653A7E-60A7-4401-AED5-1AEAAD6475A5}.Release|x86.ActiveCfg = Release|Any CPU
		{75653A7E-60A7-4401-AED5-1AEAAD6475A5}.Release|x86.Build.0 = Release|Any CPU
		{354A371B-4CE3-424C-BD56-27FE0CF9797D}.Debug|Any CPU.ActiveCfg = Debug|Any CPU
		{354A371B-4CE3-424C-BD56-27FE0CF9797D}.Debug|Any CPU.Build.0 = Debug|Any CPU
		{354A371B-4CE3-424C-BD56-27FE0CF9797D}.Debug|arm64.ActiveCfg = Debug|Any CPU
		{354A371B-4CE3-424C-BD56-27FE0CF9797D}.Debug|arm64.Build.0 = Debug|Any CPU
		{354A371B-4CE3-424C-BD56-27FE0CF9797D}.Debug|x64.ActiveCfg = Debug|Any CPU
		{354A371B-4CE3-424C-BD56-27FE0CF9797D}.Debug|x64.Build.0 = Debug|Any CPU
		{354A371B-4CE3-424C-BD56-27FE0CF9797D}.Debug|x86.ActiveCfg = Debug|Any CPU
		{354A371B-4CE3-424C-BD56-27FE0CF9797D}.Debug|x86.Build.0 = Debug|Any CPU
		{354A371B-4CE3-424C-BD56-27FE0CF9797D}.Release|Any CPU.ActiveCfg = Release|Any CPU
		{354A371B-4CE3-424C-BD56-27FE0CF9797D}.Release|Any CPU.Build.0 = Release|Any CPU
		{354A371B-4CE3-424C-BD56-27FE0CF9797D}.Release|arm64.ActiveCfg = Release|Any CPU
		{354A371B-4CE3-424C-BD56-27FE0CF9797D}.Release|arm64.Build.0 = Release|Any CPU
		{354A371B-4CE3-424C-BD56-27FE0CF9797D}.Release|x64.ActiveCfg = Release|Any CPU
		{354A371B-4CE3-424C-BD56-27FE0CF9797D}.Release|x64.Build.0 = Release|Any CPU
		{354A371B-4CE3-424C-BD56-27FE0CF9797D}.Release|x86.ActiveCfg = Release|Any CPU
		{354A371B-4CE3-424C-BD56-27FE0CF9797D}.Release|x86.Build.0 = Release|Any CPU
		{06A12A85-C6D4-4195-899C-8B1E1341C331}.Debug|Any CPU.ActiveCfg = Debug|Any CPU
		{06A12A85-C6D4-4195-899C-8B1E1341C331}.Debug|Any CPU.Build.0 = Debug|Any CPU
		{06A12A85-C6D4-4195-899C-8B1E1341C331}.Debug|arm64.ActiveCfg = Debug|Any CPU
		{06A12A85-C6D4-4195-899C-8B1E1341C331}.Debug|arm64.Build.0 = Debug|Any CPU
		{06A12A85-C6D4-4195-899C-8B1E1341C331}.Debug|x64.ActiveCfg = Debug|Any CPU
		{06A12A85-C6D4-4195-899C-8B1E1341C331}.Debug|x64.Build.0 = Debug|Any CPU
		{06A12A85-C6D4-4195-899C-8B1E1341C331}.Debug|x86.ActiveCfg = Debug|Any CPU
		{06A12A85-C6D4-4195-899C-8B1E1341C331}.Debug|x86.Build.0 = Debug|Any CPU
		{06A12A85-C6D4-4195-899C-8B1E1341C331}.Release|Any CPU.ActiveCfg = Release|Any CPU
		{06A12A85-C6D4-4195-899C-8B1E1341C331}.Release|Any CPU.Build.0 = Release|Any CPU
		{06A12A85-C6D4-4195-899C-8B1E1341C331}.Release|arm64.ActiveCfg = Release|Any CPU
		{06A12A85-C6D4-4195-899C-8B1E1341C331}.Release|arm64.Build.0 = Release|Any CPU
		{06A12A85-C6D4-4195-899C-8B1E1341C331}.Release|x64.ActiveCfg = Release|Any CPU
		{06A12A85-C6D4-4195-899C-8B1E1341C331}.Release|x64.Build.0 = Release|Any CPU
		{06A12A85-C6D4-4195-899C-8B1E1341C331}.Release|x86.ActiveCfg = Release|Any CPU
		{06A12A85-C6D4-4195-899C-8B1E1341C331}.Release|x86.Build.0 = Release|Any CPU
		{EE73B97C-84AB-478A-ADEA-2808285871DF}.Debug|Any CPU.ActiveCfg = Debug|Any CPU
		{EE73B97C-84AB-478A-ADEA-2808285871DF}.Debug|Any CPU.Build.0 = Debug|Any CPU
		{EE73B97C-84AB-478A-ADEA-2808285871DF}.Debug|arm64.ActiveCfg = Debug|Any CPU
		{EE73B97C-84AB-478A-ADEA-2808285871DF}.Debug|arm64.Build.0 = Debug|Any CPU
		{EE73B97C-84AB-478A-ADEA-2808285871DF}.Debug|x64.ActiveCfg = Debug|Any CPU
		{EE73B97C-84AB-478A-ADEA-2808285871DF}.Debug|x64.Build.0 = Debug|Any CPU
		{EE73B97C-84AB-478A-ADEA-2808285871DF}.Debug|x86.ActiveCfg = Debug|Any CPU
		{EE73B97C-84AB-478A-ADEA-2808285871DF}.Debug|x86.Build.0 = Debug|Any CPU
		{EE73B97C-84AB-478A-ADEA-2808285871DF}.Release|Any CPU.ActiveCfg = Release|Any CPU
		{EE73B97C-84AB-478A-ADEA-2808285871DF}.Release|Any CPU.Build.0 = Release|Any CPU
		{EE73B97C-84AB-478A-ADEA-2808285871DF}.Release|arm64.ActiveCfg = Release|Any CPU
		{EE73B97C-84AB-478A-ADEA-2808285871DF}.Release|arm64.Build.0 = Release|Any CPU
		{EE73B97C-84AB-478A-ADEA-2808285871DF}.Release|x64.ActiveCfg = Release|Any CPU
		{EE73B97C-84AB-478A-ADEA-2808285871DF}.Release|x64.Build.0 = Release|Any CPU
		{EE73B97C-84AB-478A-ADEA-2808285871DF}.Release|x86.ActiveCfg = Release|Any CPU
		{EE73B97C-84AB-478A-ADEA-2808285871DF}.Release|x86.Build.0 = Release|Any CPU
		{83B7756D-E696-47C1-B89C-F7575364B5FD}.Debug|Any CPU.ActiveCfg = Debug|Any CPU
		{83B7756D-E696-47C1-B89C-F7575364B5FD}.Debug|Any CPU.Build.0 = Debug|Any CPU
		{83B7756D-E696-47C1-B89C-F7575364B5FD}.Debug|arm64.ActiveCfg = Debug|Any CPU
		{83B7756D-E696-47C1-B89C-F7575364B5FD}.Debug|arm64.Build.0 = Debug|Any CPU
		{83B7756D-E696-47C1-B89C-F7575364B5FD}.Debug|x64.ActiveCfg = Debug|Any CPU
		{83B7756D-E696-47C1-B89C-F7575364B5FD}.Debug|x64.Build.0 = Debug|Any CPU
		{83B7756D-E696-47C1-B89C-F7575364B5FD}.Debug|x86.ActiveCfg = Debug|Any CPU
		{83B7756D-E696-47C1-B89C-F7575364B5FD}.Debug|x86.Build.0 = Debug|Any CPU
		{83B7756D-E696-47C1-B89C-F7575364B5FD}.Release|Any CPU.ActiveCfg = Release|Any CPU
		{83B7756D-E696-47C1-B89C-F7575364B5FD}.Release|Any CPU.Build.0 = Release|Any CPU
		{83B7756D-E696-47C1-B89C-F7575364B5FD}.Release|arm64.ActiveCfg = Release|Any CPU
		{83B7756D-E696-47C1-B89C-F7575364B5FD}.Release|arm64.Build.0 = Release|Any CPU
		{83B7756D-E696-47C1-B89C-F7575364B5FD}.Release|x64.ActiveCfg = Release|Any CPU
		{83B7756D-E696-47C1-B89C-F7575364B5FD}.Release|x64.Build.0 = Release|Any CPU
		{83B7756D-E696-47C1-B89C-F7575364B5FD}.Release|x86.ActiveCfg = Release|Any CPU
		{83B7756D-E696-47C1-B89C-F7575364B5FD}.Release|x86.Build.0 = Release|Any CPU
		{FB434543-9904-46E5-A1AB-CD975CD5CEA3}.Debug|Any CPU.ActiveCfg = Debug|Any CPU
		{FB434543-9904-46E5-A1AB-CD975CD5CEA3}.Debug|Any CPU.Build.0 = Debug|Any CPU
		{FB434543-9904-46E5-A1AB-CD975CD5CEA3}.Debug|arm64.ActiveCfg = Debug|Any CPU
		{FB434543-9904-46E5-A1AB-CD975CD5CEA3}.Debug|arm64.Build.0 = Debug|Any CPU
		{FB434543-9904-46E5-A1AB-CD975CD5CEA3}.Debug|x64.ActiveCfg = Debug|Any CPU
		{FB434543-9904-46E5-A1AB-CD975CD5CEA3}.Debug|x64.Build.0 = Debug|Any CPU
		{FB434543-9904-46E5-A1AB-CD975CD5CEA3}.Debug|x86.ActiveCfg = Debug|Any CPU
		{FB434543-9904-46E5-A1AB-CD975CD5CEA3}.Debug|x86.Build.0 = Debug|Any CPU
		{FB434543-9904-46E5-A1AB-CD975CD5CEA3}.Release|Any CPU.ActiveCfg = Release|Any CPU
		{FB434543-9904-46E5-A1AB-CD975CD5CEA3}.Release|Any CPU.Build.0 = Release|Any CPU
		{FB434543-9904-46E5-A1AB-CD975CD5CEA3}.Release|arm64.ActiveCfg = Release|Any CPU
		{FB434543-9904-46E5-A1AB-CD975CD5CEA3}.Release|arm64.Build.0 = Release|Any CPU
		{FB434543-9904-46E5-A1AB-CD975CD5CEA3}.Release|x64.ActiveCfg = Release|Any CPU
		{FB434543-9904-46E5-A1AB-CD975CD5CEA3}.Release|x64.Build.0 = Release|Any CPU
		{FB434543-9904-46E5-A1AB-CD975CD5CEA3}.Release|x86.ActiveCfg = Release|Any CPU
		{FB434543-9904-46E5-A1AB-CD975CD5CEA3}.Release|x86.Build.0 = Release|Any CPU
		{1B8A7C87-D421-45B9-8F4D-6512AFB05791}.Debug|Any CPU.ActiveCfg = Debug|Any CPU
		{1B8A7C87-D421-45B9-8F4D-6512AFB05791}.Debug|Any CPU.Build.0 = Debug|Any CPU
		{1B8A7C87-D421-45B9-8F4D-6512AFB05791}.Debug|arm64.ActiveCfg = Debug|Any CPU
		{1B8A7C87-D421-45B9-8F4D-6512AFB05791}.Debug|arm64.Build.0 = Debug|Any CPU
		{1B8A7C87-D421-45B9-8F4D-6512AFB05791}.Debug|x64.ActiveCfg = Debug|Any CPU
		{1B8A7C87-D421-45B9-8F4D-6512AFB05791}.Debug|x64.Build.0 = Debug|Any CPU
		{1B8A7C87-D421-45B9-8F4D-6512AFB05791}.Debug|x86.ActiveCfg = Debug|Any CPU
		{1B8A7C87-D421-45B9-8F4D-6512AFB05791}.Debug|x86.Build.0 = Debug|Any CPU
		{1B8A7C87-D421-45B9-8F4D-6512AFB05791}.Release|Any CPU.ActiveCfg = Release|Any CPU
		{1B8A7C87-D421-45B9-8F4D-6512AFB05791}.Release|Any CPU.Build.0 = Release|Any CPU
		{1B8A7C87-D421-45B9-8F4D-6512AFB05791}.Release|arm64.ActiveCfg = Release|Any CPU
		{1B8A7C87-D421-45B9-8F4D-6512AFB05791}.Release|arm64.Build.0 = Release|Any CPU
		{1B8A7C87-D421-45B9-8F4D-6512AFB05791}.Release|x64.ActiveCfg = Release|Any CPU
		{1B8A7C87-D421-45B9-8F4D-6512AFB05791}.Release|x64.Build.0 = Release|Any CPU
		{1B8A7C87-D421-45B9-8F4D-6512AFB05791}.Release|x86.ActiveCfg = Release|Any CPU
		{1B8A7C87-D421-45B9-8F4D-6512AFB05791}.Release|x86.Build.0 = Release|Any CPU
		{7E0F60E5-E1D6-44BC-882B-512A77DE7938}.Debug|Any CPU.ActiveCfg = Debug|Any CPU
		{7E0F60E5-E1D6-44BC-882B-512A77DE7938}.Debug|Any CPU.Build.0 = Debug|Any CPU
		{7E0F60E5-E1D6-44BC-882B-512A77DE7938}.Debug|arm64.ActiveCfg = Debug|Any CPU
		{7E0F60E5-E1D6-44BC-882B-512A77DE7938}.Debug|arm64.Build.0 = Debug|Any CPU
		{7E0F60E5-E1D6-44BC-882B-512A77DE7938}.Debug|x64.ActiveCfg = Debug|Any CPU
		{7E0F60E5-E1D6-44BC-882B-512A77DE7938}.Debug|x64.Build.0 = Debug|Any CPU
		{7E0F60E5-E1D6-44BC-882B-512A77DE7938}.Debug|x86.ActiveCfg = Debug|Any CPU
		{7E0F60E5-E1D6-44BC-882B-512A77DE7938}.Debug|x86.Build.0 = Debug|Any CPU
		{7E0F60E5-E1D6-44BC-882B-512A77DE7938}.Release|Any CPU.ActiveCfg = Release|Any CPU
		{7E0F60E5-E1D6-44BC-882B-512A77DE7938}.Release|Any CPU.Build.0 = Release|Any CPU
		{7E0F60E5-E1D6-44BC-882B-512A77DE7938}.Release|arm64.ActiveCfg = Release|Any CPU
		{7E0F60E5-E1D6-44BC-882B-512A77DE7938}.Release|arm64.Build.0 = Release|Any CPU
		{7E0F60E5-E1D6-44BC-882B-512A77DE7938}.Release|x64.ActiveCfg = Release|Any CPU
		{7E0F60E5-E1D6-44BC-882B-512A77DE7938}.Release|x64.Build.0 = Release|Any CPU
		{7E0F60E5-E1D6-44BC-882B-512A77DE7938}.Release|x86.ActiveCfg = Release|Any CPU
		{7E0F60E5-E1D6-44BC-882B-512A77DE7938}.Release|x86.Build.0 = Release|Any CPU
		{987F4891-7FF0-49F7-A6B6-DCCB3F181A5D}.Debug|Any CPU.ActiveCfg = Debug|Any CPU
		{987F4891-7FF0-49F7-A6B6-DCCB3F181A5D}.Debug|Any CPU.Build.0 = Debug|Any CPU
		{987F4891-7FF0-49F7-A6B6-DCCB3F181A5D}.Debug|arm64.ActiveCfg = Debug|Any CPU
		{987F4891-7FF0-49F7-A6B6-DCCB3F181A5D}.Debug|arm64.Build.0 = Debug|Any CPU
		{987F4891-7FF0-49F7-A6B6-DCCB3F181A5D}.Debug|x64.ActiveCfg = Debug|Any CPU
		{987F4891-7FF0-49F7-A6B6-DCCB3F181A5D}.Debug|x64.Build.0 = Debug|Any CPU
		{987F4891-7FF0-49F7-A6B6-DCCB3F181A5D}.Debug|x86.ActiveCfg = Debug|Any CPU
		{987F4891-7FF0-49F7-A6B6-DCCB3F181A5D}.Debug|x86.Build.0 = Debug|Any CPU
		{987F4891-7FF0-49F7-A6B6-DCCB3F181A5D}.Release|Any CPU.ActiveCfg = Release|Any CPU
		{987F4891-7FF0-49F7-A6B6-DCCB3F181A5D}.Release|Any CPU.Build.0 = Release|Any CPU
		{987F4891-7FF0-49F7-A6B6-DCCB3F181A5D}.Release|arm64.ActiveCfg = Release|Any CPU
		{987F4891-7FF0-49F7-A6B6-DCCB3F181A5D}.Release|arm64.Build.0 = Release|Any CPU
		{987F4891-7FF0-49F7-A6B6-DCCB3F181A5D}.Release|x64.ActiveCfg = Release|Any CPU
		{987F4891-7FF0-49F7-A6B6-DCCB3F181A5D}.Release|x64.Build.0 = Release|Any CPU
		{987F4891-7FF0-49F7-A6B6-DCCB3F181A5D}.Release|x86.ActiveCfg = Release|Any CPU
		{987F4891-7FF0-49F7-A6B6-DCCB3F181A5D}.Release|x86.Build.0 = Release|Any CPU
		{F3E5B007-3343-4484-B9D4-E92D7611AA9B}.Debug|Any CPU.ActiveCfg = Debug|Any CPU
		{F3E5B007-3343-4484-B9D4-E92D7611AA9B}.Debug|Any CPU.Build.0 = Debug|Any CPU
		{F3E5B007-3343-4484-B9D4-E92D7611AA9B}.Debug|arm64.ActiveCfg = Debug|Any CPU
		{F3E5B007-3343-4484-B9D4-E92D7611AA9B}.Debug|arm64.Build.0 = Debug|Any CPU
		{F3E5B007-3343-4484-B9D4-E92D7611AA9B}.Debug|x64.ActiveCfg = Debug|Any CPU
		{F3E5B007-3343-4484-B9D4-E92D7611AA9B}.Debug|x64.Build.0 = Debug|Any CPU
		{F3E5B007-3343-4484-B9D4-E92D7611AA9B}.Debug|x86.ActiveCfg = Debug|Any CPU
		{F3E5B007-3343-4484-B9D4-E92D7611AA9B}.Debug|x86.Build.0 = Debug|Any CPU
		{F3E5B007-3343-4484-B9D4-E92D7611AA9B}.Release|Any CPU.ActiveCfg = Debug|Any CPU
		{F3E5B007-3343-4484-B9D4-E92D7611AA9B}.Release|Any CPU.Build.0 = Debug|Any CPU
		{F3E5B007-3343-4484-B9D4-E92D7611AA9B}.Release|arm64.ActiveCfg = Debug|Any CPU
		{F3E5B007-3343-4484-B9D4-E92D7611AA9B}.Release|arm64.Build.0 = Debug|Any CPU
		{F3E5B007-3343-4484-B9D4-E92D7611AA9B}.Release|x64.ActiveCfg = Debug|Any CPU
		{F3E5B007-3343-4484-B9D4-E92D7611AA9B}.Release|x64.Build.0 = Debug|Any CPU
		{F3E5B007-3343-4484-B9D4-E92D7611AA9B}.Release|x86.ActiveCfg = Debug|Any CPU
		{F3E5B007-3343-4484-B9D4-E92D7611AA9B}.Release|x86.Build.0 = Debug|Any CPU
		{E782C88F-6D6F-45C8-810B-EB4A733D0BC2}.Debug|Any CPU.ActiveCfg = Debug|Any CPU
		{E782C88F-6D6F-45C8-810B-EB4A733D0BC2}.Debug|Any CPU.Build.0 = Debug|Any CPU
		{E782C88F-6D6F-45C8-810B-EB4A733D0BC2}.Debug|arm64.ActiveCfg = Debug|Any CPU
		{E782C88F-6D6F-45C8-810B-EB4A733D0BC2}.Debug|arm64.Build.0 = Debug|Any CPU
		{E782C88F-6D6F-45C8-810B-EB4A733D0BC2}.Debug|x64.ActiveCfg = Debug|Any CPU
		{E782C88F-6D6F-45C8-810B-EB4A733D0BC2}.Debug|x64.Build.0 = Debug|Any CPU
		{E782C88F-6D6F-45C8-810B-EB4A733D0BC2}.Debug|x86.ActiveCfg = Debug|Any CPU
		{E782C88F-6D6F-45C8-810B-EB4A733D0BC2}.Debug|x86.Build.0 = Debug|Any CPU
		{E782C88F-6D6F-45C8-810B-EB4A733D0BC2}.Release|Any CPU.ActiveCfg = Release|Any CPU
		{E782C88F-6D6F-45C8-810B-EB4A733D0BC2}.Release|Any CPU.Build.0 = Release|Any CPU
		{E782C88F-6D6F-45C8-810B-EB4A733D0BC2}.Release|arm64.ActiveCfg = Release|Any CPU
		{E782C88F-6D6F-45C8-810B-EB4A733D0BC2}.Release|arm64.Build.0 = Release|Any CPU
		{E782C88F-6D6F-45C8-810B-EB4A733D0BC2}.Release|x64.ActiveCfg = Release|Any CPU
		{E782C88F-6D6F-45C8-810B-EB4A733D0BC2}.Release|x64.Build.0 = Release|Any CPU
		{E782C88F-6D6F-45C8-810B-EB4A733D0BC2}.Release|x86.ActiveCfg = Release|Any CPU
		{E782C88F-6D6F-45C8-810B-EB4A733D0BC2}.Release|x86.Build.0 = Release|Any CPU
		{254872A9-69DC-4079-A90B-CE60C2F03D36}.Debug|Any CPU.ActiveCfg = Debug|Any CPU
		{254872A9-69DC-4079-A90B-CE60C2F03D36}.Debug|Any CPU.Build.0 = Debug|Any CPU
		{254872A9-69DC-4079-A90B-CE60C2F03D36}.Debug|arm64.ActiveCfg = Debug|Any CPU
		{254872A9-69DC-4079-A90B-CE60C2F03D36}.Debug|arm64.Build.0 = Debug|Any CPU
		{254872A9-69DC-4079-A90B-CE60C2F03D36}.Debug|x64.ActiveCfg = Debug|Any CPU
		{254872A9-69DC-4079-A90B-CE60C2F03D36}.Debug|x64.Build.0 = Debug|Any CPU
		{254872A9-69DC-4079-A90B-CE60C2F03D36}.Debug|x86.ActiveCfg = Debug|Any CPU
		{254872A9-69DC-4079-A90B-CE60C2F03D36}.Debug|x86.Build.0 = Debug|Any CPU
		{254872A9-69DC-4079-A90B-CE60C2F03D36}.Release|Any CPU.ActiveCfg = Release|Any CPU
		{254872A9-69DC-4079-A90B-CE60C2F03D36}.Release|Any CPU.Build.0 = Release|Any CPU
		{254872A9-69DC-4079-A90B-CE60C2F03D36}.Release|arm64.ActiveCfg = Release|Any CPU
		{254872A9-69DC-4079-A90B-CE60C2F03D36}.Release|arm64.Build.0 = Release|Any CPU
		{254872A9-69DC-4079-A90B-CE60C2F03D36}.Release|x64.ActiveCfg = Release|Any CPU
		{254872A9-69DC-4079-A90B-CE60C2F03D36}.Release|x64.Build.0 = Release|Any CPU
		{254872A9-69DC-4079-A90B-CE60C2F03D36}.Release|x86.ActiveCfg = Release|Any CPU
		{254872A9-69DC-4079-A90B-CE60C2F03D36}.Release|x86.Build.0 = Release|Any CPU
		{D2D030EC-67F5-4188-B708-17C21D1D0B52}.Debug|Any CPU.ActiveCfg = Debug|Any CPU
		{D2D030EC-67F5-4188-B708-17C21D1D0B52}.Debug|Any CPU.Build.0 = Debug|Any CPU
		{D2D030EC-67F5-4188-B708-17C21D1D0B52}.Debug|arm64.ActiveCfg = Debug|Any CPU
		{D2D030EC-67F5-4188-B708-17C21D1D0B52}.Debug|arm64.Build.0 = Debug|Any CPU
		{D2D030EC-67F5-4188-B708-17C21D1D0B52}.Debug|x64.ActiveCfg = Debug|Any CPU
		{D2D030EC-67F5-4188-B708-17C21D1D0B52}.Debug|x64.Build.0 = Debug|Any CPU
		{D2D030EC-67F5-4188-B708-17C21D1D0B52}.Debug|x86.ActiveCfg = Debug|Any CPU
		{D2D030EC-67F5-4188-B708-17C21D1D0B52}.Debug|x86.Build.0 = Debug|Any CPU
		{D2D030EC-67F5-4188-B708-17C21D1D0B52}.Release|Any CPU.ActiveCfg = Release|Any CPU
		{D2D030EC-67F5-4188-B708-17C21D1D0B52}.Release|Any CPU.Build.0 = Release|Any CPU
		{D2D030EC-67F5-4188-B708-17C21D1D0B52}.Release|arm64.ActiveCfg = Release|Any CPU
		{D2D030EC-67F5-4188-B708-17C21D1D0B52}.Release|arm64.Build.0 = Release|Any CPU
		{D2D030EC-67F5-4188-B708-17C21D1D0B52}.Release|x64.ActiveCfg = Release|Any CPU
		{D2D030EC-67F5-4188-B708-17C21D1D0B52}.Release|x64.Build.0 = Release|Any CPU
		{D2D030EC-67F5-4188-B708-17C21D1D0B52}.Release|x86.ActiveCfg = Release|Any CPU
		{D2D030EC-67F5-4188-B708-17C21D1D0B52}.Release|x86.Build.0 = Release|Any CPU
		{3671750E-E1FF-49EB-B352-9F20BC1C88D3}.Debug|Any CPU.ActiveCfg = Debug|Any CPU
		{3671750E-E1FF-49EB-B352-9F20BC1C88D3}.Debug|Any CPU.Build.0 = Debug|Any CPU
		{3671750E-E1FF-49EB-B352-9F20BC1C88D3}.Debug|arm64.ActiveCfg = Debug|Any CPU
		{3671750E-E1FF-49EB-B352-9F20BC1C88D3}.Debug|arm64.Build.0 = Debug|Any CPU
		{3671750E-E1FF-49EB-B352-9F20BC1C88D3}.Debug|x64.ActiveCfg = Debug|Any CPU
		{3671750E-E1FF-49EB-B352-9F20BC1C88D3}.Debug|x64.Build.0 = Debug|Any CPU
		{3671750E-E1FF-49EB-B352-9F20BC1C88D3}.Debug|x86.ActiveCfg = Debug|Any CPU
		{3671750E-E1FF-49EB-B352-9F20BC1C88D3}.Debug|x86.Build.0 = Debug|Any CPU
		{3671750E-E1FF-49EB-B352-9F20BC1C88D3}.Release|Any CPU.ActiveCfg = Release|Any CPU
		{3671750E-E1FF-49EB-B352-9F20BC1C88D3}.Release|Any CPU.Build.0 = Release|Any CPU
		{3671750E-E1FF-49EB-B352-9F20BC1C88D3}.Release|arm64.ActiveCfg = Release|Any CPU
		{3671750E-E1FF-49EB-B352-9F20BC1C88D3}.Release|arm64.Build.0 = Release|Any CPU
		{3671750E-E1FF-49EB-B352-9F20BC1C88D3}.Release|x64.ActiveCfg = Release|Any CPU
		{3671750E-E1FF-49EB-B352-9F20BC1C88D3}.Release|x64.Build.0 = Release|Any CPU
		{3671750E-E1FF-49EB-B352-9F20BC1C88D3}.Release|x86.ActiveCfg = Release|Any CPU
		{3671750E-E1FF-49EB-B352-9F20BC1C88D3}.Release|x86.Build.0 = Release|Any CPU
		{7D43806E-A532-47C3-A0DB-9518A6E7035D}.Debug|Any CPU.ActiveCfg = Debug|Any CPU
		{7D43806E-A532-47C3-A0DB-9518A6E7035D}.Debug|Any CPU.Build.0 = Debug|Any CPU
		{7D43806E-A532-47C3-A0DB-9518A6E7035D}.Debug|arm64.ActiveCfg = Debug|Any CPU
		{7D43806E-A532-47C3-A0DB-9518A6E7035D}.Debug|arm64.Build.0 = Debug|Any CPU
		{7D43806E-A532-47C3-A0DB-9518A6E7035D}.Debug|x64.ActiveCfg = Debug|Any CPU
		{7D43806E-A532-47C3-A0DB-9518A6E7035D}.Debug|x64.Build.0 = Debug|Any CPU
		{7D43806E-A532-47C3-A0DB-9518A6E7035D}.Debug|x86.ActiveCfg = Debug|Any CPU
		{7D43806E-A532-47C3-A0DB-9518A6E7035D}.Debug|x86.Build.0 = Debug|Any CPU
		{7D43806E-A532-47C3-A0DB-9518A6E7035D}.Release|Any CPU.ActiveCfg = Release|Any CPU
		{7D43806E-A532-47C3-A0DB-9518A6E7035D}.Release|Any CPU.Build.0 = Release|Any CPU
		{7D43806E-A532-47C3-A0DB-9518A6E7035D}.Release|arm64.ActiveCfg = Release|Any CPU
		{7D43806E-A532-47C3-A0DB-9518A6E7035D}.Release|arm64.Build.0 = Release|Any CPU
		{7D43806E-A532-47C3-A0DB-9518A6E7035D}.Release|x64.ActiveCfg = Release|Any CPU
		{7D43806E-A532-47C3-A0DB-9518A6E7035D}.Release|x64.Build.0 = Release|Any CPU
		{7D43806E-A532-47C3-A0DB-9518A6E7035D}.Release|x86.ActiveCfg = Release|Any CPU
		{7D43806E-A532-47C3-A0DB-9518A6E7035D}.Release|x86.Build.0 = Release|Any CPU
		{AD78F82C-B2F1-4116-B32A-C1682CF05999}.Debug|Any CPU.ActiveCfg = Debug|Any CPU
		{AD78F82C-B2F1-4116-B32A-C1682CF05999}.Debug|Any CPU.Build.0 = Debug|Any CPU
		{AD78F82C-B2F1-4116-B32A-C1682CF05999}.Debug|arm64.ActiveCfg = Debug|Any CPU
		{AD78F82C-B2F1-4116-B32A-C1682CF05999}.Debug|arm64.Build.0 = Debug|Any CPU
		{AD78F82C-B2F1-4116-B32A-C1682CF05999}.Debug|x64.ActiveCfg = Debug|Any CPU
		{AD78F82C-B2F1-4116-B32A-C1682CF05999}.Debug|x64.Build.0 = Debug|Any CPU
		{AD78F82C-B2F1-4116-B32A-C1682CF05999}.Debug|x86.ActiveCfg = Debug|Any CPU
		{AD78F82C-B2F1-4116-B32A-C1682CF05999}.Debug|x86.Build.0 = Debug|Any CPU
		{AD78F82C-B2F1-4116-B32A-C1682CF05999}.Release|Any CPU.ActiveCfg = Release|Any CPU
		{AD78F82C-B2F1-4116-B32A-C1682CF05999}.Release|Any CPU.Build.0 = Release|Any CPU
		{AD78F82C-B2F1-4116-B32A-C1682CF05999}.Release|arm64.ActiveCfg = Release|Any CPU
		{AD78F82C-B2F1-4116-B32A-C1682CF05999}.Release|arm64.Build.0 = Release|Any CPU
		{AD78F82C-B2F1-4116-B32A-C1682CF05999}.Release|x64.ActiveCfg = Release|Any CPU
		{AD78F82C-B2F1-4116-B32A-C1682CF05999}.Release|x64.Build.0 = Release|Any CPU
		{AD78F82C-B2F1-4116-B32A-C1682CF05999}.Release|x86.ActiveCfg = Release|Any CPU
		{AD78F82C-B2F1-4116-B32A-C1682CF05999}.Release|x86.Build.0 = Release|Any CPU
		{189BE023-07D0-4882-9469-D0269993C449}.Debug|Any CPU.ActiveCfg = Debug|Any CPU
		{189BE023-07D0-4882-9469-D0269993C449}.Debug|Any CPU.Build.0 = Debug|Any CPU
		{189BE023-07D0-4882-9469-D0269993C449}.Debug|arm64.ActiveCfg = Debug|Any CPU
		{189BE023-07D0-4882-9469-D0269993C449}.Debug|arm64.Build.0 = Debug|Any CPU
		{189BE023-07D0-4882-9469-D0269993C449}.Debug|x64.ActiveCfg = Debug|Any CPU
		{189BE023-07D0-4882-9469-D0269993C449}.Debug|x64.Build.0 = Debug|Any CPU
		{189BE023-07D0-4882-9469-D0269993C449}.Debug|x86.ActiveCfg = Debug|Any CPU
		{189BE023-07D0-4882-9469-D0269993C449}.Debug|x86.Build.0 = Debug|Any CPU
		{189BE023-07D0-4882-9469-D0269993C449}.Release|Any CPU.ActiveCfg = Release|Any CPU
		{189BE023-07D0-4882-9469-D0269993C449}.Release|Any CPU.Build.0 = Release|Any CPU
		{189BE023-07D0-4882-9469-D0269993C449}.Release|arm64.ActiveCfg = Release|Any CPU
		{189BE023-07D0-4882-9469-D0269993C449}.Release|arm64.Build.0 = Release|Any CPU
		{189BE023-07D0-4882-9469-D0269993C449}.Release|x64.ActiveCfg = Release|Any CPU
		{189BE023-07D0-4882-9469-D0269993C449}.Release|x64.Build.0 = Release|Any CPU
		{189BE023-07D0-4882-9469-D0269993C449}.Release|x86.ActiveCfg = Release|Any CPU
		{189BE023-07D0-4882-9469-D0269993C449}.Release|x86.Build.0 = Release|Any CPU
		{0DBDF691-C3AE-4545-97A5-F55746B377E1}.Debug|Any CPU.ActiveCfg = Debug|Any CPU
		{0DBDF691-C3AE-4545-97A5-F55746B377E1}.Debug|Any CPU.Build.0 = Debug|Any CPU
		{0DBDF691-C3AE-4545-97A5-F55746B377E1}.Debug|arm64.ActiveCfg = Debug|Any CPU
		{0DBDF691-C3AE-4545-97A5-F55746B377E1}.Debug|arm64.Build.0 = Debug|Any CPU
		{0DBDF691-C3AE-4545-97A5-F55746B377E1}.Debug|x64.ActiveCfg = Debug|Any CPU
		{0DBDF691-C3AE-4545-97A5-F55746B377E1}.Debug|x64.Build.0 = Debug|Any CPU
		{0DBDF691-C3AE-4545-97A5-F55746B377E1}.Debug|x86.ActiveCfg = Debug|Any CPU
		{0DBDF691-C3AE-4545-97A5-F55746B377E1}.Debug|x86.Build.0 = Debug|Any CPU
		{0DBDF691-C3AE-4545-97A5-F55746B377E1}.Release|Any CPU.ActiveCfg = Release|Any CPU
		{0DBDF691-C3AE-4545-97A5-F55746B377E1}.Release|Any CPU.Build.0 = Release|Any CPU
		{0DBDF691-C3AE-4545-97A5-F55746B377E1}.Release|arm64.ActiveCfg = Release|Any CPU
		{0DBDF691-C3AE-4545-97A5-F55746B377E1}.Release|arm64.Build.0 = Release|Any CPU
		{0DBDF691-C3AE-4545-97A5-F55746B377E1}.Release|x64.ActiveCfg = Release|Any CPU
		{0DBDF691-C3AE-4545-97A5-F55746B377E1}.Release|x64.Build.0 = Release|Any CPU
		{0DBDF691-C3AE-4545-97A5-F55746B377E1}.Release|x86.ActiveCfg = Release|Any CPU
		{0DBDF691-C3AE-4545-97A5-F55746B377E1}.Release|x86.Build.0 = Release|Any CPU
		{86BB5184-5085-43A2-882E-7D73B6C1D378}.Debug|Any CPU.ActiveCfg = Debug|Any CPU
		{86BB5184-5085-43A2-882E-7D73B6C1D378}.Debug|Any CPU.Build.0 = Debug|Any CPU
		{86BB5184-5085-43A2-882E-7D73B6C1D378}.Debug|arm64.ActiveCfg = Debug|Any CPU
		{86BB5184-5085-43A2-882E-7D73B6C1D378}.Debug|arm64.Build.0 = Debug|Any CPU
		{86BB5184-5085-43A2-882E-7D73B6C1D378}.Debug|x64.ActiveCfg = Debug|Any CPU
		{86BB5184-5085-43A2-882E-7D73B6C1D378}.Debug|x64.Build.0 = Debug|Any CPU
		{86BB5184-5085-43A2-882E-7D73B6C1D378}.Debug|x86.ActiveCfg = Debug|Any CPU
		{86BB5184-5085-43A2-882E-7D73B6C1D378}.Debug|x86.Build.0 = Debug|Any CPU
		{86BB5184-5085-43A2-882E-7D73B6C1D378}.Release|Any CPU.ActiveCfg = Release|Any CPU
		{86BB5184-5085-43A2-882E-7D73B6C1D378}.Release|Any CPU.Build.0 = Release|Any CPU
		{86BB5184-5085-43A2-882E-7D73B6C1D378}.Release|arm64.ActiveCfg = Release|Any CPU
		{86BB5184-5085-43A2-882E-7D73B6C1D378}.Release|arm64.Build.0 = Release|Any CPU
		{86BB5184-5085-43A2-882E-7D73B6C1D378}.Release|x64.ActiveCfg = Release|Any CPU
		{86BB5184-5085-43A2-882E-7D73B6C1D378}.Release|x64.Build.0 = Release|Any CPU
		{86BB5184-5085-43A2-882E-7D73B6C1D378}.Release|x86.ActiveCfg = Release|Any CPU
		{86BB5184-5085-43A2-882E-7D73B6C1D378}.Release|x86.Build.0 = Release|Any CPU
	EndGlobalSection
	GlobalSection(SolutionProperties) = preSolution
		HideSolutionNode = FALSE
	EndGlobalSection
	GlobalSection(NestedProjects) = preSolution
		{C23307A1-4E5A-4B83-A8EB-90DE334868C6} = {DBDA1B94-CCD1-48E4-AA0A-FDB5B18AF069}
		{7EC9D996-B464-4493-BF68-8A4A95AA3C83} = {FE7764F7-F5B5-4A92-9BE2-F51690EDF870}
		{167C080E-3F81-4EB7-93BD-1D8671B51835} = {DBDA1B94-CCD1-48E4-AA0A-FDB5B18AF069}
		{592FFCE1-0D8C-4797-9B3A-5F5F7E5E935B} = {DBDA1B94-CCD1-48E4-AA0A-FDB5B18AF069}
		{CD08B37A-614C-4DEB-9805-ADBD77DA3F8E} = {DBDA1B94-CCD1-48E4-AA0A-FDB5B18AF069}
		{8315C918-4C26-435C-AC32-47A87CB2792E} = {DBDA1B94-CCD1-48E4-AA0A-FDB5B18AF069}
		{8B2B63BA-AC1F-4F34-AE1A-ED4C08642E82} = {DBDA1B94-CCD1-48E4-AA0A-FDB5B18AF069}
		{FC110EBB-25E9-49AC-9D21-DBD956090ED1} = {DBDA1B94-CCD1-48E4-AA0A-FDB5B18AF069}
		{22CA72EE-FFA9-412A-B995-D51C617B8FEF} = {DBDA1B94-CCD1-48E4-AA0A-FDB5B18AF069}
		{08B7000C-F261-4543-B611-5710D12263DB} = {DBDA1B94-CCD1-48E4-AA0A-FDB5B18AF069}
		{41302EE4-1607-4BE1-A2C6-C881C3D05740} = {83DC75D5-800D-42F7-9812-BD198A62DD0B}
		{9F508BA8-DE43-4D48-AF91-B03E009C0BD4} = {83DC75D5-800D-42F7-9812-BD198A62DD0B}
		{8AB98A6E-B8C3-4387-ADA8-BB3E2DDF3275} = {2CFE7466-98C4-490A-9519-4702DF7A4E15}
		{58D183E5-41FC-4A97-9942-42B5CFDC0854} = {8AB98A6E-B8C3-4387-ADA8-BB3E2DDF3275}
		{98CA999D-D048-45A3-AB81-9F66145D3E8C} = {DBDA1B94-CCD1-48E4-AA0A-FDB5B18AF069}
		{AD7E0027-D9D3-4CDB-9AD6-AC614BA2B3A4} = {DBDA1B94-CCD1-48E4-AA0A-FDB5B18AF069}
		{CF9B5668-C2A9-4855-AA5D-983249932883} = {9BF7513A-5219-4862-A290-7D2A00589312}
		{75653A7E-60A7-4401-AED5-1AEAAD6475A5} = {9BF7513A-5219-4862-A290-7D2A00589312}
		{354A371B-4CE3-424C-BD56-27FE0CF9797D} = {9BF7513A-5219-4862-A290-7D2A00589312}
		{06A12A85-C6D4-4195-899C-8B1E1341C331} = {9BF7513A-5219-4862-A290-7D2A00589312}
		{EE73B97C-84AB-478A-ADEA-2808285871DF} = {DBDA1B94-CCD1-48E4-AA0A-FDB5B18AF069}
		{83B7756D-E696-47C1-B89C-F7575364B5FD} = {DBDA1B94-CCD1-48E4-AA0A-FDB5B18AF069}
		{FB434543-9904-46E5-A1AB-CD975CD5CEA3} = {9BF7513A-5219-4862-A290-7D2A00589312}
		{1B8A7C87-D421-45B9-8F4D-6512AFB05791} = {83DC75D5-800D-42F7-9812-BD198A62DD0B}
		{7E0F60E5-E1D6-44BC-882B-512A77DE7938} = {83DC75D5-800D-42F7-9812-BD198A62DD0B}
		{E372DEF8-FB4F-4B11-A11F-E42D688A7BD8} = {D9006A33-CDE2-4791-86F6-9DFD89D93012}
		{4875FB48-A15B-42BE-9A2A-20027C5607A7} = {E372DEF8-FB4F-4B11-A11F-E42D688A7BD8}
		{8F7E6921-DAC1-466E-AE74-6B3923E47EFC} = {E372DEF8-FB4F-4B11-A11F-E42D688A7BD8}
		{987F4891-7FF0-49F7-A6B6-DCCB3F181A5D} = {DBDA1B94-CCD1-48E4-AA0A-FDB5B18AF069}
		{F3E5B007-3343-4484-B9D4-E92D7611AA9B} = {DBDA1B94-CCD1-48E4-AA0A-FDB5B18AF069}
		{E782C88F-6D6F-45C8-810B-EB4A733D0BC2} = {83DC75D5-800D-42F7-9812-BD198A62DD0B}
		{254872A9-69DC-4079-A90B-CE60C2F03D36} = {DBDA1B94-CCD1-48E4-AA0A-FDB5B18AF069}
		{D2D030EC-67F5-4188-B708-17C21D1D0B52} = {2CFE7466-98C4-490A-9519-4702DF7A4E15}
		{3671750E-E1FF-49EB-B352-9F20BC1C88D3} = {DBDA1B94-CCD1-48E4-AA0A-FDB5B18AF069}
		{7D43806E-A532-47C3-A0DB-9518A6E7035D} = {83DC75D5-800D-42F7-9812-BD198A62DD0B}
		{AD78F82C-B2F1-4116-B32A-C1682CF05999} = {83DC75D5-800D-42F7-9812-BD198A62DD0B}
		{189BE023-07D0-4882-9469-D0269993C449} = {83DC75D5-800D-42F7-9812-BD198A62DD0B}
		{9E427CA6-E969-4D07-B75C-1DFBBB965495} = {1A3C35E5-1C30-44F2-AB46-F5E7F99E524C}
		{0DBDF691-C3AE-4545-97A5-F55746B377E1} = {FE7764F7-F5B5-4A92-9BE2-F51690EDF870}
		{86BB5184-5085-43A2-882E-7D73B6C1D378} = {DBDA1B94-CCD1-48E4-AA0A-FDB5B18AF069}
	EndGlobalSection
	GlobalSection(ExtensibilityGlobals) = postSolution
		SolutionGuid = {5F2E7334-FE9C-4C03-AF1E-BB3B7D5531D9}
	EndGlobalSection
EndGlobal
