
Microsoft Visual Studio Solution File, Format Version 12.00
# Visual Studio Version 16
VisualStudioVersion = 16.0.28606.126
MinimumVisualStudioVersion = 10.0.40219.1
Project("{2150E333-8FDC-42A3-9474-1A3956D46DE8}") = "Doc", "Doc", "{2CFE7466-98C4-490A-9519-4702DF7A4E15}"
	ProjectSection(SolutionItems) = preProject
		Doc\CADENCE.md = Doc\CADENCE.md
		Doc\Cheats.txt = Doc\Cheats.txt
		Doc\DEVELOPER.md = Doc\DEVELOPER.md
		Doc\MAINTAIN.md = Doc\MAINTAIN.md
		Doc\RELEASE.md = Doc\RELEASE.md
		Doc\SUDO and WinSCP.docx = Doc\SUDO and WinSCP.docx
		Doc\Ubuntu-18.04 Hyper-V Template.docx = Doc\Ubuntu-18.04 Hyper-V Template.docx
		Doc\Ubuntu-18.04 XenServer Template.docx = Doc\Ubuntu-18.04 XenServer Template.docx
	EndProjectSection
EndProject
Project("{2150E333-8FDC-42A3-9474-1A3956D46DE8}") = "GitHub", "GitHub", "{4442F115-52D3-4E88-BE9B-9E4B32AD33A0}"
	ProjectSection(SolutionItems) = preProject
		.gitattributes = .gitattributes
		.gitignore = .gitignore
		buildenv.cmd = buildenv.cmd
		global.json = global.json
		kube-version.txt = kube-version.txt
		LICENSE = LICENSE
		passwords.zip = passwords.zip
		product-version.txt = product-version.txt
		README.md = README.md
	EndProjectSection
EndProject
Project("{2150E333-8FDC-42A3-9474-1A3956D46DE8}") = "Lib", "Lib", "{DBDA1B94-CCD1-48E4-AA0A-FDB5B18AF069}"
EndProject
Project("{9A19103F-16F7-4668-BE54-9A1E7A4F7556}") = "Neon.Common", "Lib\Neon.Common\Neon.Common.csproj", "{8D3BD5BA-AAF6-4233-879F-69A63EB6CDA1}"
EndProject
Project("{9A19103F-16F7-4668-BE54-9A1E7A4F7556}") = "Neon.Kube", "Lib\Neon.Kube\Neon.Kube.csproj", "{C23307A1-4E5A-4B83-A8EB-90DE334868C6}"
EndProject
Project("{9A19103F-16F7-4668-BE54-9A1E7A4F7556}") = "Neon.Docker", "Lib\Neon.Docker\Neon.Docker.csproj", "{893C943F-C1A7-448B-AACF-825DB9560AB4}"
EndProject
Project("{9A19103F-16F7-4668-BE54-9A1E7A4F7556}") = "Neon.Xunit", "Lib\Neon.Xunit\Neon.Xunit.csproj", "{468E440F-2284-483D-A54A-EC540C85F76E}"
EndProject
Project("{2150E333-8FDC-42A3-9474-1A3956D46DE8}") = "Tools", "Tools", "{FE7764F7-F5B5-4A92-9BE2-F51690EDF870}"
EndProject
Project("{9A19103F-16F7-4668-BE54-9A1E7A4F7556}") = "unix-text", "Tools\unix-text\unix-text.csproj", "{66229C6D-EC7E-4340-8BC0-6C9E6EF830C6}"
	ProjectSection(ProjectDependencies) = postProject
		{756FB86B-29BC-4C6B-A19B-A624A9E9D367} = {756FB86B-29BC-4C6B-A19B-A624A9E9D367}
	EndProjectSection
EndProject
Project("{FAE04EC0-301F-11D3-BF4B-00C04F79EFBC}") = "pubcore", "Tools\pubcore\pubcore.csproj", "{756FB86B-29BC-4C6B-A19B-A624A9E9D367}"
EndProject
Project("{2150E333-8FDC-42A3-9474-1A3956D46DE8}") = "Test", "Test", "{83DC75D5-800D-42F7-9812-BD198A62DD0B}"
EndProject
Project("{9A19103F-16F7-4668-BE54-9A1E7A4F7556}") = "Test.Neon.Models.Definitions", "Test\Test.Neon.Models.Definitions\Test.Neon.Models.Definitions.csproj", "{626E630A-03D5-4578-88B1-31B0E6011E2C}"
EndProject
Project("{2150E333-8FDC-42A3-9474-1A3956D46DE8}") = "Models", "Models", "{5641C82B-E8E5-49AD-8DEE-E574D0D77460}"
EndProject
Project("{9A19103F-16F7-4668-BE54-9A1E7A4F7556}") = "neon-cli", "Tools\neon-cli\neon-cli.csproj", "{7EC9D996-B464-4493-BF68-8A4A95AA3C83}"
	ProjectSection(ProjectDependencies) = postProject
		{756FB86B-29BC-4C6B-A19B-A624A9E9D367} = {756FB86B-29BC-4C6B-A19B-A624A9E9D367}
		{66229C6D-EC7E-4340-8BC0-6C9E6EF830C6} = {66229C6D-EC7E-4340-8BC0-6C9E6EF830C6}
	EndProjectSection
EndProject
Project("{FAE04EC0-301F-11D3-BF4B-00C04F79EFBC}") = "Images", "Images\Images.csproj", "{78A69CC0-1CA5-4D1A-889F-765212271A9A}"
EndProject
Project("{2150E333-8FDC-42A3-9474-1A3956D46DE8}") = "External", "External", "{1A3C35E5-1C30-44F2-AB46-F5E7F99E524C}"
	ProjectSection(SolutionItems) = preProject
		External\innosetup-qsp-5.6.1-unicode.exe = External\innosetup-qsp-5.6.1-unicode.exe
		External\SHFBInstaller_v2015.1.12.0.zip = External\SHFBInstaller_v2015.1.12.0.zip
		External\XenCenterSetup.msi = External\XenCenterSetup.msi
		External\zenburn-ligh-putty.reg = External\zenburn-ligh-putty.reg
	EndProjectSection
EndProject
Project("{2150E333-8FDC-42A3-9474-1A3956D46DE8}") = "User", "User", "{DB3EE5E6-94C8-4298-AABB-FB46E820C00F}"
EndProject
Project("{2150E333-8FDC-42A3-9474-1A3956D46DE8}") = "jeff.lill", "jeff.lill", "{A0DF3DBA-C31E-43F9-99EB-DEECB7793539}"
EndProject
Project("{9A19103F-16F7-4668-BE54-9A1E7A4F7556}") = "Neon.Couchbase", "Lib\Neon.Couchbase\Neon.Couchbase.csproj", "{7AB3C81C-8F25-4F42-B992-947ACDF34056}"
EndProject
Project("{2150E333-8FDC-42A3-9474-1A3956D46DE8}") = "ToolBin", "ToolBin", "{E9E3D01B-F890-4F0A-88F1-5F87E5D1F198}"
	ProjectSection(SolutionItems) = preProject
		ToolBin\neon-archive.cmd = ToolBin\neon-archive.cmd
		ToolBin\neon-archive.ps1 = ToolBin\neon-archive.ps1
		ToolBin\neon-build.cmd = ToolBin\neon-build.cmd
		ToolBin\neon-cadence.cmd = ToolBin\neon-cadence.cmd
		ToolBin\neon-cadence.ps1 = ToolBin\neon-cadence.ps1
		ToolBin\neonkube-build.cmd = ToolBin\neonkube-build.cmd
		ToolBin\neonkube-build.ps1 = ToolBin\neonkube-build.ps1
		ToolBin\nuget-neonforge-local.ps1 = ToolBin\nuget-neonforge-local.ps1
		ToolBin\nuget-neonforge-public.ps1 = ToolBin\nuget-neonforge-public.ps1
		ToolBin\text.cmd = ToolBin\text.cmd
		ToolBin\unix-text.cmd = ToolBin\unix-text.cmd
	EndProjectSection
EndProject
Project("{FAE04EC0-301F-11D3-BF4B-00C04F79EFBC}") = "core-layers", "Tools\core-layers\core-layers.csproj", "{F22F7C21-909E-4BB6-8B22-CEFF63FEC66D}"
EndProject
Project("{9A19103F-16F7-4668-BE54-9A1E7A4F7556}") = "Neon.Web", "Lib\Neon.Web\Neon.Web.csproj", "{856207D6-F230-47A3-BF50-3D0451FEC3ED}"
EndProject
Project("{2150E333-8FDC-42A3-9474-1A3956D46DE8}") = "Devops", "Devops", "{E853860E-86DE-407E-95BB-4C5E1CEAFC39}"
EndProject
Project("{FAE04EC0-301F-11D3-BF4B-00C04F79EFBC}") = "uuid-gen", "Tools\uuid-gen\uuid-gen.csproj", "{12E8C084-88B8-47A9-82AD-038C206089AA}"
EndProject
Project("{9A19103F-16F7-4668-BE54-9A1E7A4F7556}") = "Neon.Xunit.Kube", "Lib\Neon.Xunit.Kube\Neon.Xunit.Kube.csproj", "{167C080E-3F81-4EB7-93BD-1D8671B51835}"
EndProject
Project("{9A19103F-16F7-4668-BE54-9A1E7A4F7556}") = "Test.Neon.Common", "Test\Test.Neon.Common\Test.Neon.Common.csproj", "{11EDBC14-0BF4-4C6B-86DD-3D292845C62A}"
EndProject
Project("{9A19103F-16F7-4668-BE54-9A1E7A4F7556}") = "Neon.Kube.Aws", "Lib\Neon.Kube.Aws\Neon.Kube.Aws.csproj", "{592FFCE1-0D8C-4797-9B3A-5F5F7E5E935B}"
EndProject
Project("{9A19103F-16F7-4668-BE54-9A1E7A4F7556}") = "Neon.Kube.Azure", "Lib\Neon.Kube.Azure\Neon.Kube.Azure.csproj", "{CD08B37A-614C-4DEB-9805-ADBD77DA3F8E}"
EndProject
Project("{9A19103F-16F7-4668-BE54-9A1E7A4F7556}") = "Neon.Kube.Google", "Lib\Neon.Kube.Google\Neon.Kube.Google.csproj", "{8315C918-4C26-435C-AC32-47A87CB2792E}"
EndProject
Project("{9A19103F-16F7-4668-BE54-9A1E7A4F7556}") = "Neon.Kube.HyperV", "Lib\Neon.Kube.HyperV\Neon.Kube.HyperV.csproj", "{803A4763-4B6E-42AF-ADBB-61227369B5AE}"
EndProject
Project("{9A19103F-16F7-4668-BE54-9A1E7A4F7556}") = "Neon.Kube.HyperVLocal", "Lib\Neon.Kube.HyperVLocal\Neon.Kube.HyperVLocal.csproj", "{8B2B63BA-AC1F-4F34-AE1A-ED4C08642E82}"
EndProject
Project("{9A19103F-16F7-4668-BE54-9A1E7A4F7556}") = "Neon.Kube.Machine", "Lib\Neon.Kube.Machine\Neon.Kube.Machine.csproj", "{FC110EBB-25E9-49AC-9D21-DBD956090ED1}"
EndProject
Project("{9A19103F-16F7-4668-BE54-9A1E7A4F7556}") = "Neon.Kube.XenServer", "Lib\Neon.Kube.XenServer\Neon.Kube.XenServer.csproj", "{22CA72EE-FFA9-412A-B995-D51C617B8FEF}"
EndProject
Project("{9A19103F-16F7-4668-BE54-9A1E7A4F7556}") = "Neon.Kube.Hosting", "Lib\Neon.Kube.Hosting\Neon.Kube.Hosting.csproj", "{08B7000C-F261-4543-B611-5710D12263DB}"
EndProject
Project("{9A19103F-16F7-4668-BE54-9A1E7A4F7556}") = "Neon.HyperV", "Lib\Neon.HyperV\Neon.HyperV.csproj", "{2E9E803A-1422-42E7-8472-4E15EDFC7002}"
EndProject
Project("{9A19103F-16F7-4668-BE54-9A1E7A4F7556}") = "Neon.XenServer", "Lib\Neon.XenServer\Neon.XenServer.csproj", "{1A6C061D-83FD-4B53-8E96-80A1546C8F4B}"
EndProject
Project("{2150E333-8FDC-42A3-9474-1A3956D46DE8}") = "home", "home", "{E4CB108C-A8C4-4B30-A07E-44D56027B98B}"
	ProjectSection(SolutionItems) = preProject
		Devops\home\large.cluster.yaml = Devops\home\large.cluster.yaml
		Devops\home\small.cluster.yaml = Devops\home\small.cluster.yaml
		Devops\home\tiny.cluster.yaml = Devops\home\tiny.cluster.yaml
	EndProjectSection
EndProject
Project("{2150E333-8FDC-42A3-9474-1A3956D46DE8}") = "wrt", "wrt", "{68D2B92F-A5C0-4E29-9E53-64F600400568}"
	ProjectSection(SolutionItems) = preProject
		Devops\wrt\jeff-small.cluster.yaml = Devops\wrt\jeff-small.cluster.yaml
	EndProjectSection
EndProject
Project("{9A19103F-16F7-4668-BE54-9A1E7A4F7556}") = "Test.Neon.Kube", "Test\Test.Neon.Kube\Test.Neon.Kube.csproj", "{41302EE4-1607-4BE1-A2C6-C881C3D05740}"
EndProject
Project("{9A19103F-16F7-4668-BE54-9A1E7A4F7556}") = "Test.NeonCli", "Test\Test.NeonCli\Test.NeonCli.csproj", "{BA132F50-1C79-4FF4-A596-16BBC7CD6BAC}"
EndProject
Project("{2150E333-8FDC-42A3-9474-1A3956D46DE8}") = "Desktop", "Desktop", "{33866B5A-71FB-4430-9C0B-019B20644653}"
EndProject
Project("{9A19103F-16F7-4668-BE54-9A1E7A4F7556}") = "Neon.Cryptography", "Lib\Neon.Cryptography\Neon.Cryptography.csproj", "{E77C7D25-275F-4DD6-B572-7317FED20393}"
EndProject
Project("{2150E333-8FDC-42A3-9474-1A3956D46DE8}") = "OpenSSL", "OpenSSL", "{23E8D775-B5CA-440B-ACF2-1F7C212FE5C3}"
	ProjectSection(SolutionItems) = preProject
		External\OpenSSL\DOWNLOAD.md = External\OpenSSL\DOWNLOAD.md
		External\OpenSSL\HashInfo.txt = External\OpenSSL\HashInfo.txt
		External\OpenSSL\libeay32.dll = External\OpenSSL\libeay32.dll
		External\OpenSSL\OpenSSL License.txt = External\OpenSSL\OpenSSL License.txt
		External\OpenSSL\openssl.cnf = External\OpenSSL\openssl.cnf
		External\OpenSSL\openssl.exe = External\OpenSSL\openssl.exe
		External\OpenSSL\ReadMe.txt = External\OpenSSL\ReadMe.txt
		External\OpenSSL\ssleay32.dll = External\OpenSSL\ssleay32.dll
	EndProjectSection
EndProject
Project("{2150E333-8FDC-42A3-9474-1A3956D46DE8}") = "office", "office", "{19BEBB72-3462-40E0-BC93-983D10652E54}"
	ProjectSection(SolutionItems) = preProject
		Devops\office\large.cluster.yaml = Devops\office\large.cluster.yaml
		Devops\office\small.cluster.yaml = Devops\office\small.cluster.yaml
		Devops\office\tiny.cluster.yaml = Devops\office\tiny.cluster.yaml
	EndProjectSection
EndProject
Project("{FAE04EC0-301F-11D3-BF4B-00C04F79EFBC}") = "WinInstaller", "Desktop\WinInstaller\WinInstaller.csproj", "{8570DE4C-67AC-4E08-90C4-BB56D644FEA6}"
EndProject
Project("{9A19103F-16F7-4668-BE54-9A1E7A4F7556}") = "neon-build", "Tools\neon-build\neon-build.csproj", "{E8F07DAB-0ED0-4A2F-9DD3-DE8D73D72B89}"
	ProjectSection(ProjectDependencies) = postProject
		{756FB86B-29BC-4C6B-A19B-A624A9E9D367} = {756FB86B-29BC-4C6B-A19B-A624A9E9D367}
	EndProjectSection
EndProject
Project("{FAE04EC0-301F-11D3-BF4B-00C04F79EFBC}") = "WinDesktop", "Desktop\WinDesktop\WinDesktop.csproj", "{81D4C74B-3F7B-499F-8DEF-DA2CB600DE0E}"
EndProject
Project("{2150E333-8FDC-42A3-9474-1A3956D46DE8}") = "Images", "Images", "{254E352F-B0B7-4044-BF5D-4944CDC2CE45}"
EndProject
Project("{2150E333-8FDC-42A3-9474-1A3956D46DE8}") = "DEVELOPER", "DEVELOPER", "{C825B67A-D3D3-4404-83E2-A8CED1C595E2}"
	ProjectSection(SolutionItems) = preProject
		Doc\Images\DEVELOPER\DockerLogo.png = Doc\Images\DEVELOPER\DockerLogo.png
		Doc\Images\DEVELOPER\DockerNetwork.png = Doc\Images\DEVELOPER\DockerNetwork.png
		Doc\Images\DEVELOPER\DockerSysTray.png = Doc\Images\DEVELOPER\DockerSysTray.png
		Doc\Images\DEVELOPER\SkypeConnections.png = Doc\Images\DEVELOPER\SkypeConnections.png
		Doc\Images\DEVELOPER\VisualStudioClone.png = Doc\Images\DEVELOPER\VisualStudioClone.png
		Doc\Images\DEVELOPER\WinSCPHiddenFiles.png = Doc\Images\DEVELOPER\WinSCPHiddenFiles.png
	EndProjectSection
EndProject
Project("{2150E333-8FDC-42A3-9474-1A3956D46DE8}") = "IssueImages", "IssueImages", "{9C2A58E3-0686-4E98-80EB-30981CA48359}"
	ProjectSection(SolutionItems) = preProject
		Doc\IssueImages\README.md = Doc\IssueImages\README.md
	EndProjectSection
EndProject
Project("{FAE04EC0-301F-11D3-BF4B-00C04F79EFBC}") = "text", "Tools\text\text.csproj", "{407E3C67-F529-4D4A-811D-6D448A8B1311}"
EndProject
Project("{9A19103F-16F7-4668-BE54-9A1E7A4F7556}") = "Neon.Kube.Service", "Lib\Neon.Kube.Service\Neon.Kube.Service.csproj", "{A26FC706-862F-4690-A626-B83A988A9411}"
EndProject
Project("{9A19103F-16F7-4668-BE54-9A1E7A4F7556}") = "Test.Neon.Cryptography", "Test\Test.Neon.Cryptography\Test.Neon.Cryptography.csproj", "{274B582D-10B8-4030-9F0C-3337C5509D03}"
EndProject
Project("{9A19103F-16F7-4668-BE54-9A1E7A4F7556}") = "Test.Neon.Xunit", "Test\Test.Neon.Xunit\Test.Neon.Xunit.csproj", "{1F5668B6-D39C-47C5-82AD-BF7C0F0A9178}"
EndProject
Project("{9A19103F-16F7-4668-BE54-9A1E7A4F7556}") = "Neon.CodeGen", "Lib\Neon.CodeGen\Neon.CodeGen.csproj", "{1DC33C50-461F-4793-88FA-637E16D9C563}"
EndProject
Project("{9A19103F-16F7-4668-BE54-9A1E7A4F7556}") = "Test.RestApi", "Test\Test.RestApi\Test.RestApi.csproj", "{70216CFB-7D80-40BB-B95C-66E7DD991C16}"
EndProject
Project("{9A19103F-16F7-4668-BE54-9A1E7A4F7556}") = "Test.Neon.CodeGen", "Test\Test.Neon.CodeGen\Test.Neon.CodeGen.csproj", "{40496FF2-3343-476D-9BE6-29D4CDBC86C5}"
EndProject
Project("{9A19103F-16F7-4668-BE54-9A1E7A4F7556}") = "Test.Neon.Models", "Test\Test.Neon.Models\Test.Neon.Models.csproj", "{DF8A6F39-7A8D-477F-8A19-8B467671B542}"
	ProjectSection(ProjectDependencies) = postProject
		{7EC9D996-B464-4493-BF68-8A4A95AA3C83} = {7EC9D996-B464-4493-BF68-8A4A95AA3C83}
	EndProjectSection
EndProject
Project("{9A19103F-16F7-4668-BE54-9A1E7A4F7556}") = "Neon.Xunit.Couchbase", "Lib\Neon.Xunit.Couchbase\Neon.Xunit.Couchbase.csproj", "{12283401-E727-4771-A24E-E9B873AD44BB}"
EndProject
Project("{9A19103F-16F7-4668-BE54-9A1E7A4F7556}") = "Test.Neon.Couchbase", "Test\Test.Neon.Couchbase\Test.Neon.Couchbase.csproj", "{D3AA09B8-9C4D-42DC-83CE-E2F319EB6287}"
EndProject
Project("{9A19103F-16F7-4668-BE54-9A1E7A4F7556}") = "Neon.Cadence", "Lib\Neon.Cadence\Neon.Cadence.csproj", "{9390BB49-A4BD-490A-ABC3-AF28745D6003}"
	ProjectSection(ProjectDependencies) = postProject
		{C2071335-AFDF-4643-93A2-EAC482E90E73} = {C2071335-AFDF-4643-93A2-EAC482E90E73}
	EndProjectSection
EndProject
Project("{9A19103F-16F7-4668-BE54-9A1E7A4F7556}") = "Test.Neon.Cadence", "Test\Test.Neon.Cadence\Test.Neon.Cadence.csproj", "{4077F366-4847-4210-9BBA-D2C76E983367}"
EndProject
Project("{9A19103F-16F7-4668-BE54-9A1E7A4F7556}") = "Neon.Xunit.Cadence", "Lib\Neon.Xunit.Cadence\Neon.Xunit.Cadence.csproj", "{3756FD8F-6E2B-4BE4-A4D5-D6A7EB0D1374}"
EndProject
Project("{2150E333-8FDC-42A3-9474-1A3956D46DE8}") = "Go", "Go", "{F91BE5A3-9CBD-409B-AE86-D6FD8C09F02D}"
	ProjectSection(SolutionItems) = preProject
		Go\build-all.ps1 = Go\build-all.ps1
		Go\build-cadence-proxy.ps1 = Go\build-cadence-proxy.ps1
	EndProjectSection
EndProject
Project("{9A19103F-16F7-4668-BE54-9A1E7A4F7556}") = "GoBuilder", "Go\GoBuilder\GoBuilder.csproj", "{C2071335-AFDF-4643-93A2-EAC482E90E73}"
EndProject
Project("{2150E333-8FDC-42A3-9474-1A3956D46DE8}") = "bin", "bin", "{B811096C-2648-4156-A7E4-05E9A5C69297}"
EndProject
Project("{2150E333-8FDC-42A3-9474-1A3956D46DE8}") = "src", "src", "{EAA2C7EE-0B01-4B2B-80FA-7BF3D03552BA}"
EndProject
Project("{2150E333-8FDC-42A3-9474-1A3956D46DE8}") = "pkg", "pkg", "{07791873-FCCD-4506-B192-A61509724BD6}"
EndProject
Project("{2150E333-8FDC-42A3-9474-1A3956D46DE8}") = "github.com", "github.com", "{DFFBE94F-8C0E-4592-AF14-7B47A41AE2C9}"
EndProject
Project("{9A19103F-16F7-4668-BE54-9A1E7A4F7556}") = "Neon.Nats", "Lib\Neon.Nats\Neon.Nats.csproj", "{3D3A8742-0EC5-4C95-92F5-84F95A0B7F1A}"
EndProject
Project("{9A19103F-16F7-4668-BE54-9A1E7A4F7556}") = "Neon.SSH.NET", "Lib\Neon.SSH.NET\Neon.SSH.NET.csproj", "{123530FE-5F4C-4129-97A8-2246DF8B583E}"
EndProject
Project("{9A19103F-16F7-4668-BE54-9A1E7A4F7556}") = "Test.Neon.Cadence2", "Test\Test.Neon.Cadence2\Test.Neon.Cadence2.csproj", "{3142BF8F-8A1A-4D4B-9527-6C496A9671F5}"
EndProject
Project("{9A19103F-16F7-4668-BE54-9A1E7A4F7556}") = "Neon.Xunit.Cadence2", "Lib\Neon.Xunit.Cadence2\Neon.Xunit.Cadence2.csproj", "{22AC27D9-1DB4-4D92-9E93-E181FF1981FD}"
EndProject
Project("{9A19103F-16F7-4668-BE54-9A1E7A4F7556}") = "Test.Neon.Web", "Test\Test.Neon.Web\Test.Neon.Web.csproj", "{DF45D6DD-02D7-479E-8856-A06A0C679B58}"
EndProject
Project("{9A19103F-16F7-4668-BE54-9A1E7A4F7556}") = "Neon.Cadence2", "Lib\Neon.Cadence2\Neon.Cadence2.csproj", "{239DFD58-B090-439A-BD75-6F26802FD912}"
	ProjectSection(ProjectDependencies) = postProject
		{C2071335-AFDF-4643-93A2-EAC482E90E73} = {C2071335-AFDF-4643-93A2-EAC482E90E73}
	EndProjectSection
EndProject
Global
	GlobalSection(SolutionConfigurationPlatforms) = preSolution
		Debug|Any CPU = Debug|Any CPU
		Debug|x64 = Debug|x64
		Debug|x86 = Debug|x86
		Release|Any CPU = Release|Any CPU
		Release|x64 = Release|x64
		Release|x86 = Release|x86
	EndGlobalSection
	GlobalSection(ProjectConfigurationPlatforms) = postSolution
		{8D3BD5BA-AAF6-4233-879F-69A63EB6CDA1}.Debug|Any CPU.ActiveCfg = Debug|Any CPU
		{8D3BD5BA-AAF6-4233-879F-69A63EB6CDA1}.Debug|Any CPU.Build.0 = Debug|Any CPU
		{8D3BD5BA-AAF6-4233-879F-69A63EB6CDA1}.Debug|x64.ActiveCfg = Debug|Any CPU
		{8D3BD5BA-AAF6-4233-879F-69A63EB6CDA1}.Debug|x64.Build.0 = Debug|Any CPU
		{8D3BD5BA-AAF6-4233-879F-69A63EB6CDA1}.Debug|x86.ActiveCfg = Debug|Any CPU
		{8D3BD5BA-AAF6-4233-879F-69A63EB6CDA1}.Debug|x86.Build.0 = Debug|Any CPU
		{8D3BD5BA-AAF6-4233-879F-69A63EB6CDA1}.Release|Any CPU.ActiveCfg = Release|Any CPU
		{8D3BD5BA-AAF6-4233-879F-69A63EB6CDA1}.Release|Any CPU.Build.0 = Release|Any CPU
		{8D3BD5BA-AAF6-4233-879F-69A63EB6CDA1}.Release|x64.ActiveCfg = Release|Any CPU
		{8D3BD5BA-AAF6-4233-879F-69A63EB6CDA1}.Release|x64.Build.0 = Release|Any CPU
		{8D3BD5BA-AAF6-4233-879F-69A63EB6CDA1}.Release|x86.ActiveCfg = Release|Any CPU
		{8D3BD5BA-AAF6-4233-879F-69A63EB6CDA1}.Release|x86.Build.0 = Release|Any CPU
		{C23307A1-4E5A-4B83-A8EB-90DE334868C6}.Debug|Any CPU.ActiveCfg = Debug|Any CPU
		{C23307A1-4E5A-4B83-A8EB-90DE334868C6}.Debug|Any CPU.Build.0 = Debug|Any CPU
		{C23307A1-4E5A-4B83-A8EB-90DE334868C6}.Debug|x64.ActiveCfg = Debug|Any CPU
		{C23307A1-4E5A-4B83-A8EB-90DE334868C6}.Debug|x64.Build.0 = Debug|Any CPU
		{C23307A1-4E5A-4B83-A8EB-90DE334868C6}.Debug|x86.ActiveCfg = Debug|Any CPU
		{C23307A1-4E5A-4B83-A8EB-90DE334868C6}.Debug|x86.Build.0 = Debug|Any CPU
		{C23307A1-4E5A-4B83-A8EB-90DE334868C6}.Release|Any CPU.ActiveCfg = Release|Any CPU
		{C23307A1-4E5A-4B83-A8EB-90DE334868C6}.Release|Any CPU.Build.0 = Release|Any CPU
		{C23307A1-4E5A-4B83-A8EB-90DE334868C6}.Release|x64.ActiveCfg = Release|Any CPU
		{C23307A1-4E5A-4B83-A8EB-90DE334868C6}.Release|x64.Build.0 = Release|Any CPU
		{C23307A1-4E5A-4B83-A8EB-90DE334868C6}.Release|x86.ActiveCfg = Release|Any CPU
		{C23307A1-4E5A-4B83-A8EB-90DE334868C6}.Release|x86.Build.0 = Release|Any CPU
		{893C943F-C1A7-448B-AACF-825DB9560AB4}.Debug|Any CPU.ActiveCfg = Debug|Any CPU
		{893C943F-C1A7-448B-AACF-825DB9560AB4}.Debug|Any CPU.Build.0 = Debug|Any CPU
		{893C943F-C1A7-448B-AACF-825DB9560AB4}.Debug|x64.ActiveCfg = Debug|Any CPU
		{893C943F-C1A7-448B-AACF-825DB9560AB4}.Debug|x64.Build.0 = Debug|Any CPU
		{893C943F-C1A7-448B-AACF-825DB9560AB4}.Debug|x86.ActiveCfg = Debug|Any CPU
		{893C943F-C1A7-448B-AACF-825DB9560AB4}.Debug|x86.Build.0 = Debug|Any CPU
		{893C943F-C1A7-448B-AACF-825DB9560AB4}.Release|Any CPU.ActiveCfg = Release|Any CPU
		{893C943F-C1A7-448B-AACF-825DB9560AB4}.Release|Any CPU.Build.0 = Release|Any CPU
		{893C943F-C1A7-448B-AACF-825DB9560AB4}.Release|x64.ActiveCfg = Release|Any CPU
		{893C943F-C1A7-448B-AACF-825DB9560AB4}.Release|x64.Build.0 = Release|Any CPU
		{893C943F-C1A7-448B-AACF-825DB9560AB4}.Release|x86.ActiveCfg = Release|Any CPU
		{893C943F-C1A7-448B-AACF-825DB9560AB4}.Release|x86.Build.0 = Release|Any CPU
		{468E440F-2284-483D-A54A-EC540C85F76E}.Debug|Any CPU.ActiveCfg = Debug|Any CPU
		{468E440F-2284-483D-A54A-EC540C85F76E}.Debug|Any CPU.Build.0 = Debug|Any CPU
		{468E440F-2284-483D-A54A-EC540C85F76E}.Debug|x64.ActiveCfg = Debug|Any CPU
		{468E440F-2284-483D-A54A-EC540C85F76E}.Debug|x64.Build.0 = Debug|Any CPU
		{468E440F-2284-483D-A54A-EC540C85F76E}.Debug|x86.ActiveCfg = Debug|Any CPU
		{468E440F-2284-483D-A54A-EC540C85F76E}.Debug|x86.Build.0 = Debug|Any CPU
		{468E440F-2284-483D-A54A-EC540C85F76E}.Release|Any CPU.ActiveCfg = Release|Any CPU
		{468E440F-2284-483D-A54A-EC540C85F76E}.Release|Any CPU.Build.0 = Release|Any CPU
		{468E440F-2284-483D-A54A-EC540C85F76E}.Release|x64.ActiveCfg = Release|Any CPU
		{468E440F-2284-483D-A54A-EC540C85F76E}.Release|x64.Build.0 = Release|Any CPU
		{468E440F-2284-483D-A54A-EC540C85F76E}.Release|x86.ActiveCfg = Release|Any CPU
		{468E440F-2284-483D-A54A-EC540C85F76E}.Release|x86.Build.0 = Release|Any CPU
		{66229C6D-EC7E-4340-8BC0-6C9E6EF830C6}.Debug|Any CPU.ActiveCfg = Debug|Any CPU
		{66229C6D-EC7E-4340-8BC0-6C9E6EF830C6}.Debug|Any CPU.Build.0 = Debug|Any CPU
		{66229C6D-EC7E-4340-8BC0-6C9E6EF830C6}.Debug|x64.ActiveCfg = Debug|Any CPU
		{66229C6D-EC7E-4340-8BC0-6C9E6EF830C6}.Debug|x64.Build.0 = Debug|Any CPU
		{66229C6D-EC7E-4340-8BC0-6C9E6EF830C6}.Debug|x86.ActiveCfg = Debug|Any CPU
		{66229C6D-EC7E-4340-8BC0-6C9E6EF830C6}.Debug|x86.Build.0 = Debug|Any CPU
		{66229C6D-EC7E-4340-8BC0-6C9E6EF830C6}.Release|Any CPU.ActiveCfg = Release|Any CPU
		{66229C6D-EC7E-4340-8BC0-6C9E6EF830C6}.Release|Any CPU.Build.0 = Release|Any CPU
		{66229C6D-EC7E-4340-8BC0-6C9E6EF830C6}.Release|x64.ActiveCfg = Release|Any CPU
		{66229C6D-EC7E-4340-8BC0-6C9E6EF830C6}.Release|x64.Build.0 = Release|Any CPU
		{66229C6D-EC7E-4340-8BC0-6C9E6EF830C6}.Release|x86.ActiveCfg = Release|Any CPU
		{66229C6D-EC7E-4340-8BC0-6C9E6EF830C6}.Release|x86.Build.0 = Release|Any CPU
		{756FB86B-29BC-4C6B-A19B-A624A9E9D367}.Debug|Any CPU.ActiveCfg = Debug|Any CPU
		{756FB86B-29BC-4C6B-A19B-A624A9E9D367}.Debug|Any CPU.Build.0 = Debug|Any CPU
		{756FB86B-29BC-4C6B-A19B-A624A9E9D367}.Debug|x64.ActiveCfg = Debug|Any CPU
		{756FB86B-29BC-4C6B-A19B-A624A9E9D367}.Debug|x64.Build.0 = Debug|Any CPU
		{756FB86B-29BC-4C6B-A19B-A624A9E9D367}.Debug|x86.ActiveCfg = Debug|Any CPU
		{756FB86B-29BC-4C6B-A19B-A624A9E9D367}.Debug|x86.Build.0 = Debug|Any CPU
		{756FB86B-29BC-4C6B-A19B-A624A9E9D367}.Release|Any CPU.ActiveCfg = Release|Any CPU
		{756FB86B-29BC-4C6B-A19B-A624A9E9D367}.Release|Any CPU.Build.0 = Release|Any CPU
		{756FB86B-29BC-4C6B-A19B-A624A9E9D367}.Release|x64.ActiveCfg = Release|Any CPU
		{756FB86B-29BC-4C6B-A19B-A624A9E9D367}.Release|x64.Build.0 = Release|Any CPU
		{756FB86B-29BC-4C6B-A19B-A624A9E9D367}.Release|x86.ActiveCfg = Release|Any CPU
		{756FB86B-29BC-4C6B-A19B-A624A9E9D367}.Release|x86.Build.0 = Release|Any CPU
		{626E630A-03D5-4578-88B1-31B0E6011E2C}.Debug|Any CPU.ActiveCfg = Debug|Any CPU
		{626E630A-03D5-4578-88B1-31B0E6011E2C}.Debug|Any CPU.Build.0 = Debug|Any CPU
		{626E630A-03D5-4578-88B1-31B0E6011E2C}.Debug|x64.ActiveCfg = Debug|Any CPU
		{626E630A-03D5-4578-88B1-31B0E6011E2C}.Debug|x64.Build.0 = Debug|Any CPU
		{626E630A-03D5-4578-88B1-31B0E6011E2C}.Debug|x86.ActiveCfg = Debug|Any CPU
		{626E630A-03D5-4578-88B1-31B0E6011E2C}.Debug|x86.Build.0 = Debug|Any CPU
		{626E630A-03D5-4578-88B1-31B0E6011E2C}.Release|Any CPU.ActiveCfg = Release|Any CPU
		{626E630A-03D5-4578-88B1-31B0E6011E2C}.Release|Any CPU.Build.0 = Release|Any CPU
		{626E630A-03D5-4578-88B1-31B0E6011E2C}.Release|x64.ActiveCfg = Release|Any CPU
		{626E630A-03D5-4578-88B1-31B0E6011E2C}.Release|x64.Build.0 = Release|Any CPU
		{626E630A-03D5-4578-88B1-31B0E6011E2C}.Release|x86.ActiveCfg = Release|Any CPU
		{626E630A-03D5-4578-88B1-31B0E6011E2C}.Release|x86.Build.0 = Release|Any CPU
		{7EC9D996-B464-4493-BF68-8A4A95AA3C83}.Debug|Any CPU.ActiveCfg = Debug|Any CPU
		{7EC9D996-B464-4493-BF68-8A4A95AA3C83}.Debug|Any CPU.Build.0 = Debug|Any CPU
		{7EC9D996-B464-4493-BF68-8A4A95AA3C83}.Debug|x64.ActiveCfg = Debug|Any CPU
		{7EC9D996-B464-4493-BF68-8A4A95AA3C83}.Debug|x64.Build.0 = Debug|Any CPU
		{7EC9D996-B464-4493-BF68-8A4A95AA3C83}.Debug|x86.ActiveCfg = Debug|Any CPU
		{7EC9D996-B464-4493-BF68-8A4A95AA3C83}.Debug|x86.Build.0 = Debug|Any CPU
		{7EC9D996-B464-4493-BF68-8A4A95AA3C83}.Release|Any CPU.ActiveCfg = Release|Any CPU
		{7EC9D996-B464-4493-BF68-8A4A95AA3C83}.Release|Any CPU.Build.0 = Release|Any CPU
		{7EC9D996-B464-4493-BF68-8A4A95AA3C83}.Release|x64.ActiveCfg = Release|Any CPU
		{7EC9D996-B464-4493-BF68-8A4A95AA3C83}.Release|x64.Build.0 = Release|Any CPU
		{7EC9D996-B464-4493-BF68-8A4A95AA3C83}.Release|x86.ActiveCfg = Release|Any CPU
		{7EC9D996-B464-4493-BF68-8A4A95AA3C83}.Release|x86.Build.0 = Release|Any CPU
		{78A69CC0-1CA5-4D1A-889F-765212271A9A}.Debug|Any CPU.ActiveCfg = Debug|Any CPU
		{78A69CC0-1CA5-4D1A-889F-765212271A9A}.Debug|Any CPU.Build.0 = Debug|Any CPU
		{78A69CC0-1CA5-4D1A-889F-765212271A9A}.Debug|x64.ActiveCfg = Debug|Any CPU
		{78A69CC0-1CA5-4D1A-889F-765212271A9A}.Debug|x64.Build.0 = Debug|Any CPU
		{78A69CC0-1CA5-4D1A-889F-765212271A9A}.Debug|x86.ActiveCfg = Debug|Any CPU
		{78A69CC0-1CA5-4D1A-889F-765212271A9A}.Debug|x86.Build.0 = Debug|Any CPU
		{78A69CC0-1CA5-4D1A-889F-765212271A9A}.Release|Any CPU.ActiveCfg = Release|Any CPU
		{78A69CC0-1CA5-4D1A-889F-765212271A9A}.Release|Any CPU.Build.0 = Release|Any CPU
		{78A69CC0-1CA5-4D1A-889F-765212271A9A}.Release|x64.ActiveCfg = Release|Any CPU
		{78A69CC0-1CA5-4D1A-889F-765212271A9A}.Release|x64.Build.0 = Release|Any CPU
		{78A69CC0-1CA5-4D1A-889F-765212271A9A}.Release|x86.ActiveCfg = Release|Any CPU
		{78A69CC0-1CA5-4D1A-889F-765212271A9A}.Release|x86.Build.0 = Release|Any CPU
		{7AB3C81C-8F25-4F42-B992-947ACDF34056}.Debug|Any CPU.ActiveCfg = Debug|Any CPU
		{7AB3C81C-8F25-4F42-B992-947ACDF34056}.Debug|Any CPU.Build.0 = Debug|Any CPU
		{7AB3C81C-8F25-4F42-B992-947ACDF34056}.Debug|x64.ActiveCfg = Debug|Any CPU
		{7AB3C81C-8F25-4F42-B992-947ACDF34056}.Debug|x64.Build.0 = Debug|Any CPU
		{7AB3C81C-8F25-4F42-B992-947ACDF34056}.Debug|x86.ActiveCfg = Debug|Any CPU
		{7AB3C81C-8F25-4F42-B992-947ACDF34056}.Debug|x86.Build.0 = Debug|Any CPU
		{7AB3C81C-8F25-4F42-B992-947ACDF34056}.Release|Any CPU.ActiveCfg = Release|Any CPU
		{7AB3C81C-8F25-4F42-B992-947ACDF34056}.Release|Any CPU.Build.0 = Release|Any CPU
		{7AB3C81C-8F25-4F42-B992-947ACDF34056}.Release|x64.ActiveCfg = Release|Any CPU
		{7AB3C81C-8F25-4F42-B992-947ACDF34056}.Release|x64.Build.0 = Release|Any CPU
		{7AB3C81C-8F25-4F42-B992-947ACDF34056}.Release|x86.ActiveCfg = Release|Any CPU
		{7AB3C81C-8F25-4F42-B992-947ACDF34056}.Release|x86.Build.0 = Release|Any CPU
		{F22F7C21-909E-4BB6-8B22-CEFF63FEC66D}.Debug|Any CPU.ActiveCfg = Debug|Any CPU
		{F22F7C21-909E-4BB6-8B22-CEFF63FEC66D}.Debug|Any CPU.Build.0 = Debug|Any CPU
		{F22F7C21-909E-4BB6-8B22-CEFF63FEC66D}.Debug|x64.ActiveCfg = Debug|Any CPU
		{F22F7C21-909E-4BB6-8B22-CEFF63FEC66D}.Debug|x64.Build.0 = Debug|Any CPU
		{F22F7C21-909E-4BB6-8B22-CEFF63FEC66D}.Debug|x86.ActiveCfg = Debug|Any CPU
		{F22F7C21-909E-4BB6-8B22-CEFF63FEC66D}.Debug|x86.Build.0 = Debug|Any CPU
		{F22F7C21-909E-4BB6-8B22-CEFF63FEC66D}.Release|Any CPU.ActiveCfg = Release|Any CPU
		{F22F7C21-909E-4BB6-8B22-CEFF63FEC66D}.Release|Any CPU.Build.0 = Release|Any CPU
		{F22F7C21-909E-4BB6-8B22-CEFF63FEC66D}.Release|x64.ActiveCfg = Release|Any CPU
		{F22F7C21-909E-4BB6-8B22-CEFF63FEC66D}.Release|x64.Build.0 = Release|Any CPU
		{F22F7C21-909E-4BB6-8B22-CEFF63FEC66D}.Release|x86.ActiveCfg = Release|Any CPU
		{F22F7C21-909E-4BB6-8B22-CEFF63FEC66D}.Release|x86.Build.0 = Release|Any CPU
		{856207D6-F230-47A3-BF50-3D0451FEC3ED}.Debug|Any CPU.ActiveCfg = Debug|Any CPU
		{856207D6-F230-47A3-BF50-3D0451FEC3ED}.Debug|Any CPU.Build.0 = Debug|Any CPU
		{856207D6-F230-47A3-BF50-3D0451FEC3ED}.Debug|x64.ActiveCfg = Debug|Any CPU
		{856207D6-F230-47A3-BF50-3D0451FEC3ED}.Debug|x64.Build.0 = Debug|Any CPU
		{856207D6-F230-47A3-BF50-3D0451FEC3ED}.Debug|x86.ActiveCfg = Debug|Any CPU
		{856207D6-F230-47A3-BF50-3D0451FEC3ED}.Debug|x86.Build.0 = Debug|Any CPU
		{856207D6-F230-47A3-BF50-3D0451FEC3ED}.Release|Any CPU.ActiveCfg = Release|Any CPU
		{856207D6-F230-47A3-BF50-3D0451FEC3ED}.Release|Any CPU.Build.0 = Release|Any CPU
		{856207D6-F230-47A3-BF50-3D0451FEC3ED}.Release|x64.ActiveCfg = Release|Any CPU
		{856207D6-F230-47A3-BF50-3D0451FEC3ED}.Release|x64.Build.0 = Release|Any CPU
		{856207D6-F230-47A3-BF50-3D0451FEC3ED}.Release|x86.ActiveCfg = Release|Any CPU
		{856207D6-F230-47A3-BF50-3D0451FEC3ED}.Release|x86.Build.0 = Release|Any CPU
		{12E8C084-88B8-47A9-82AD-038C206089AA}.Debug|Any CPU.ActiveCfg = Debug|Any CPU
		{12E8C084-88B8-47A9-82AD-038C206089AA}.Debug|Any CPU.Build.0 = Debug|Any CPU
		{12E8C084-88B8-47A9-82AD-038C206089AA}.Debug|x64.ActiveCfg = Debug|Any CPU
		{12E8C084-88B8-47A9-82AD-038C206089AA}.Debug|x64.Build.0 = Debug|Any CPU
		{12E8C084-88B8-47A9-82AD-038C206089AA}.Debug|x86.ActiveCfg = Debug|Any CPU
		{12E8C084-88B8-47A9-82AD-038C206089AA}.Debug|x86.Build.0 = Debug|Any CPU
		{12E8C084-88B8-47A9-82AD-038C206089AA}.Release|Any CPU.ActiveCfg = Release|Any CPU
		{12E8C084-88B8-47A9-82AD-038C206089AA}.Release|Any CPU.Build.0 = Release|Any CPU
		{12E8C084-88B8-47A9-82AD-038C206089AA}.Release|x64.ActiveCfg = Release|Any CPU
		{12E8C084-88B8-47A9-82AD-038C206089AA}.Release|x64.Build.0 = Release|Any CPU
		{12E8C084-88B8-47A9-82AD-038C206089AA}.Release|x86.ActiveCfg = Release|Any CPU
		{12E8C084-88B8-47A9-82AD-038C206089AA}.Release|x86.Build.0 = Release|Any CPU
		{167C080E-3F81-4EB7-93BD-1D8671B51835}.Debug|Any CPU.ActiveCfg = Debug|Any CPU
		{167C080E-3F81-4EB7-93BD-1D8671B51835}.Debug|Any CPU.Build.0 = Debug|Any CPU
		{167C080E-3F81-4EB7-93BD-1D8671B51835}.Debug|x64.ActiveCfg = Debug|Any CPU
		{167C080E-3F81-4EB7-93BD-1D8671B51835}.Debug|x64.Build.0 = Debug|Any CPU
		{167C080E-3F81-4EB7-93BD-1D8671B51835}.Debug|x86.ActiveCfg = Debug|Any CPU
		{167C080E-3F81-4EB7-93BD-1D8671B51835}.Debug|x86.Build.0 = Debug|Any CPU
		{167C080E-3F81-4EB7-93BD-1D8671B51835}.Release|Any CPU.ActiveCfg = Release|Any CPU
		{167C080E-3F81-4EB7-93BD-1D8671B51835}.Release|Any CPU.Build.0 = Release|Any CPU
		{167C080E-3F81-4EB7-93BD-1D8671B51835}.Release|x64.ActiveCfg = Release|Any CPU
		{167C080E-3F81-4EB7-93BD-1D8671B51835}.Release|x64.Build.0 = Release|Any CPU
		{167C080E-3F81-4EB7-93BD-1D8671B51835}.Release|x86.ActiveCfg = Release|Any CPU
		{167C080E-3F81-4EB7-93BD-1D8671B51835}.Release|x86.Build.0 = Release|Any CPU
		{11EDBC14-0BF4-4C6B-86DD-3D292845C62A}.Debug|Any CPU.ActiveCfg = Debug|Any CPU
		{11EDBC14-0BF4-4C6B-86DD-3D292845C62A}.Debug|Any CPU.Build.0 = Debug|Any CPU
		{11EDBC14-0BF4-4C6B-86DD-3D292845C62A}.Debug|x64.ActiveCfg = Debug|Any CPU
		{11EDBC14-0BF4-4C6B-86DD-3D292845C62A}.Debug|x64.Build.0 = Debug|Any CPU
		{11EDBC14-0BF4-4C6B-86DD-3D292845C62A}.Debug|x86.ActiveCfg = Debug|Any CPU
		{11EDBC14-0BF4-4C6B-86DD-3D292845C62A}.Debug|x86.Build.0 = Debug|Any CPU
		{11EDBC14-0BF4-4C6B-86DD-3D292845C62A}.Release|Any CPU.ActiveCfg = Release|Any CPU
		{11EDBC14-0BF4-4C6B-86DD-3D292845C62A}.Release|Any CPU.Build.0 = Release|Any CPU
		{11EDBC14-0BF4-4C6B-86DD-3D292845C62A}.Release|x64.ActiveCfg = Release|Any CPU
		{11EDBC14-0BF4-4C6B-86DD-3D292845C62A}.Release|x64.Build.0 = Release|Any CPU
		{11EDBC14-0BF4-4C6B-86DD-3D292845C62A}.Release|x86.ActiveCfg = Release|Any CPU
		{11EDBC14-0BF4-4C6B-86DD-3D292845C62A}.Release|x86.Build.0 = Release|Any CPU
		{592FFCE1-0D8C-4797-9B3A-5F5F7E5E935B}.Debug|Any CPU.ActiveCfg = Debug|Any CPU
		{592FFCE1-0D8C-4797-9B3A-5F5F7E5E935B}.Debug|Any CPU.Build.0 = Debug|Any CPU
		{592FFCE1-0D8C-4797-9B3A-5F5F7E5E935B}.Debug|x64.ActiveCfg = Debug|Any CPU
		{592FFCE1-0D8C-4797-9B3A-5F5F7E5E935B}.Debug|x64.Build.0 = Debug|Any CPU
		{592FFCE1-0D8C-4797-9B3A-5F5F7E5E935B}.Debug|x86.ActiveCfg = Debug|Any CPU
		{592FFCE1-0D8C-4797-9B3A-5F5F7E5E935B}.Debug|x86.Build.0 = Debug|Any CPU
		{592FFCE1-0D8C-4797-9B3A-5F5F7E5E935B}.Release|Any CPU.ActiveCfg = Release|Any CPU
		{592FFCE1-0D8C-4797-9B3A-5F5F7E5E935B}.Release|Any CPU.Build.0 = Release|Any CPU
		{592FFCE1-0D8C-4797-9B3A-5F5F7E5E935B}.Release|x64.ActiveCfg = Release|Any CPU
		{592FFCE1-0D8C-4797-9B3A-5F5F7E5E935B}.Release|x64.Build.0 = Release|Any CPU
		{592FFCE1-0D8C-4797-9B3A-5F5F7E5E935B}.Release|x86.ActiveCfg = Release|Any CPU
		{592FFCE1-0D8C-4797-9B3A-5F5F7E5E935B}.Release|x86.Build.0 = Release|Any CPU
		{CD08B37A-614C-4DEB-9805-ADBD77DA3F8E}.Debug|Any CPU.ActiveCfg = Debug|Any CPU
		{CD08B37A-614C-4DEB-9805-ADBD77DA3F8E}.Debug|Any CPU.Build.0 = Debug|Any CPU
		{CD08B37A-614C-4DEB-9805-ADBD77DA3F8E}.Debug|x64.ActiveCfg = Debug|Any CPU
		{CD08B37A-614C-4DEB-9805-ADBD77DA3F8E}.Debug|x64.Build.0 = Debug|Any CPU
		{CD08B37A-614C-4DEB-9805-ADBD77DA3F8E}.Debug|x86.ActiveCfg = Debug|Any CPU
		{CD08B37A-614C-4DEB-9805-ADBD77DA3F8E}.Debug|x86.Build.0 = Debug|Any CPU
		{CD08B37A-614C-4DEB-9805-ADBD77DA3F8E}.Release|Any CPU.ActiveCfg = Release|Any CPU
		{CD08B37A-614C-4DEB-9805-ADBD77DA3F8E}.Release|Any CPU.Build.0 = Release|Any CPU
		{CD08B37A-614C-4DEB-9805-ADBD77DA3F8E}.Release|x64.ActiveCfg = Release|Any CPU
		{CD08B37A-614C-4DEB-9805-ADBD77DA3F8E}.Release|x64.Build.0 = Release|Any CPU
		{CD08B37A-614C-4DEB-9805-ADBD77DA3F8E}.Release|x86.ActiveCfg = Release|Any CPU
		{CD08B37A-614C-4DEB-9805-ADBD77DA3F8E}.Release|x86.Build.0 = Release|Any CPU
		{8315C918-4C26-435C-AC32-47A87CB2792E}.Debug|Any CPU.ActiveCfg = Debug|Any CPU
		{8315C918-4C26-435C-AC32-47A87CB2792E}.Debug|Any CPU.Build.0 = Debug|Any CPU
		{8315C918-4C26-435C-AC32-47A87CB2792E}.Debug|x64.ActiveCfg = Debug|Any CPU
		{8315C918-4C26-435C-AC32-47A87CB2792E}.Debug|x64.Build.0 = Debug|Any CPU
		{8315C918-4C26-435C-AC32-47A87CB2792E}.Debug|x86.ActiveCfg = Debug|Any CPU
		{8315C918-4C26-435C-AC32-47A87CB2792E}.Debug|x86.Build.0 = Debug|Any CPU
		{8315C918-4C26-435C-AC32-47A87CB2792E}.Release|Any CPU.ActiveCfg = Release|Any CPU
		{8315C918-4C26-435C-AC32-47A87CB2792E}.Release|Any CPU.Build.0 = Release|Any CPU
		{8315C918-4C26-435C-AC32-47A87CB2792E}.Release|x64.ActiveCfg = Release|Any CPU
		{8315C918-4C26-435C-AC32-47A87CB2792E}.Release|x64.Build.0 = Release|Any CPU
		{8315C918-4C26-435C-AC32-47A87CB2792E}.Release|x86.ActiveCfg = Release|Any CPU
		{8315C918-4C26-435C-AC32-47A87CB2792E}.Release|x86.Build.0 = Release|Any CPU
		{803A4763-4B6E-42AF-ADBB-61227369B5AE}.Debug|Any CPU.ActiveCfg = Debug|Any CPU
		{803A4763-4B6E-42AF-ADBB-61227369B5AE}.Debug|Any CPU.Build.0 = Debug|Any CPU
		{803A4763-4B6E-42AF-ADBB-61227369B5AE}.Debug|x64.ActiveCfg = Debug|Any CPU
		{803A4763-4B6E-42AF-ADBB-61227369B5AE}.Debug|x64.Build.0 = Debug|Any CPU
		{803A4763-4B6E-42AF-ADBB-61227369B5AE}.Debug|x86.ActiveCfg = Debug|Any CPU
		{803A4763-4B6E-42AF-ADBB-61227369B5AE}.Debug|x86.Build.0 = Debug|Any CPU
		{803A4763-4B6E-42AF-ADBB-61227369B5AE}.Release|Any CPU.ActiveCfg = Release|Any CPU
		{803A4763-4B6E-42AF-ADBB-61227369B5AE}.Release|Any CPU.Build.0 = Release|Any CPU
		{803A4763-4B6E-42AF-ADBB-61227369B5AE}.Release|x64.ActiveCfg = Release|Any CPU
		{803A4763-4B6E-42AF-ADBB-61227369B5AE}.Release|x64.Build.0 = Release|Any CPU
		{803A4763-4B6E-42AF-ADBB-61227369B5AE}.Release|x86.ActiveCfg = Release|Any CPU
		{803A4763-4B6E-42AF-ADBB-61227369B5AE}.Release|x86.Build.0 = Release|Any CPU
		{8B2B63BA-AC1F-4F34-AE1A-ED4C08642E82}.Debug|Any CPU.ActiveCfg = Debug|Any CPU
		{8B2B63BA-AC1F-4F34-AE1A-ED4C08642E82}.Debug|Any CPU.Build.0 = Debug|Any CPU
		{8B2B63BA-AC1F-4F34-AE1A-ED4C08642E82}.Debug|x64.ActiveCfg = Debug|Any CPU
		{8B2B63BA-AC1F-4F34-AE1A-ED4C08642E82}.Debug|x64.Build.0 = Debug|Any CPU
		{8B2B63BA-AC1F-4F34-AE1A-ED4C08642E82}.Debug|x86.ActiveCfg = Debug|Any CPU
		{8B2B63BA-AC1F-4F34-AE1A-ED4C08642E82}.Debug|x86.Build.0 = Debug|Any CPU
		{8B2B63BA-AC1F-4F34-AE1A-ED4C08642E82}.Release|Any CPU.ActiveCfg = Release|Any CPU
		{8B2B63BA-AC1F-4F34-AE1A-ED4C08642E82}.Release|Any CPU.Build.0 = Release|Any CPU
		{8B2B63BA-AC1F-4F34-AE1A-ED4C08642E82}.Release|x64.ActiveCfg = Release|Any CPU
		{8B2B63BA-AC1F-4F34-AE1A-ED4C08642E82}.Release|x64.Build.0 = Release|Any CPU
		{8B2B63BA-AC1F-4F34-AE1A-ED4C08642E82}.Release|x86.ActiveCfg = Release|Any CPU
		{8B2B63BA-AC1F-4F34-AE1A-ED4C08642E82}.Release|x86.Build.0 = Release|Any CPU
		{FC110EBB-25E9-49AC-9D21-DBD956090ED1}.Debug|Any CPU.ActiveCfg = Debug|Any CPU
		{FC110EBB-25E9-49AC-9D21-DBD956090ED1}.Debug|Any CPU.Build.0 = Debug|Any CPU
		{FC110EBB-25E9-49AC-9D21-DBD956090ED1}.Debug|x64.ActiveCfg = Debug|Any CPU
		{FC110EBB-25E9-49AC-9D21-DBD956090ED1}.Debug|x64.Build.0 = Debug|Any CPU
		{FC110EBB-25E9-49AC-9D21-DBD956090ED1}.Debug|x86.ActiveCfg = Debug|Any CPU
		{FC110EBB-25E9-49AC-9D21-DBD956090ED1}.Debug|x86.Build.0 = Debug|Any CPU
		{FC110EBB-25E9-49AC-9D21-DBD956090ED1}.Release|Any CPU.ActiveCfg = Release|Any CPU
		{FC110EBB-25E9-49AC-9D21-DBD956090ED1}.Release|Any CPU.Build.0 = Release|Any CPU
		{FC110EBB-25E9-49AC-9D21-DBD956090ED1}.Release|x64.ActiveCfg = Release|Any CPU
		{FC110EBB-25E9-49AC-9D21-DBD956090ED1}.Release|x64.Build.0 = Release|Any CPU
		{FC110EBB-25E9-49AC-9D21-DBD956090ED1}.Release|x86.ActiveCfg = Release|Any CPU
		{FC110EBB-25E9-49AC-9D21-DBD956090ED1}.Release|x86.Build.0 = Release|Any CPU
		{22CA72EE-FFA9-412A-B995-D51C617B8FEF}.Debug|Any CPU.ActiveCfg = Debug|Any CPU
		{22CA72EE-FFA9-412A-B995-D51C617B8FEF}.Debug|Any CPU.Build.0 = Debug|Any CPU
		{22CA72EE-FFA9-412A-B995-D51C617B8FEF}.Debug|x64.ActiveCfg = Debug|Any CPU
		{22CA72EE-FFA9-412A-B995-D51C617B8FEF}.Debug|x64.Build.0 = Debug|Any CPU
		{22CA72EE-FFA9-412A-B995-D51C617B8FEF}.Debug|x86.ActiveCfg = Debug|Any CPU
		{22CA72EE-FFA9-412A-B995-D51C617B8FEF}.Debug|x86.Build.0 = Debug|Any CPU
		{22CA72EE-FFA9-412A-B995-D51C617B8FEF}.Release|Any CPU.ActiveCfg = Release|Any CPU
		{22CA72EE-FFA9-412A-B995-D51C617B8FEF}.Release|Any CPU.Build.0 = Release|Any CPU
		{22CA72EE-FFA9-412A-B995-D51C617B8FEF}.Release|x64.ActiveCfg = Release|Any CPU
		{22CA72EE-FFA9-412A-B995-D51C617B8FEF}.Release|x64.Build.0 = Release|Any CPU
		{22CA72EE-FFA9-412A-B995-D51C617B8FEF}.Release|x86.ActiveCfg = Release|Any CPU
		{22CA72EE-FFA9-412A-B995-D51C617B8FEF}.Release|x86.Build.0 = Release|Any CPU
		{08B7000C-F261-4543-B611-5710D12263DB}.Debug|Any CPU.ActiveCfg = Debug|Any CPU
		{08B7000C-F261-4543-B611-5710D12263DB}.Debug|Any CPU.Build.0 = Debug|Any CPU
		{08B7000C-F261-4543-B611-5710D12263DB}.Debug|x64.ActiveCfg = Debug|Any CPU
		{08B7000C-F261-4543-B611-5710D12263DB}.Debug|x64.Build.0 = Debug|Any CPU
		{08B7000C-F261-4543-B611-5710D12263DB}.Debug|x86.ActiveCfg = Debug|Any CPU
		{08B7000C-F261-4543-B611-5710D12263DB}.Debug|x86.Build.0 = Debug|Any CPU
		{08B7000C-F261-4543-B611-5710D12263DB}.Release|Any CPU.ActiveCfg = Release|Any CPU
		{08B7000C-F261-4543-B611-5710D12263DB}.Release|Any CPU.Build.0 = Release|Any CPU
		{08B7000C-F261-4543-B611-5710D12263DB}.Release|x64.ActiveCfg = Release|Any CPU
		{08B7000C-F261-4543-B611-5710D12263DB}.Release|x64.Build.0 = Release|Any CPU
		{08B7000C-F261-4543-B611-5710D12263DB}.Release|x86.ActiveCfg = Release|Any CPU
		{08B7000C-F261-4543-B611-5710D12263DB}.Release|x86.Build.0 = Release|Any CPU
		{2E9E803A-1422-42E7-8472-4E15EDFC7002}.Debug|Any CPU.ActiveCfg = Debug|Any CPU
		{2E9E803A-1422-42E7-8472-4E15EDFC7002}.Debug|Any CPU.Build.0 = Debug|Any CPU
		{2E9E803A-1422-42E7-8472-4E15EDFC7002}.Debug|x64.ActiveCfg = Debug|Any CPU
		{2E9E803A-1422-42E7-8472-4E15EDFC7002}.Debug|x64.Build.0 = Debug|Any CPU
		{2E9E803A-1422-42E7-8472-4E15EDFC7002}.Debug|x86.ActiveCfg = Debug|Any CPU
		{2E9E803A-1422-42E7-8472-4E15EDFC7002}.Debug|x86.Build.0 = Debug|Any CPU
		{2E9E803A-1422-42E7-8472-4E15EDFC7002}.Release|Any CPU.ActiveCfg = Release|Any CPU
		{2E9E803A-1422-42E7-8472-4E15EDFC7002}.Release|Any CPU.Build.0 = Release|Any CPU
		{2E9E803A-1422-42E7-8472-4E15EDFC7002}.Release|x64.ActiveCfg = Release|Any CPU
		{2E9E803A-1422-42E7-8472-4E15EDFC7002}.Release|x64.Build.0 = Release|Any CPU
		{2E9E803A-1422-42E7-8472-4E15EDFC7002}.Release|x86.ActiveCfg = Release|Any CPU
		{2E9E803A-1422-42E7-8472-4E15EDFC7002}.Release|x86.Build.0 = Release|Any CPU
		{1A6C061D-83FD-4B53-8E96-80A1546C8F4B}.Debug|Any CPU.ActiveCfg = Debug|Any CPU
		{1A6C061D-83FD-4B53-8E96-80A1546C8F4B}.Debug|Any CPU.Build.0 = Debug|Any CPU
		{1A6C061D-83FD-4B53-8E96-80A1546C8F4B}.Debug|x64.ActiveCfg = Debug|Any CPU
		{1A6C061D-83FD-4B53-8E96-80A1546C8F4B}.Debug|x64.Build.0 = Debug|Any CPU
		{1A6C061D-83FD-4B53-8E96-80A1546C8F4B}.Debug|x86.ActiveCfg = Debug|Any CPU
		{1A6C061D-83FD-4B53-8E96-80A1546C8F4B}.Debug|x86.Build.0 = Debug|Any CPU
		{1A6C061D-83FD-4B53-8E96-80A1546C8F4B}.Release|Any CPU.ActiveCfg = Release|Any CPU
		{1A6C061D-83FD-4B53-8E96-80A1546C8F4B}.Release|Any CPU.Build.0 = Release|Any CPU
		{1A6C061D-83FD-4B53-8E96-80A1546C8F4B}.Release|x64.ActiveCfg = Release|Any CPU
		{1A6C061D-83FD-4B53-8E96-80A1546C8F4B}.Release|x64.Build.0 = Release|Any CPU
		{1A6C061D-83FD-4B53-8E96-80A1546C8F4B}.Release|x86.ActiveCfg = Release|Any CPU
		{1A6C061D-83FD-4B53-8E96-80A1546C8F4B}.Release|x86.Build.0 = Release|Any CPU
		{41302EE4-1607-4BE1-A2C6-C881C3D05740}.Debug|Any CPU.ActiveCfg = Debug|Any CPU
		{41302EE4-1607-4BE1-A2C6-C881C3D05740}.Debug|Any CPU.Build.0 = Debug|Any CPU
		{41302EE4-1607-4BE1-A2C6-C881C3D05740}.Debug|x64.ActiveCfg = Debug|Any CPU
		{41302EE4-1607-4BE1-A2C6-C881C3D05740}.Debug|x64.Build.0 = Debug|Any CPU
		{41302EE4-1607-4BE1-A2C6-C881C3D05740}.Debug|x86.ActiveCfg = Debug|Any CPU
		{41302EE4-1607-4BE1-A2C6-C881C3D05740}.Debug|x86.Build.0 = Debug|Any CPU
		{41302EE4-1607-4BE1-A2C6-C881C3D05740}.Release|Any CPU.ActiveCfg = Release|Any CPU
		{41302EE4-1607-4BE1-A2C6-C881C3D05740}.Release|Any CPU.Build.0 = Release|Any CPU
		{41302EE4-1607-4BE1-A2C6-C881C3D05740}.Release|x64.ActiveCfg = Release|Any CPU
		{41302EE4-1607-4BE1-A2C6-C881C3D05740}.Release|x64.Build.0 = Release|Any CPU
		{41302EE4-1607-4BE1-A2C6-C881C3D05740}.Release|x86.ActiveCfg = Release|Any CPU
		{41302EE4-1607-4BE1-A2C6-C881C3D05740}.Release|x86.Build.0 = Release|Any CPU
		{BA132F50-1C79-4FF4-A596-16BBC7CD6BAC}.Debug|Any CPU.ActiveCfg = Debug|Any CPU
		{BA132F50-1C79-4FF4-A596-16BBC7CD6BAC}.Debug|Any CPU.Build.0 = Debug|Any CPU
		{BA132F50-1C79-4FF4-A596-16BBC7CD6BAC}.Debug|x64.ActiveCfg = Debug|Any CPU
		{BA132F50-1C79-4FF4-A596-16BBC7CD6BAC}.Debug|x64.Build.0 = Debug|Any CPU
		{BA132F50-1C79-4FF4-A596-16BBC7CD6BAC}.Debug|x86.ActiveCfg = Debug|Any CPU
		{BA132F50-1C79-4FF4-A596-16BBC7CD6BAC}.Debug|x86.Build.0 = Debug|Any CPU
		{BA132F50-1C79-4FF4-A596-16BBC7CD6BAC}.Release|Any CPU.ActiveCfg = Release|Any CPU
		{BA132F50-1C79-4FF4-A596-16BBC7CD6BAC}.Release|Any CPU.Build.0 = Release|Any CPU
		{BA132F50-1C79-4FF4-A596-16BBC7CD6BAC}.Release|x64.ActiveCfg = Release|Any CPU
		{BA132F50-1C79-4FF4-A596-16BBC7CD6BAC}.Release|x64.Build.0 = Release|Any CPU
		{BA132F50-1C79-4FF4-A596-16BBC7CD6BAC}.Release|x86.ActiveCfg = Release|Any CPU
		{BA132F50-1C79-4FF4-A596-16BBC7CD6BAC}.Release|x86.Build.0 = Release|Any CPU
		{E77C7D25-275F-4DD6-B572-7317FED20393}.Debug|Any CPU.ActiveCfg = Debug|Any CPU
		{E77C7D25-275F-4DD6-B572-7317FED20393}.Debug|Any CPU.Build.0 = Debug|Any CPU
		{E77C7D25-275F-4DD6-B572-7317FED20393}.Debug|x64.ActiveCfg = Debug|Any CPU
		{E77C7D25-275F-4DD6-B572-7317FED20393}.Debug|x64.Build.0 = Debug|Any CPU
		{E77C7D25-275F-4DD6-B572-7317FED20393}.Debug|x86.ActiveCfg = Debug|Any CPU
		{E77C7D25-275F-4DD6-B572-7317FED20393}.Debug|x86.Build.0 = Debug|Any CPU
		{E77C7D25-275F-4DD6-B572-7317FED20393}.Release|Any CPU.ActiveCfg = Release|Any CPU
		{E77C7D25-275F-4DD6-B572-7317FED20393}.Release|Any CPU.Build.0 = Release|Any CPU
		{E77C7D25-275F-4DD6-B572-7317FED20393}.Release|x64.ActiveCfg = Release|Any CPU
		{E77C7D25-275F-4DD6-B572-7317FED20393}.Release|x64.Build.0 = Release|Any CPU
		{E77C7D25-275F-4DD6-B572-7317FED20393}.Release|x86.ActiveCfg = Release|Any CPU
		{E77C7D25-275F-4DD6-B572-7317FED20393}.Release|x86.Build.0 = Release|Any CPU
		{8570DE4C-67AC-4E08-90C4-BB56D644FEA6}.Debug|Any CPU.ActiveCfg = Debug|Any CPU
		{8570DE4C-67AC-4E08-90C4-BB56D644FEA6}.Debug|Any CPU.Build.0 = Debug|Any CPU
		{8570DE4C-67AC-4E08-90C4-BB56D644FEA6}.Debug|x64.ActiveCfg = Debug|Any CPU
		{8570DE4C-67AC-4E08-90C4-BB56D644FEA6}.Debug|x64.Build.0 = Debug|Any CPU
		{8570DE4C-67AC-4E08-90C4-BB56D644FEA6}.Debug|x86.ActiveCfg = Debug|Any CPU
		{8570DE4C-67AC-4E08-90C4-BB56D644FEA6}.Debug|x86.Build.0 = Debug|Any CPU
		{8570DE4C-67AC-4E08-90C4-BB56D644FEA6}.Release|Any CPU.ActiveCfg = Release|Any CPU
		{8570DE4C-67AC-4E08-90C4-BB56D644FEA6}.Release|Any CPU.Build.0 = Release|Any CPU
		{8570DE4C-67AC-4E08-90C4-BB56D644FEA6}.Release|x64.ActiveCfg = Release|Any CPU
		{8570DE4C-67AC-4E08-90C4-BB56D644FEA6}.Release|x64.Build.0 = Release|Any CPU
		{8570DE4C-67AC-4E08-90C4-BB56D644FEA6}.Release|x86.ActiveCfg = Release|Any CPU
		{8570DE4C-67AC-4E08-90C4-BB56D644FEA6}.Release|x86.Build.0 = Release|Any CPU
		{E8F07DAB-0ED0-4A2F-9DD3-DE8D73D72B89}.Debug|Any CPU.ActiveCfg = Debug|Any CPU
		{E8F07DAB-0ED0-4A2F-9DD3-DE8D73D72B89}.Debug|Any CPU.Build.0 = Debug|Any CPU
		{E8F07DAB-0ED0-4A2F-9DD3-DE8D73D72B89}.Debug|x64.ActiveCfg = Debug|Any CPU
		{E8F07DAB-0ED0-4A2F-9DD3-DE8D73D72B89}.Debug|x64.Build.0 = Debug|Any CPU
		{E8F07DAB-0ED0-4A2F-9DD3-DE8D73D72B89}.Debug|x86.ActiveCfg = Debug|Any CPU
		{E8F07DAB-0ED0-4A2F-9DD3-DE8D73D72B89}.Debug|x86.Build.0 = Debug|Any CPU
		{E8F07DAB-0ED0-4A2F-9DD3-DE8D73D72B89}.Release|Any CPU.ActiveCfg = Release|Any CPU
		{E8F07DAB-0ED0-4A2F-9DD3-DE8D73D72B89}.Release|Any CPU.Build.0 = Release|Any CPU
		{E8F07DAB-0ED0-4A2F-9DD3-DE8D73D72B89}.Release|x64.ActiveCfg = Release|Any CPU
		{E8F07DAB-0ED0-4A2F-9DD3-DE8D73D72B89}.Release|x64.Build.0 = Release|Any CPU
		{E8F07DAB-0ED0-4A2F-9DD3-DE8D73D72B89}.Release|x86.ActiveCfg = Release|Any CPU
		{E8F07DAB-0ED0-4A2F-9DD3-DE8D73D72B89}.Release|x86.Build.0 = Release|Any CPU
		{81D4C74B-3F7B-499F-8DEF-DA2CB600DE0E}.Debug|Any CPU.ActiveCfg = Debug|Any CPU
		{81D4C74B-3F7B-499F-8DEF-DA2CB600DE0E}.Debug|Any CPU.Build.0 = Debug|Any CPU
		{81D4C74B-3F7B-499F-8DEF-DA2CB600DE0E}.Debug|x64.ActiveCfg = Debug|Any CPU
		{81D4C74B-3F7B-499F-8DEF-DA2CB600DE0E}.Debug|x64.Build.0 = Debug|Any CPU
		{81D4C74B-3F7B-499F-8DEF-DA2CB600DE0E}.Debug|x86.ActiveCfg = Debug|Any CPU
		{81D4C74B-3F7B-499F-8DEF-DA2CB600DE0E}.Debug|x86.Build.0 = Debug|Any CPU
		{81D4C74B-3F7B-499F-8DEF-DA2CB600DE0E}.Release|Any CPU.ActiveCfg = Release|Any CPU
		{81D4C74B-3F7B-499F-8DEF-DA2CB600DE0E}.Release|Any CPU.Build.0 = Release|Any CPU
		{81D4C74B-3F7B-499F-8DEF-DA2CB600DE0E}.Release|x64.ActiveCfg = Release|Any CPU
		{81D4C74B-3F7B-499F-8DEF-DA2CB600DE0E}.Release|x64.Build.0 = Release|Any CPU
		{81D4C74B-3F7B-499F-8DEF-DA2CB600DE0E}.Release|x86.ActiveCfg = Release|Any CPU
		{81D4C74B-3F7B-499F-8DEF-DA2CB600DE0E}.Release|x86.Build.0 = Release|Any CPU
		{407E3C67-F529-4D4A-811D-6D448A8B1311}.Debug|Any CPU.ActiveCfg = Debug|Any CPU
		{407E3C67-F529-4D4A-811D-6D448A8B1311}.Debug|Any CPU.Build.0 = Debug|Any CPU
		{407E3C67-F529-4D4A-811D-6D448A8B1311}.Debug|x64.ActiveCfg = Debug|Any CPU
		{407E3C67-F529-4D4A-811D-6D448A8B1311}.Debug|x64.Build.0 = Debug|Any CPU
		{407E3C67-F529-4D4A-811D-6D448A8B1311}.Debug|x86.ActiveCfg = Debug|Any CPU
		{407E3C67-F529-4D4A-811D-6D448A8B1311}.Debug|x86.Build.0 = Debug|Any CPU
		{407E3C67-F529-4D4A-811D-6D448A8B1311}.Release|Any CPU.ActiveCfg = Release|Any CPU
		{407E3C67-F529-4D4A-811D-6D448A8B1311}.Release|Any CPU.Build.0 = Release|Any CPU
		{407E3C67-F529-4D4A-811D-6D448A8B1311}.Release|x64.ActiveCfg = Release|Any CPU
		{407E3C67-F529-4D4A-811D-6D448A8B1311}.Release|x64.Build.0 = Release|Any CPU
		{407E3C67-F529-4D4A-811D-6D448A8B1311}.Release|x86.ActiveCfg = Release|Any CPU
		{407E3C67-F529-4D4A-811D-6D448A8B1311}.Release|x86.Build.0 = Release|Any CPU
		{A26FC706-862F-4690-A626-B83A988A9411}.Debug|Any CPU.ActiveCfg = Debug|Any CPU
		{A26FC706-862F-4690-A626-B83A988A9411}.Debug|Any CPU.Build.0 = Debug|Any CPU
		{A26FC706-862F-4690-A626-B83A988A9411}.Debug|x64.ActiveCfg = Debug|Any CPU
		{A26FC706-862F-4690-A626-B83A988A9411}.Debug|x64.Build.0 = Debug|Any CPU
		{A26FC706-862F-4690-A626-B83A988A9411}.Debug|x86.ActiveCfg = Debug|Any CPU
		{A26FC706-862F-4690-A626-B83A988A9411}.Debug|x86.Build.0 = Debug|Any CPU
		{A26FC706-862F-4690-A626-B83A988A9411}.Release|Any CPU.ActiveCfg = Release|Any CPU
		{A26FC706-862F-4690-A626-B83A988A9411}.Release|Any CPU.Build.0 = Release|Any CPU
		{A26FC706-862F-4690-A626-B83A988A9411}.Release|x64.ActiveCfg = Release|Any CPU
		{A26FC706-862F-4690-A626-B83A988A9411}.Release|x64.Build.0 = Release|Any CPU
		{A26FC706-862F-4690-A626-B83A988A9411}.Release|x86.ActiveCfg = Release|Any CPU
		{A26FC706-862F-4690-A626-B83A988A9411}.Release|x86.Build.0 = Release|Any CPU
		{274B582D-10B8-4030-9F0C-3337C5509D03}.Debug|Any CPU.ActiveCfg = Debug|Any CPU
		{274B582D-10B8-4030-9F0C-3337C5509D03}.Debug|Any CPU.Build.0 = Debug|Any CPU
		{274B582D-10B8-4030-9F0C-3337C5509D03}.Debug|x64.ActiveCfg = Debug|Any CPU
		{274B582D-10B8-4030-9F0C-3337C5509D03}.Debug|x64.Build.0 = Debug|Any CPU
		{274B582D-10B8-4030-9F0C-3337C5509D03}.Debug|x86.ActiveCfg = Debug|Any CPU
		{274B582D-10B8-4030-9F0C-3337C5509D03}.Debug|x86.Build.0 = Debug|Any CPU
		{274B582D-10B8-4030-9F0C-3337C5509D03}.Release|Any CPU.ActiveCfg = Release|Any CPU
		{274B582D-10B8-4030-9F0C-3337C5509D03}.Release|Any CPU.Build.0 = Release|Any CPU
		{274B582D-10B8-4030-9F0C-3337C5509D03}.Release|x64.ActiveCfg = Release|Any CPU
		{274B582D-10B8-4030-9F0C-3337C5509D03}.Release|x64.Build.0 = Release|Any CPU
		{274B582D-10B8-4030-9F0C-3337C5509D03}.Release|x86.ActiveCfg = Release|Any CPU
		{274B582D-10B8-4030-9F0C-3337C5509D03}.Release|x86.Build.0 = Release|Any CPU
		{1F5668B6-D39C-47C5-82AD-BF7C0F0A9178}.Debug|Any CPU.ActiveCfg = Debug|Any CPU
		{1F5668B6-D39C-47C5-82AD-BF7C0F0A9178}.Debug|Any CPU.Build.0 = Debug|Any CPU
		{1F5668B6-D39C-47C5-82AD-BF7C0F0A9178}.Debug|x64.ActiveCfg = Debug|Any CPU
		{1F5668B6-D39C-47C5-82AD-BF7C0F0A9178}.Debug|x64.Build.0 = Debug|Any CPU
		{1F5668B6-D39C-47C5-82AD-BF7C0F0A9178}.Debug|x86.ActiveCfg = Debug|Any CPU
		{1F5668B6-D39C-47C5-82AD-BF7C0F0A9178}.Debug|x86.Build.0 = Debug|Any CPU
		{1F5668B6-D39C-47C5-82AD-BF7C0F0A9178}.Release|Any CPU.ActiveCfg = Release|Any CPU
		{1F5668B6-D39C-47C5-82AD-BF7C0F0A9178}.Release|Any CPU.Build.0 = Release|Any CPU
		{1F5668B6-D39C-47C5-82AD-BF7C0F0A9178}.Release|x64.ActiveCfg = Release|Any CPU
		{1F5668B6-D39C-47C5-82AD-BF7C0F0A9178}.Release|x64.Build.0 = Release|Any CPU
		{1F5668B6-D39C-47C5-82AD-BF7C0F0A9178}.Release|x86.ActiveCfg = Release|Any CPU
		{1F5668B6-D39C-47C5-82AD-BF7C0F0A9178}.Release|x86.Build.0 = Release|Any CPU
		{1DC33C50-461F-4793-88FA-637E16D9C563}.Debug|Any CPU.ActiveCfg = Debug|Any CPU
		{1DC33C50-461F-4793-88FA-637E16D9C563}.Debug|Any CPU.Build.0 = Debug|Any CPU
		{1DC33C50-461F-4793-88FA-637E16D9C563}.Debug|x64.ActiveCfg = Debug|Any CPU
		{1DC33C50-461F-4793-88FA-637E16D9C563}.Debug|x64.Build.0 = Debug|Any CPU
		{1DC33C50-461F-4793-88FA-637E16D9C563}.Debug|x86.ActiveCfg = Debug|Any CPU
		{1DC33C50-461F-4793-88FA-637E16D9C563}.Debug|x86.Build.0 = Debug|Any CPU
		{1DC33C50-461F-4793-88FA-637E16D9C563}.Release|Any CPU.ActiveCfg = Release|Any CPU
		{1DC33C50-461F-4793-88FA-637E16D9C563}.Release|Any CPU.Build.0 = Release|Any CPU
		{1DC33C50-461F-4793-88FA-637E16D9C563}.Release|x64.ActiveCfg = Release|Any CPU
		{1DC33C50-461F-4793-88FA-637E16D9C563}.Release|x64.Build.0 = Release|Any CPU
		{1DC33C50-461F-4793-88FA-637E16D9C563}.Release|x86.ActiveCfg = Release|Any CPU
		{1DC33C50-461F-4793-88FA-637E16D9C563}.Release|x86.Build.0 = Release|Any CPU
		{70216CFB-7D80-40BB-B95C-66E7DD991C16}.Debug|Any CPU.ActiveCfg = Debug|Any CPU
		{70216CFB-7D80-40BB-B95C-66E7DD991C16}.Debug|Any CPU.Build.0 = Debug|Any CPU
		{70216CFB-7D80-40BB-B95C-66E7DD991C16}.Debug|x64.ActiveCfg = Debug|Any CPU
		{70216CFB-7D80-40BB-B95C-66E7DD991C16}.Debug|x64.Build.0 = Debug|Any CPU
		{70216CFB-7D80-40BB-B95C-66E7DD991C16}.Debug|x86.ActiveCfg = Debug|Any CPU
		{70216CFB-7D80-40BB-B95C-66E7DD991C16}.Debug|x86.Build.0 = Debug|Any CPU
		{70216CFB-7D80-40BB-B95C-66E7DD991C16}.Release|Any CPU.ActiveCfg = Release|Any CPU
		{70216CFB-7D80-40BB-B95C-66E7DD991C16}.Release|Any CPU.Build.0 = Release|Any CPU
		{70216CFB-7D80-40BB-B95C-66E7DD991C16}.Release|x64.ActiveCfg = Release|Any CPU
		{70216CFB-7D80-40BB-B95C-66E7DD991C16}.Release|x64.Build.0 = Release|Any CPU
		{70216CFB-7D80-40BB-B95C-66E7DD991C16}.Release|x86.ActiveCfg = Release|Any CPU
		{70216CFB-7D80-40BB-B95C-66E7DD991C16}.Release|x86.Build.0 = Release|Any CPU
		{40496FF2-3343-476D-9BE6-29D4CDBC86C5}.Debug|Any CPU.ActiveCfg = Debug|Any CPU
		{40496FF2-3343-476D-9BE6-29D4CDBC86C5}.Debug|Any CPU.Build.0 = Debug|Any CPU
		{40496FF2-3343-476D-9BE6-29D4CDBC86C5}.Debug|x64.ActiveCfg = Debug|Any CPU
		{40496FF2-3343-476D-9BE6-29D4CDBC86C5}.Debug|x64.Build.0 = Debug|Any CPU
		{40496FF2-3343-476D-9BE6-29D4CDBC86C5}.Debug|x86.ActiveCfg = Debug|Any CPU
		{40496FF2-3343-476D-9BE6-29D4CDBC86C5}.Debug|x86.Build.0 = Debug|Any CPU
		{40496FF2-3343-476D-9BE6-29D4CDBC86C5}.Release|Any CPU.ActiveCfg = Release|Any CPU
		{40496FF2-3343-476D-9BE6-29D4CDBC86C5}.Release|Any CPU.Build.0 = Release|Any CPU
		{40496FF2-3343-476D-9BE6-29D4CDBC86C5}.Release|x64.ActiveCfg = Release|Any CPU
		{40496FF2-3343-476D-9BE6-29D4CDBC86C5}.Release|x64.Build.0 = Release|Any CPU
		{40496FF2-3343-476D-9BE6-29D4CDBC86C5}.Release|x86.ActiveCfg = Release|Any CPU
		{40496FF2-3343-476D-9BE6-29D4CDBC86C5}.Release|x86.Build.0 = Release|Any CPU
		{DF8A6F39-7A8D-477F-8A19-8B467671B542}.Debug|Any CPU.ActiveCfg = Debug|Any CPU
		{DF8A6F39-7A8D-477F-8A19-8B467671B542}.Debug|Any CPU.Build.0 = Debug|Any CPU
		{DF8A6F39-7A8D-477F-8A19-8B467671B542}.Debug|x64.ActiveCfg = Debug|Any CPU
		{DF8A6F39-7A8D-477F-8A19-8B467671B542}.Debug|x64.Build.0 = Debug|Any CPU
		{DF8A6F39-7A8D-477F-8A19-8B467671B542}.Debug|x86.ActiveCfg = Debug|Any CPU
		{DF8A6F39-7A8D-477F-8A19-8B467671B542}.Debug|x86.Build.0 = Debug|Any CPU
		{DF8A6F39-7A8D-477F-8A19-8B467671B542}.Release|Any CPU.ActiveCfg = Release|Any CPU
		{DF8A6F39-7A8D-477F-8A19-8B467671B542}.Release|Any CPU.Build.0 = Release|Any CPU
		{DF8A6F39-7A8D-477F-8A19-8B467671B542}.Release|x64.ActiveCfg = Release|Any CPU
		{DF8A6F39-7A8D-477F-8A19-8B467671B542}.Release|x64.Build.0 = Release|Any CPU
		{DF8A6F39-7A8D-477F-8A19-8B467671B542}.Release|x86.ActiveCfg = Release|Any CPU
		{DF8A6F39-7A8D-477F-8A19-8B467671B542}.Release|x86.Build.0 = Release|Any CPU
		{12283401-E727-4771-A24E-E9B873AD44BB}.Debug|Any CPU.ActiveCfg = Debug|Any CPU
		{12283401-E727-4771-A24E-E9B873AD44BB}.Debug|Any CPU.Build.0 = Debug|Any CPU
		{12283401-E727-4771-A24E-E9B873AD44BB}.Debug|x64.ActiveCfg = Debug|Any CPU
		{12283401-E727-4771-A24E-E9B873AD44BB}.Debug|x64.Build.0 = Debug|Any CPU
		{12283401-E727-4771-A24E-E9B873AD44BB}.Debug|x86.ActiveCfg = Debug|Any CPU
		{12283401-E727-4771-A24E-E9B873AD44BB}.Debug|x86.Build.0 = Debug|Any CPU
		{12283401-E727-4771-A24E-E9B873AD44BB}.Release|Any CPU.ActiveCfg = Release|Any CPU
		{12283401-E727-4771-A24E-E9B873AD44BB}.Release|Any CPU.Build.0 = Release|Any CPU
		{12283401-E727-4771-A24E-E9B873AD44BB}.Release|x64.ActiveCfg = Release|Any CPU
		{12283401-E727-4771-A24E-E9B873AD44BB}.Release|x64.Build.0 = Release|Any CPU
		{12283401-E727-4771-A24E-E9B873AD44BB}.Release|x86.ActiveCfg = Release|Any CPU
		{12283401-E727-4771-A24E-E9B873AD44BB}.Release|x86.Build.0 = Release|Any CPU
		{D3AA09B8-9C4D-42DC-83CE-E2F319EB6287}.Debug|Any CPU.ActiveCfg = Debug|Any CPU
		{D3AA09B8-9C4D-42DC-83CE-E2F319EB6287}.Debug|Any CPU.Build.0 = Debug|Any CPU
		{D3AA09B8-9C4D-42DC-83CE-E2F319EB6287}.Debug|x64.ActiveCfg = Debug|Any CPU
		{D3AA09B8-9C4D-42DC-83CE-E2F319EB6287}.Debug|x64.Build.0 = Debug|Any CPU
		{D3AA09B8-9C4D-42DC-83CE-E2F319EB6287}.Debug|x86.ActiveCfg = Debug|Any CPU
		{D3AA09B8-9C4D-42DC-83CE-E2F319EB6287}.Debug|x86.Build.0 = Debug|Any CPU
		{D3AA09B8-9C4D-42DC-83CE-E2F319EB6287}.Release|Any CPU.ActiveCfg = Release|Any CPU
		{D3AA09B8-9C4D-42DC-83CE-E2F319EB6287}.Release|Any CPU.Build.0 = Release|Any CPU
		{D3AA09B8-9C4D-42DC-83CE-E2F319EB6287}.Release|x64.ActiveCfg = Release|Any CPU
		{D3AA09B8-9C4D-42DC-83CE-E2F319EB6287}.Release|x64.Build.0 = Release|Any CPU
		{D3AA09B8-9C4D-42DC-83CE-E2F319EB6287}.Release|x86.ActiveCfg = Release|Any CPU
		{D3AA09B8-9C4D-42DC-83CE-E2F319EB6287}.Release|x86.Build.0 = Release|Any CPU
		{9390BB49-A4BD-490A-ABC3-AF28745D6003}.Debug|Any CPU.ActiveCfg = Debug|Any CPU
		{9390BB49-A4BD-490A-ABC3-AF28745D6003}.Debug|Any CPU.Build.0 = Debug|Any CPU
		{9390BB49-A4BD-490A-ABC3-AF28745D6003}.Debug|x64.ActiveCfg = Debug|Any CPU
		{9390BB49-A4BD-490A-ABC3-AF28745D6003}.Debug|x64.Build.0 = Debug|Any CPU
		{9390BB49-A4BD-490A-ABC3-AF28745D6003}.Debug|x86.ActiveCfg = Debug|Any CPU
		{9390BB49-A4BD-490A-ABC3-AF28745D6003}.Debug|x86.Build.0 = Debug|Any CPU
		{9390BB49-A4BD-490A-ABC3-AF28745D6003}.Release|Any CPU.ActiveCfg = Release|Any CPU
		{9390BB49-A4BD-490A-ABC3-AF28745D6003}.Release|Any CPU.Build.0 = Release|Any CPU
		{9390BB49-A4BD-490A-ABC3-AF28745D6003}.Release|x64.ActiveCfg = Release|Any CPU
		{9390BB49-A4BD-490A-ABC3-AF28745D6003}.Release|x64.Build.0 = Release|Any CPU
		{9390BB49-A4BD-490A-ABC3-AF28745D6003}.Release|x86.ActiveCfg = Release|Any CPU
		{9390BB49-A4BD-490A-ABC3-AF28745D6003}.Release|x86.Build.0 = Release|Any CPU
		{4077F366-4847-4210-9BBA-D2C76E983367}.Debug|Any CPU.ActiveCfg = Debug|Any CPU
		{4077F366-4847-4210-9BBA-D2C76E983367}.Debug|Any CPU.Build.0 = Debug|Any CPU
		{4077F366-4847-4210-9BBA-D2C76E983367}.Debug|x64.ActiveCfg = Debug|Any CPU
		{4077F366-4847-4210-9BBA-D2C76E983367}.Debug|x64.Build.0 = Debug|Any CPU
		{4077F366-4847-4210-9BBA-D2C76E983367}.Debug|x86.ActiveCfg = Debug|Any CPU
		{4077F366-4847-4210-9BBA-D2C76E983367}.Debug|x86.Build.0 = Debug|Any CPU
		{4077F366-4847-4210-9BBA-D2C76E983367}.Release|Any CPU.ActiveCfg = Release|Any CPU
		{4077F366-4847-4210-9BBA-D2C76E983367}.Release|Any CPU.Build.0 = Release|Any CPU
		{4077F366-4847-4210-9BBA-D2C76E983367}.Release|x64.ActiveCfg = Release|Any CPU
		{4077F366-4847-4210-9BBA-D2C76E983367}.Release|x64.Build.0 = Release|Any CPU
		{4077F366-4847-4210-9BBA-D2C76E983367}.Release|x86.ActiveCfg = Release|Any CPU
		{4077F366-4847-4210-9BBA-D2C76E983367}.Release|x86.Build.0 = Release|Any CPU
		{3756FD8F-6E2B-4BE4-A4D5-D6A7EB0D1374}.Debug|Any CPU.ActiveCfg = Debug|Any CPU
		{3756FD8F-6E2B-4BE4-A4D5-D6A7EB0D1374}.Debug|Any CPU.Build.0 = Debug|Any CPU
		{3756FD8F-6E2B-4BE4-A4D5-D6A7EB0D1374}.Debug|x64.ActiveCfg = Debug|Any CPU
		{3756FD8F-6E2B-4BE4-A4D5-D6A7EB0D1374}.Debug|x64.Build.0 = Debug|Any CPU
		{3756FD8F-6E2B-4BE4-A4D5-D6A7EB0D1374}.Debug|x86.ActiveCfg = Debug|Any CPU
		{3756FD8F-6E2B-4BE4-A4D5-D6A7EB0D1374}.Debug|x86.Build.0 = Debug|Any CPU
		{3756FD8F-6E2B-4BE4-A4D5-D6A7EB0D1374}.Release|Any CPU.ActiveCfg = Release|Any CPU
		{3756FD8F-6E2B-4BE4-A4D5-D6A7EB0D1374}.Release|Any CPU.Build.0 = Release|Any CPU
		{3756FD8F-6E2B-4BE4-A4D5-D6A7EB0D1374}.Release|x64.ActiveCfg = Release|Any CPU
		{3756FD8F-6E2B-4BE4-A4D5-D6A7EB0D1374}.Release|x64.Build.0 = Release|Any CPU
		{3756FD8F-6E2B-4BE4-A4D5-D6A7EB0D1374}.Release|x86.ActiveCfg = Release|Any CPU
		{3756FD8F-6E2B-4BE4-A4D5-D6A7EB0D1374}.Release|x86.Build.0 = Release|Any CPU
		{C2071335-AFDF-4643-93A2-EAC482E90E73}.Debug|Any CPU.ActiveCfg = Debug|Any CPU
		{C2071335-AFDF-4643-93A2-EAC482E90E73}.Debug|Any CPU.Build.0 = Debug|Any CPU
		{C2071335-AFDF-4643-93A2-EAC482E90E73}.Debug|x64.ActiveCfg = Debug|Any CPU
		{C2071335-AFDF-4643-93A2-EAC482E90E73}.Debug|x64.Build.0 = Debug|Any CPU
		{C2071335-AFDF-4643-93A2-EAC482E90E73}.Debug|x86.ActiveCfg = Debug|Any CPU
		{C2071335-AFDF-4643-93A2-EAC482E90E73}.Debug|x86.Build.0 = Debug|Any CPU
		{C2071335-AFDF-4643-93A2-EAC482E90E73}.Release|Any CPU.ActiveCfg = Release|Any CPU
		{C2071335-AFDF-4643-93A2-EAC482E90E73}.Release|Any CPU.Build.0 = Release|Any CPU
		{C2071335-AFDF-4643-93A2-EAC482E90E73}.Release|x64.ActiveCfg = Release|Any CPU
		{C2071335-AFDF-4643-93A2-EAC482E90E73}.Release|x64.Build.0 = Release|Any CPU
		{C2071335-AFDF-4643-93A2-EAC482E90E73}.Release|x86.ActiveCfg = Release|Any CPU
		{C2071335-AFDF-4643-93A2-EAC482E90E73}.Release|x86.Build.0 = Release|Any CPU
		{3D3A8742-0EC5-4C95-92F5-84F95A0B7F1A}.Debug|Any CPU.ActiveCfg = Debug|Any CPU
		{3D3A8742-0EC5-4C95-92F5-84F95A0B7F1A}.Debug|Any CPU.Build.0 = Debug|Any CPU
		{3D3A8742-0EC5-4C95-92F5-84F95A0B7F1A}.Debug|x64.ActiveCfg = Debug|Any CPU
		{3D3A8742-0EC5-4C95-92F5-84F95A0B7F1A}.Debug|x64.Build.0 = Debug|Any CPU
		{3D3A8742-0EC5-4C95-92F5-84F95A0B7F1A}.Debug|x86.ActiveCfg = Debug|Any CPU
		{3D3A8742-0EC5-4C95-92F5-84F95A0B7F1A}.Debug|x86.Build.0 = Debug|Any CPU
		{3D3A8742-0EC5-4C95-92F5-84F95A0B7F1A}.Release|Any CPU.ActiveCfg = Release|Any CPU
		{3D3A8742-0EC5-4C95-92F5-84F95A0B7F1A}.Release|Any CPU.Build.0 = Release|Any CPU
		{3D3A8742-0EC5-4C95-92F5-84F95A0B7F1A}.Release|x64.ActiveCfg = Release|Any CPU
		{3D3A8742-0EC5-4C95-92F5-84F95A0B7F1A}.Release|x64.Build.0 = Release|Any CPU
		{3D3A8742-0EC5-4C95-92F5-84F95A0B7F1A}.Release|x86.ActiveCfg = Release|Any CPU
		{3D3A8742-0EC5-4C95-92F5-84F95A0B7F1A}.Release|x86.Build.0 = Release|Any CPU
		{123530FE-5F4C-4129-97A8-2246DF8B583E}.Debug|Any CPU.ActiveCfg = Debug|Any CPU
		{123530FE-5F4C-4129-97A8-2246DF8B583E}.Debug|Any CPU.Build.0 = Debug|Any CPU
		{123530FE-5F4C-4129-97A8-2246DF8B583E}.Debug|x64.ActiveCfg = Debug|Any CPU
		{123530FE-5F4C-4129-97A8-2246DF8B583E}.Debug|x64.Build.0 = Debug|Any CPU
		{123530FE-5F4C-4129-97A8-2246DF8B583E}.Debug|x86.ActiveCfg = Debug|Any CPU
		{123530FE-5F4C-4129-97A8-2246DF8B583E}.Debug|x86.Build.0 = Debug|Any CPU
		{123530FE-5F4C-4129-97A8-2246DF8B583E}.Release|Any CPU.ActiveCfg = Release|Any CPU
		{123530FE-5F4C-4129-97A8-2246DF8B583E}.Release|Any CPU.Build.0 = Release|Any CPU
		{123530FE-5F4C-4129-97A8-2246DF8B583E}.Release|x64.ActiveCfg = Release|Any CPU
		{123530FE-5F4C-4129-97A8-2246DF8B583E}.Release|x64.Build.0 = Release|Any CPU
		{123530FE-5F4C-4129-97A8-2246DF8B583E}.Release|x86.ActiveCfg = Release|Any CPU
		{123530FE-5F4C-4129-97A8-2246DF8B583E}.Release|x86.Build.0 = Release|Any CPU
		{3142BF8F-8A1A-4D4B-9527-6C496A9671F5}.Debug|Any CPU.ActiveCfg = Debug|Any CPU
		{3142BF8F-8A1A-4D4B-9527-6C496A9671F5}.Debug|Any CPU.Build.0 = Debug|Any CPU
		{3142BF8F-8A1A-4D4B-9527-6C496A9671F5}.Debug|x64.ActiveCfg = Debug|Any CPU
		{3142BF8F-8A1A-4D4B-9527-6C496A9671F5}.Debug|x64.Build.0 = Debug|Any CPU
		{3142BF8F-8A1A-4D4B-9527-6C496A9671F5}.Debug|x86.ActiveCfg = Debug|Any CPU
		{3142BF8F-8A1A-4D4B-9527-6C496A9671F5}.Debug|x86.Build.0 = Debug|Any CPU
		{3142BF8F-8A1A-4D4B-9527-6C496A9671F5}.Release|Any CPU.ActiveCfg = Release|Any CPU
		{3142BF8F-8A1A-4D4B-9527-6C496A9671F5}.Release|Any CPU.Build.0 = Release|Any CPU
		{3142BF8F-8A1A-4D4B-9527-6C496A9671F5}.Release|x64.ActiveCfg = Release|Any CPU
		{3142BF8F-8A1A-4D4B-9527-6C496A9671F5}.Release|x64.Build.0 = Release|Any CPU
		{3142BF8F-8A1A-4D4B-9527-6C496A9671F5}.Release|x86.ActiveCfg = Release|Any CPU
		{3142BF8F-8A1A-4D4B-9527-6C496A9671F5}.Release|x86.Build.0 = Release|Any CPU
		{22AC27D9-1DB4-4D92-9E93-E181FF1981FD}.Debug|Any CPU.ActiveCfg = Debug|Any CPU
		{22AC27D9-1DB4-4D92-9E93-E181FF1981FD}.Debug|Any CPU.Build.0 = Debug|Any CPU
		{22AC27D9-1DB4-4D92-9E93-E181FF1981FD}.Debug|x64.ActiveCfg = Debug|Any CPU
		{22AC27D9-1DB4-4D92-9E93-E181FF1981FD}.Debug|x64.Build.0 = Debug|Any CPU
		{22AC27D9-1DB4-4D92-9E93-E181FF1981FD}.Debug|x86.ActiveCfg = Debug|Any CPU
		{22AC27D9-1DB4-4D92-9E93-E181FF1981FD}.Debug|x86.Build.0 = Debug|Any CPU
		{22AC27D9-1DB4-4D92-9E93-E181FF1981FD}.Release|Any CPU.ActiveCfg = Release|Any CPU
		{22AC27D9-1DB4-4D92-9E93-E181FF1981FD}.Release|Any CPU.Build.0 = Release|Any CPU
		{22AC27D9-1DB4-4D92-9E93-E181FF1981FD}.Release|x64.ActiveCfg = Release|Any CPU
		{22AC27D9-1DB4-4D92-9E93-E181FF1981FD}.Release|x64.Build.0 = Release|Any CPU
		{22AC27D9-1DB4-4D92-9E93-E181FF1981FD}.Release|x86.ActiveCfg = Release|Any CPU
		{22AC27D9-1DB4-4D92-9E93-E181FF1981FD}.Release|x86.Build.0 = Release|Any CPU
		{DF45D6DD-02D7-479E-8856-A06A0C679B58}.Debug|Any CPU.ActiveCfg = Debug|Any CPU
		{DF45D6DD-02D7-479E-8856-A06A0C679B58}.Debug|Any CPU.Build.0 = Debug|Any CPU
		{DF45D6DD-02D7-479E-8856-A06A0C679B58}.Debug|x64.ActiveCfg = Debug|Any CPU
		{DF45D6DD-02D7-479E-8856-A06A0C679B58}.Debug|x64.Build.0 = Debug|Any CPU
		{DF45D6DD-02D7-479E-8856-A06A0C679B58}.Debug|x86.ActiveCfg = Debug|Any CPU
		{DF45D6DD-02D7-479E-8856-A06A0C679B58}.Debug|x86.Build.0 = Debug|Any CPU
		{DF45D6DD-02D7-479E-8856-A06A0C679B58}.Release|Any CPU.ActiveCfg = Release|Any CPU
		{DF45D6DD-02D7-479E-8856-A06A0C679B58}.Release|Any CPU.Build.0 = Release|Any CPU
		{DF45D6DD-02D7-479E-8856-A06A0C679B58}.Release|x64.ActiveCfg = Release|Any CPU
		{DF45D6DD-02D7-479E-8856-A06A0C679B58}.Release|x64.Build.0 = Release|Any CPU
		{DF45D6DD-02D7-479E-8856-A06A0C679B58}.Release|x86.ActiveCfg = Release|Any CPU
		{DF45D6DD-02D7-479E-8856-A06A0C679B58}.Release|x86.Build.0 = Release|Any CPU
		{239DFD58-B090-439A-BD75-6F26802FD912}.Debug|Any CPU.ActiveCfg = Debug|Any CPU
		{239DFD58-B090-439A-BD75-6F26802FD912}.Debug|Any CPU.Build.0 = Debug|Any CPU
		{239DFD58-B090-439A-BD75-6F26802FD912}.Debug|x64.ActiveCfg = Debug|Any CPU
		{239DFD58-B090-439A-BD75-6F26802FD912}.Debug|x64.Build.0 = Debug|Any CPU
		{239DFD58-B090-439A-BD75-6F26802FD912}.Debug|x86.ActiveCfg = Debug|Any CPU
		{239DFD58-B090-439A-BD75-6F26802FD912}.Debug|x86.Build.0 = Debug|Any CPU
		{239DFD58-B090-439A-BD75-6F26802FD912}.Release|Any CPU.ActiveCfg = Release|Any CPU
		{239DFD58-B090-439A-BD75-6F26802FD912}.Release|Any CPU.Build.0 = Release|Any CPU
		{239DFD58-B090-439A-BD75-6F26802FD912}.Release|x64.ActiveCfg = Release|Any CPU
		{239DFD58-B090-439A-BD75-6F26802FD912}.Release|x64.Build.0 = Release|Any CPU
		{239DFD58-B090-439A-BD75-6F26802FD912}.Release|x86.ActiveCfg = Release|Any CPU
		{239DFD58-B090-439A-BD75-6F26802FD912}.Release|x86.Build.0 = Release|Any CPU
	EndGlobalSection
	GlobalSection(SolutionProperties) = preSolution
		HideSolutionNode = FALSE
	EndGlobalSection
	GlobalSection(NestedProjects) = preSolution
		{8D3BD5BA-AAF6-4233-879F-69A63EB6CDA1} = {DBDA1B94-CCD1-48E4-AA0A-FDB5B18AF069}
		{C23307A1-4E5A-4B83-A8EB-90DE334868C6} = {DBDA1B94-CCD1-48E4-AA0A-FDB5B18AF069}
		{893C943F-C1A7-448B-AACF-825DB9560AB4} = {DBDA1B94-CCD1-48E4-AA0A-FDB5B18AF069}
		{468E440F-2284-483D-A54A-EC540C85F76E} = {DBDA1B94-CCD1-48E4-AA0A-FDB5B18AF069}
		{66229C6D-EC7E-4340-8BC0-6C9E6EF830C6} = {FE7764F7-F5B5-4A92-9BE2-F51690EDF870}
		{756FB86B-29BC-4C6B-A19B-A624A9E9D367} = {FE7764F7-F5B5-4A92-9BE2-F51690EDF870}
		{626E630A-03D5-4578-88B1-31B0E6011E2C} = {5641C82B-E8E5-49AD-8DEE-E574D0D77460}
		{5641C82B-E8E5-49AD-8DEE-E574D0D77460} = {83DC75D5-800D-42F7-9812-BD198A62DD0B}
		{7EC9D996-B464-4493-BF68-8A4A95AA3C83} = {FE7764F7-F5B5-4A92-9BE2-F51690EDF870}
		{A0DF3DBA-C31E-43F9-99EB-DEECB7793539} = {DB3EE5E6-94C8-4298-AABB-FB46E820C00F}
		{7AB3C81C-8F25-4F42-B992-947ACDF34056} = {DBDA1B94-CCD1-48E4-AA0A-FDB5B18AF069}
		{F22F7C21-909E-4BB6-8B22-CEFF63FEC66D} = {FE7764F7-F5B5-4A92-9BE2-F51690EDF870}
		{856207D6-F230-47A3-BF50-3D0451FEC3ED} = {DBDA1B94-CCD1-48E4-AA0A-FDB5B18AF069}
		{12E8C084-88B8-47A9-82AD-038C206089AA} = {FE7764F7-F5B5-4A92-9BE2-F51690EDF870}
		{167C080E-3F81-4EB7-93BD-1D8671B51835} = {DBDA1B94-CCD1-48E4-AA0A-FDB5B18AF069}
		{11EDBC14-0BF4-4C6B-86DD-3D292845C62A} = {83DC75D5-800D-42F7-9812-BD198A62DD0B}
		{592FFCE1-0D8C-4797-9B3A-5F5F7E5E935B} = {DBDA1B94-CCD1-48E4-AA0A-FDB5B18AF069}
		{CD08B37A-614C-4DEB-9805-ADBD77DA3F8E} = {DBDA1B94-CCD1-48E4-AA0A-FDB5B18AF069}
		{8315C918-4C26-435C-AC32-47A87CB2792E} = {DBDA1B94-CCD1-48E4-AA0A-FDB5B18AF069}
		{803A4763-4B6E-42AF-ADBB-61227369B5AE} = {DBDA1B94-CCD1-48E4-AA0A-FDB5B18AF069}
		{8B2B63BA-AC1F-4F34-AE1A-ED4C08642E82} = {DBDA1B94-CCD1-48E4-AA0A-FDB5B18AF069}
		{FC110EBB-25E9-49AC-9D21-DBD956090ED1} = {DBDA1B94-CCD1-48E4-AA0A-FDB5B18AF069}
		{22CA72EE-FFA9-412A-B995-D51C617B8FEF} = {DBDA1B94-CCD1-48E4-AA0A-FDB5B18AF069}
		{08B7000C-F261-4543-B611-5710D12263DB} = {DBDA1B94-CCD1-48E4-AA0A-FDB5B18AF069}
		{2E9E803A-1422-42E7-8472-4E15EDFC7002} = {DBDA1B94-CCD1-48E4-AA0A-FDB5B18AF069}
		{1A6C061D-83FD-4B53-8E96-80A1546C8F4B} = {DBDA1B94-CCD1-48E4-AA0A-FDB5B18AF069}
		{E4CB108C-A8C4-4B30-A07E-44D56027B98B} = {E853860E-86DE-407E-95BB-4C5E1CEAFC39}
		{68D2B92F-A5C0-4E29-9E53-64F600400568} = {E853860E-86DE-407E-95BB-4C5E1CEAFC39}
		{41302EE4-1607-4BE1-A2C6-C881C3D05740} = {83DC75D5-800D-42F7-9812-BD198A62DD0B}
		{BA132F50-1C79-4FF4-A596-16BBC7CD6BAC} = {83DC75D5-800D-42F7-9812-BD198A62DD0B}
		{E77C7D25-275F-4DD6-B572-7317FED20393} = {DBDA1B94-CCD1-48E4-AA0A-FDB5B18AF069}
		{23E8D775-B5CA-440B-ACF2-1F7C212FE5C3} = {1A3C35E5-1C30-44F2-AB46-F5E7F99E524C}
		{19BEBB72-3462-40E0-BC93-983D10652E54} = {E853860E-86DE-407E-95BB-4C5E1CEAFC39}
		{8570DE4C-67AC-4E08-90C4-BB56D644FEA6} = {33866B5A-71FB-4430-9C0B-019B20644653}
		{E8F07DAB-0ED0-4A2F-9DD3-DE8D73D72B89} = {FE7764F7-F5B5-4A92-9BE2-F51690EDF870}
		{81D4C74B-3F7B-499F-8DEF-DA2CB600DE0E} = {33866B5A-71FB-4430-9C0B-019B20644653}
		{254E352F-B0B7-4044-BF5D-4944CDC2CE45} = {2CFE7466-98C4-490A-9519-4702DF7A4E15}
		{C825B67A-D3D3-4404-83E2-A8CED1C595E2} = {254E352F-B0B7-4044-BF5D-4944CDC2CE45}
		{9C2A58E3-0686-4E98-80EB-30981CA48359} = {2CFE7466-98C4-490A-9519-4702DF7A4E15}
		{407E3C67-F529-4D4A-811D-6D448A8B1311} = {FE7764F7-F5B5-4A92-9BE2-F51690EDF870}
		{A26FC706-862F-4690-A626-B83A988A9411} = {DBDA1B94-CCD1-48E4-AA0A-FDB5B18AF069}
		{274B582D-10B8-4030-9F0C-3337C5509D03} = {83DC75D5-800D-42F7-9812-BD198A62DD0B}
		{1F5668B6-D39C-47C5-82AD-BF7C0F0A9178} = {83DC75D5-800D-42F7-9812-BD198A62DD0B}
		{1DC33C50-461F-4793-88FA-637E16D9C563} = {DBDA1B94-CCD1-48E4-AA0A-FDB5B18AF069}
		{70216CFB-7D80-40BB-B95C-66E7DD991C16} = {83DC75D5-800D-42F7-9812-BD198A62DD0B}
		{40496FF2-3343-476D-9BE6-29D4CDBC86C5} = {83DC75D5-800D-42F7-9812-BD198A62DD0B}
		{DF8A6F39-7A8D-477F-8A19-8B467671B542} = {5641C82B-E8E5-49AD-8DEE-E574D0D77460}
		{12283401-E727-4771-A24E-E9B873AD44BB} = {DBDA1B94-CCD1-48E4-AA0A-FDB5B18AF069}
		{D3AA09B8-9C4D-42DC-83CE-E2F319EB6287} = {83DC75D5-800D-42F7-9812-BD198A62DD0B}
		{9390BB49-A4BD-490A-ABC3-AF28745D6003} = {DBDA1B94-CCD1-48E4-AA0A-FDB5B18AF069}
		{4077F366-4847-4210-9BBA-D2C76E983367} = {83DC75D5-800D-42F7-9812-BD198A62DD0B}
		{3756FD8F-6E2B-4BE4-A4D5-D6A7EB0D1374} = {DBDA1B94-CCD1-48E4-AA0A-FDB5B18AF069}
		{C2071335-AFDF-4643-93A2-EAC482E90E73} = {F91BE5A3-9CBD-409B-AE86-D6FD8C09F02D}
		{B811096C-2648-4156-A7E4-05E9A5C69297} = {F91BE5A3-9CBD-409B-AE86-D6FD8C09F02D}
		{EAA2C7EE-0B01-4B2B-80FA-7BF3D03552BA} = {F91BE5A3-9CBD-409B-AE86-D6FD8C09F02D}
		{07791873-FCCD-4506-B192-A61509724BD6} = {F91BE5A3-9CBD-409B-AE86-D6FD8C09F02D}
		{DFFBE94F-8C0E-4592-AF14-7B47A41AE2C9} = {EAA2C7EE-0B01-4B2B-80FA-7BF3D03552BA}
		{3D3A8742-0EC5-4C95-92F5-84F95A0B7F1A} = {DBDA1B94-CCD1-48E4-AA0A-FDB5B18AF069}
		{123530FE-5F4C-4129-97A8-2246DF8B583E} = {DBDA1B94-CCD1-48E4-AA0A-FDB5B18AF069}
		{3142BF8F-8A1A-4D4B-9527-6C496A9671F5} = {83DC75D5-800D-42F7-9812-BD198A62DD0B}
		{22AC27D9-1DB4-4D92-9E93-E181FF1981FD} = {DBDA1B94-CCD1-48E4-AA0A-FDB5B18AF069}
		{DF45D6DD-02D7-479E-8856-A06A0C679B58} = {83DC75D5-800D-42F7-9812-BD198A62DD0B}
		{239DFD58-B090-439A-BD75-6F26802FD912} = {DBDA1B94-CCD1-48E4-AA0A-FDB5B18AF069}
	EndGlobalSection
	GlobalSection(ExtensibilityGlobals) = postSolution
		SolutionGuid = {5F2E7334-FE9C-4C03-AF1E-BB3B7D5531D9}
	EndGlobalSection
EndGlobal
