dependencies:
- name: crds
  repository: ""
  version: 2.6.0
- name: etcd
  repository: https://charts.bitnami.com/bitnami
  version: 8.6.0
- name: jaeger-operator
  repository: https://jaegertracing.github.io/helm-charts
  version: 2.50.1
- name: loki-stack
  repository: https://grafana.github.io/helm-charts
  version: 2.9.11
- name: nats
  repository: https://nats-io.github.io/k8s/helm/charts/
  version: 0.19.14
- name: localpv-provisioner
  repository: https://openebs.github.io/dynamic-localpv-provisioner
  version: 4.0.0
digest: sha256:1a470d7e3f42139552fafa125e71ceaf01b8dee126a975398baf16131d9291a5
generated: "2024-04-16T12:14:47.803680113Z"
