dependencies:
- name: openebs-crds
  repository: ""
  version: 4.0.0
- name: localpv-provisioner
  repository: https://openebs.github.io/dynamic-localpv-provisioner
  version: 4.0.0
- name: zfs-localpv
  repository: https://openebs.github.io/zfs-localpv
  version: 2.5.1
- name: lvm-localpv
  repository: https://openebs.github.io/lvm-localpv
  version: 1.5.1
- name: mayastor
  repository: https://openebs.github.io/mayastor-extensions
  version: 2.6.0
digest: sha256:65a2809c2c3d5be114ccdfd54b7897713775c3d6064cecdbdec03aa353fe8e76
generated: "2024-04-16T14:52:48.657357865Z"
