# This file is autogenerated, do not edit; changes may be undone by the next 'dep ensure'.


[[projects]]
  digest = "1:9f3b30d9f8e0d7040f729b82dcbc8f0dead820a133b3147ce355fc451f32d761"
  name = "github.com/BurntSushi/toml"
  packages = ["."]
  pruneopts = "UT"
  revision = "3012a1dbe2e4bd1391d42b32f0577cb7bbc7f005"
  version = "v0.3.1"

[[projects]]
  branch = "master"
  digest = "1:ff17c681b0010b5bc5f6fb3c27f6733f19ba7e2804725263816f3724f0496399"
  name = "github.com/a3linux/amazon-ssm-agent"
  packages = ["agent/times"]
  pruneopts = "UT"
  revision = "8f4b98b7fa1ab4588271a8c6d8d9bb60c0f2b56a"

[[projects]]
  branch = "master"
  digest = "1:1a200e7e73293b75eb8e5c93d023b5472663432da0b663e1532624fcfede9ca8"
  name = "github.com/anmitsu/go-shlex"
  packages = ["."]
  pruneopts = "UT"
  revision = "648efa622239a2f6ff949fed78ee37b48d499ba4"

[[projects]]
  digest = "1:5f6c66d12812dd209c74d56c7da33946da90ddb8ac7cdc3e88920e358694a2e6"
  name = "github.com/apache/thrift"
  packages = ["lib/go/thrift"]
  pruneopts = "UT"
  revision = "b2a4d4ae21c789b689dd162deb819665567f481c"
  version = "0.10.0"

[[projects]]
  digest = "1:d6afaeed1502aa28e80a4ed0981d570ad91b2579193404256ce672ed0a609e0d"
  name = "github.com/beorn7/perks"
  packages = ["quantile"]
  pruneopts = "UT"
  revision = "37c8de3658fcb183f997c4e13e8337516ab753e6"
  version = "v1.0.1"

[[projects]]
  digest = "1:ffe9824d294da03b391f44e1ae8281281b4afc1bdaa9588c9097785e3af10cec"
  name = "github.com/davecgh/go-spew"
  packages = ["spew"]
  pruneopts = "UT"
  revision = "8991bc29aa16c548c550c7ff78260e27b9ab7c73"
  version = "v1.1.1"

[[projects]]
  branch = "master"
  digest = "1:5fe3f6ede1c208a2efd3b78fe4df0306aa9624edd39476143d14f0326e5a8d29"
  name = "github.com/facebookgo/clock"
  packages = ["."]
  pruneopts = "UT"
  revision = "600d898af40aa09a7a93ecb9265d87b0504b6f03"

[[projects]]
  digest = "1:060e2ff7ee3e51b4a0fadf46308033bfe3b8030af6a8078ec26916e2e9b2fdc3"
  name = "github.com/fatih/structtag"
  packages = ["."]
  pruneopts = "UT"
  revision = "76ae1d6d2117609598c7d4e8f3e938145f204e8f"
  version = "v1.0.0"

[[projects]]
  digest = "1:58c033da727ebd5a6769209e479cac9a6e4dab53c879631af3d8161423099d57"
  name = "github.com/go-chi/chi"
  packages = [
    ".",
    "middleware",
  ]
  pruneopts = "UT"
  revision = "da24bba8dcd4021cafac38724bf10dccc97c3e36"
  version = "v4.0.2"

[[projects]]
  digest = "1:4aaaf9fcba45d2c523fb916313c9fbe0aacd93970e70f5a42807b306852e0f26"
  name = "github.com/gogo/protobuf"
  packages = [
    "gogoproto",
    "plugin/compare",
    "plugin/defaultcheck",
    "plugin/description",
    "plugin/embedcheck",
    "plugin/enumstringer",
    "plugin/equal",
    "plugin/face",
    "plugin/gostring",
    "plugin/marshalto",
    "plugin/oneofcheck",
    "plugin/populate",
    "plugin/size",
    "plugin/stringer",
    "plugin/testgen",
    "plugin/union",
    "plugin/unmarshal",
    "proto",
    "protoc-gen-gogo/descriptor",
    "protoc-gen-gogo/generator",
    "protoc-gen-gogo/generator/internal/remap",
    "protoc-gen-gogo/grpc",
    "protoc-gen-gogo/plugin",
    "protoc-gen-gogoslick",
    "vanity",
    "vanity/command",
  ]
  pruneopts = "UT"
  revision = "0ca988a254f991240804bf9821f3450d87ccbb1b"
  version = "v1.3.0"

[[projects]]
  digest = "1:5e14df5b9539151b485eeb3ebea90a2823347516732978b0911ff17acea2842c"
  name = "github.com/golang/mock"
  packages = [
    "gomock",
    "mockgen",
    "mockgen/model",
  ]
  pruneopts = "UT"
  revision = "9fa652df1129bef0e734c9cf9bf6dbae9ef3b9fa"
  version = "1.3.1"

[[projects]]
  digest = "1:573ca21d3669500ff845bdebee890eb7fc7f0f50c59f2132f2a0c6b03d85086a"
  name = "github.com/golang/protobuf"
  packages = ["proto"]
  pruneopts = "UT"
  revision = "6c65a5562fc06764971b7c5d05c76c75e84bdbf7"
  version = "v1.3.2"

[[projects]]
  digest = "1:582b704bebaa06b48c29b0cec224a6058a09c86883aaddabde889cd1a5f73e1b"
  name = "github.com/google/uuid"
  packages = ["."]
  pruneopts = "UT"
  revision = "0cd6bf5da1e1c83f8b45653022c74f71af0538a4"
  version = "v1.1.1"

[[projects]]
  digest = "1:a2cff208d4759f6ba1b1cd228587b0a1869f95f22542ec9cd17fff64430113c7"
  name = "github.com/jessevdk/go-flags"
  packages = ["."]
  pruneopts = "UT"
  revision = "c6ca198ec95c841fdb89fc0de7496fed11ab854e"
  version = "v1.4.0"

[[projects]]
  digest = "1:b472339040c571f1085e429ad08d94218bc3fc7a635c99fd95e3f80382413317"
  name = "github.com/kisielk/errcheck"
  packages = [
    ".",
    "internal/errcheck",
  ]
  pruneopts = "UT"
  revision = "e14f8d59a22d460d56c5ee92507cd94c78fbf274"
  version = "v1.2.0"

[[projects]]
  digest = "1:ff5ebae34cfbf047d505ee150de27e60570e8c394b3b8fdbb720ff6ac71985fc"
  name = "github.com/matttproud/golang_protobuf_extensions"
  packages = ["pbutil"]
  pruneopts = "UT"
  revision = "c12348ce28de40eed0136aa2b644d0ee0650e56c"
  version = "v1.0.1"

[[projects]]
  digest = "1:11e62d6050198055e6cd87ed57e5d8c669e84f839c16e16f192374d913d1a70d"
  name = "github.com/opentracing/opentracing-go"
  packages = [
    ".",
    "ext",
    "log",
  ]
  pruneopts = "UT"
  revision = "659c90643e714681897ec2521c60567dd21da733"
  version = "v1.1.0"

[[projects]]
  digest = "1:e5d0bd87abc2781d14e274807a470acd180f0499f8bf5bb18606e9ec22ad9de9"
  name = "github.com/pborman/uuid"
  packages = ["."]
  pruneopts = "UT"
  revision = "adf5a7427709b9deb95d29d3fa8a2bf9cfd388f1"
  version = "v1.2"

[[projects]]
  digest = "1:0028cb19b2e4c3112225cd871870f2d9cf49b9b4276531f03438a88e94be86fe"
  name = "github.com/pmezard/go-difflib"
  packages = ["difflib"]
  pruneopts = "UT"
  revision = "792786c7400a136282c1664665ae0a8db921c6c2"
  version = "v1.0.0"

[[projects]]
  digest = "1:eb04f69c8991e52eff33c428bd729e04208bf03235be88e4df0d88497c6861b9"
  name = "github.com/prometheus/client_golang"
  packages = [
    "prometheus",
    "prometheus/internal",
    "prometheus/promhttp",
  ]
  pruneopts = "UT"
  revision = "170205fb58decfd011f1550d4cfb737230d7ae4f"
  version = "v1.1.0"

[[projects]]
  branch = "master"
  digest = "1:2d5cd61daa5565187e1d96bae64dbbc6080dacf741448e9629c64fd93203b0d4"
  name = "github.com/prometheus/client_model"
  packages = ["go"]
  pruneopts = "UT"
  revision = "14fe0d1b01d4d5fc031dd4bec1823bd3ebbe8016"

[[projects]]
  digest = "1:f119e3205d3a1f0f19dbd7038eb37528e2c6f0933269dc344e305951fb87d632"
  name = "github.com/prometheus/common"
  packages = [
    "expfmt",
    "internal/bitbucket.org/ww/goautoneg",
    "model",
  ]
  pruneopts = "UT"
  revision = "287d3e634a1e550c9e463dd7e5a75a422c614505"
  version = "v0.7.0"

[[projects]]
  digest = "1:8232537905152d6a0b116b9af5a0868fcac0e84eb02ec5a150624c077bdedb0b"
  name = "github.com/prometheus/procfs"
  packages = [
    ".",
    "internal/fs",
    "internal/util",
  ]
  pruneopts = "UT"
  revision = "00ec24a6a2d86e7074629c8384715dbb05adccd8"
  version = "v0.0.4"

[[projects]]
  digest = "1:ed615c5430ecabbb0fb7629a182da65ecee6523900ac1ac932520860878ffcad"
  name = "github.com/robfig/cron"
  packages = ["."]
  pruneopts = "UT"
  revision = "b41be1df696709bb6395fe435af20370037c0b4c"
  version = "v1.2.0"

[[projects]]
  branch = "master"
  digest = "1:03d938ce55b7f7754700749135669a1cfe65acca866d1cdb7dc3e7ff166e3e28"
  name = "github.com/samuel/go-thrift"
  packages = ["parser"]
  pruneopts = "UT"
  revision = "e8b6b52668fe9c972220addc130edf46a9b466b1"

[[projects]]
  digest = "1:ac83cf90d08b63ad5f7e020ef480d319ae890c208f8524622a2f3136e2686b02"
  name = "github.com/stretchr/objx"
  packages = ["."]
  pruneopts = "UT"
  revision = "477a77ecc69700c7cdeb1fa9e129548e1c1c393c"
  version = "v0.1.1"

[[projects]]
  digest = "1:d88ba57c4e8f5db6ce9ab6605a89f4542ee751b576884ba5271c2ba3d4b6f2d2"
  name = "github.com/stretchr/testify"
  packages = [
    "assert",
    "mock",
    "require",
    "suite",
  ]
  pruneopts = "UT"
  revision = "221dbe5ed46703ee255b1da0dec05086f5035f62"
  version = "v1.4.0"

[[projects]]
  digest = "1:f13b1cdb92e193b30d211ee8397d640711932344ecdb5c8daf21b1ceaafe540f"
  name = "github.com/uber-go/mapdecode"
  packages = [
    ".",
    "internal/mapstructure",
  ]
  pruneopts = "UT"
  revision = "718b4994083e432669f44a00174c5f1bcdb1434d"
  version = "v1.0.0"

[[projects]]
  digest = "1:228597ec86f00b7270b9f9e230f38abb285765850d5b7dfbe38b38f6ea1c409a"
  name = "github.com/uber-go/tally"
  packages = ["."]
  pruneopts = "UT"
  revision = "3332297784e46cd346ab6d9894fd4ea027dc9368"
  version = "v3.3.12"

[[projects]]
  digest = "1:d32629c79e1115b477b026288ae53668b68ce35f7a3e33bfcdf28a1dc99298cb"
  name = "github.com/uber/tchannel-go"
  packages = [
    ".",
    "internal/argreader",
    "relay",
    "thrift/arg2",
    "thrift/thrift-gen",
    "tnet",
    "tos",
    "trand",
    "typed",
  ]
  pruneopts = "UT"
  revision = "5ee9e351d45f66dc690528cbf014fe5b64b23bc9"
  version = "v1.15.0"

[[projects]]
  digest = "1:a5158647b553c61877aa9ae74f4015000294e47981e6b8b07525edcbb0747c81"
  name = "go.uber.org/atomic"
  packages = ["."]
  pruneopts = "UT"
  revision = "df976f2515e274675050de7b3f42545de80594fd"
  version = "v1.4.0"

[[projects]]
  digest = "1:6d3c63775527cd1858b0beb412c922173dfe7c3763108eee08fca0bc2580fddc"
  name = "go.uber.org/cadence"
  packages = [
    ".",
    ".gen/go/cadence",
    ".gen/go/cadence/workflowserviceclient",
    ".gen/go/cadence/workflowservicetest",
    ".gen/go/shared",
    "activity",
    "client",
    "encoded",
    "internal",
    "internal/common",
    "internal/common/backoff",
    "internal/common/cache",
    "internal/common/metrics",
    "internal/common/util",
    "worker",
    "workflow",
  ]
  pruneopts = "UT"
  revision = "2d5963a788be8e2814aefdf17a8d2fea505a83f2"
  version = "v0.8.9"

[[projects]]
  digest = "1:9a1bb99a85e2ccddbc593aa0af084cdf6ea18ed081469eb90e7f6d0d303af6cd"
  name = "go.uber.org/goleak"
  packages = [
    ".",
    "internal/stack",
  ]
  pruneopts = "UT"
  revision = "1ac8aeca0a53163331564467638f6ffb639636bf"
  version = "v0.10.0"

[[projects]]
  digest = "1:60bf2a5e347af463c42ed31a493d817f8a72f102543060ed992754e689805d1a"
  name = "go.uber.org/multierr"
  packages = ["."]
  pruneopts = "UT"
  revision = "3c4937480c32f4c13a875a1829af76c98ca3d40a"
  version = "v1.1.0"

[[projects]]
  digest = "1:9815ffb569cf43ef8a2fe8aa20c0b1e176ade4f515505e8e5a7176d61a537686"
  name = "go.uber.org/net/metrics"
  packages = [
    ".",
    "bucket",
    "push",
    "tallypush",
  ]
  pruneopts = "UT"
  revision = "0327310766f9da183152db859680ae0345c31957"
  version = "v1.1.0"

[[projects]]
  digest = "1:ab3c0dc926c4e024bb73c16191695d9278ec0d036fd504d52500c3da3ee24b9e"
  name = "go.uber.org/thriftrw"
  packages = [
    ".",
    "ast",
    "compile",
    "envelope",
    "gen",
    "idl",
    "idl/internal",
    "internal/concurrent",
    "internal/curry",
    "internal/envelope",
    "internal/envelope/exception",
    "internal/frame",
    "internal/goast",
    "internal/multiplex",
    "internal/plugin",
    "internal/plugin/builtin/pluginapigen",
    "internal/process",
    "internal/semver",
    "plugin",
    "plugin/api",
    "protocol",
    "protocol/binary",
    "ptr",
    "thriftreflect",
    "version",
    "wire",
  ]
  pruneopts = "UT"
  revision = "8cb9e79c2118f1eb873714e2d02747d6ecc62954"
  version = "v1.20.1"

[[projects]]
  branch = "master"
  digest = "1:3032e90a153750ea149f68bf081f97ca738f041fba45c41c80737f572ffdf2f4"
  name = "go.uber.org/tools"
  packages = ["update-license"]
  pruneopts = "UT"
  revision = "2cfd321de3ee5d5f8a5fda2521d1703478334d98"

[[projects]]
  digest = "1:01bdbd0288a01fef8f9d9179795334c0145e634ec836186a24beb4d95716b73a"
  name = "go.uber.org/yarpc"
  packages = [
    ".",
    "api/backoff",
    "api/encoding",
    "api/middleware",
    "api/peer",
    "api/transport",
    "encoding/thrift",
    "encoding/thrift/internal",
    "internal",
    "internal/backoff",
    "internal/bufferpool",
    "internal/config",
    "internal/digester",
    "internal/errorsync",
    "internal/humanize",
    "internal/inboundmiddleware",
    "internal/interpolate",
    "internal/introspection",
    "internal/iopool",
    "internal/observability",
    "internal/outboundmiddleware",
    "internal/request",
    "internal/yarpcerrors",
    "peer",
    "peer/hostport",
    "pkg/encoding",
    "pkg/errors",
    "pkg/lifecycle",
    "pkg/procedure",
    "transport/tchannel",
    "transport/tchannel/internal",
    "yarpcconfig",
    "yarpcerrors",
  ]
  pruneopts = "UT"
  revision = "32f8a122a940ef0bd42bef358ea46c7d91b14f4c"
  version = "v1.39.0"

[[projects]]
  digest = "1:676160e6a4722b08e0e26b11521d575c2cb2b6f0c679e1ee6178c5d8dee51e5e"
  name = "go.uber.org/zap"
  packages = [
    ".",
    "buffer",
    "internal/bufferpool",
    "internal/color",
    "internal/exit",
    "zapcore",
  ]
  pruneopts = "UT"
  revision = "27376062155ad36be76b0f12cf1572a221d3a48c"
  version = "v1.10.0"

[[projects]]
  branch = "master"
  digest = "1:8b680f1201926e744b91715dda339a799fcc9a37e3a9c6d742bf90b4a6e7e6de"
  name = "golang.org/x/lint"
  packages = [
    ".",
    "golint",
  ]
  pruneopts = "UT"
  revision = "414d861bb4acf565ff8cb05f9906a2283b7dc75a"

[[projects]]
  branch = "master"
  digest = "1:99ea530858c94663b8b48bea54fce4ff5de67d145362bc498b7e118ba67d1539"
  name = "golang.org/x/net"
  packages = [
    "bpf",
    "context",
    "internal/iana",
    "internal/socket",
    "ipv4",
    "ipv6",
  ]
  pruneopts = "UT"
  revision = "24e19bdeb0f2d062d8e2640d50a7aaf2a7f80e7a"

[[projects]]
  branch = "master"
  digest = "1:b81809747cfe3b745ecbb83859f2ac3566170d5a67aa96c458aa0afeefd93200"
  name = "golang.org/x/sys"
  packages = [
    "unix",
    "windows",
  ]
  pruneopts = "UT"
  revision = "c3b328c6e5a763a2bfc82a48b4bd855037210934"

[[projects]]
  branch = "master"
  digest = "1:9fdc2b55e8e0fafe4b41884091e51e77344f7dc511c5acedcfd98200003bff90"
  name = "golang.org/x/time"
  packages = ["rate"]
  pruneopts = "UT"
  revision = "9d24e82272b4f38b78bc8cff74fa936d31ccd8ef"

[[projects]]
  branch = "master"
  digest = "1:bc35642f1e04f776853eb1a0214758690e62ee6187c18b69bfa55ab8c7fe5fb6"
  name = "golang.org/x/tools"
  packages = [
    "cmd/stringer",
    "go/analysis",
    "go/analysis/passes/inspect",
    "go/ast/astutil",
    "go/ast/inspector",
    "go/buildutil",
    "go/gcexportdata",
    "go/internal/gcimporter",
    "go/internal/packagesdriver",
    "go/packages",
    "go/types/objectpath",
    "go/types/typeutil",
    "internal/fastwalk",
    "internal/gopathwalk",
    "internal/semver",
  ]
  pruneopts = "UT"
  revision = "3720d1ec36787cbb1ba1d4b76e4b0049db3ea911"

[[projects]]
  digest = "1:4d2e5a73dc1500038e504a8d78b986630e3626dc027bc030ba5c75da257cdb96"
  name = "gopkg.in/yaml.v2"
  packages = ["."]
  pruneopts = "UT"
  revision = "51d6538a90f86fe93ac480b35f37b2be17fef232"
  version = "v2.2.2"

[[projects]]
  digest = "1:131158a88aad1f94854d0aa21a64af2802d0a470fb0f01cb33c04fafd2047111"
  name = "honnef.co/go/tools"
  packages = [
    "arg",
    "cmd/staticcheck",
    "config",
    "deprecated",
    "facts",
    "functions",
    "go/types/typeutil",
    "internal/cache",
    "internal/passes/buildssa",
    "internal/renameio",
    "internal/sharedcheck",
    "lint",
    "lint/lintdsl",
    "lint/lintutil",
    "lint/lintutil/format",
    "loader",
    "printf",
    "simple",
    "ssa",
    "ssautil",
    "staticcheck",
    "staticcheck/vrp",
    "stylecheck",
    "unused",
    "version",
  ]
  pruneopts = "UT"
  revision = "afd67930eec2a9ed3e9b19f684d17a062285f16a"
  version = "2019.2.3"

[solve-meta]
  analyzer-name = "dep"
  analyzer-version = 1
  input-imports = [
    "github.com/a3linux/amazon-ssm-agent/agent/times",
    "github.com/go-chi/chi",
    "github.com/go-chi/chi/middleware",
    "github.com/google/uuid",
    "github.com/pborman/uuid",
    "github.com/stretchr/testify/suite",
    "github.com/uber-go/tally",
    "go.uber.org/cadence",
    "go.uber.org/cadence/.gen/go/cadence/workflowserviceclient",
    "go.uber.org/cadence/.gen/go/shared",
    "go.uber.org/cadence/activity",
    "go.uber.org/cadence/client",
    "go.uber.org/cadence/encoded",
    "go.uber.org/cadence/worker",
    "go.uber.org/cadence/workflow",
    "go.uber.org/goleak",
    "go.uber.org/yarpc",
    "go.uber.org/yarpc/transport/tchannel",
    "go.uber.org/zap",
    "go.uber.org/zap/buffer",
    "go.uber.org/zap/zapcore",
  ]
  solver-name = "gps-cdcl"
  solver-version = 1
