
Microsoft Visual Studio Solution File, Format Version 12.00
# Visual Studio Version 16
VisualStudioVersion = 16.0.29519.87
MinimumVisualStudioVersion = 10.0.40219.1
Project("{9A19103F-16F7-4668-BE54-9A1E7A4F7556}") = "Test.Neon.Common", "Test.Neon.Common\Test.Neon.Common.csproj", "{A3F7B412-F85E-40B0-BADF-E02B19911724}"
EndProject
Project("{9A19103F-16F7-4668-BE54-9A1E7A4F7556}") = "Test.Neon.Cadence", "Test.Neon.Cadence\Test.Neon.Cadence.csproj", "{D614DEE6-D9F9-4463-BA70-BC90500ED21B}"
EndProject
Project("{9A19103F-16F7-4668-BE54-9A1E7A4F7556}") = "Test.Neon.Cryptography", "Test.Neon.Cryptography\Test.Neon.Cryptography.csproj", "{286DDB7A-272E-4902-8D3F-50A66E9DC783}"
EndProject
Project("{2150E333-8FDC-42A3-9474-1A3956D46DE8}") = "Models", "Models", "{F48FECE3-A5D6-4922-BDDF-7F7D4D72D86F}"
EndProject
Project("{9A19103F-16F7-4668-BE54-9A1E7A4F7556}") = "Test.Neon.Models", "Test.Neon.Models\Test.Neon.Models.csproj", "{AB6E3AC0-6883-4E16-ABE6-DE994BE77FE3}"
	ProjectSection(ProjectDependencies) = postProject
		{E09B6A50-7371-458B-A6F9-19B970092478} = {E09B6A50-7371-458B-A6F9-19B970092478}
	EndProjectSection
EndProject
Project("{9A19103F-16F7-4668-BE54-9A1E7A4F7556}") = "Test.Neon.Models.Definitions", "Test.Neon.Models.Definitions\Test.Neon.Models.Definitions.csproj", "{E09B6A50-7371-458B-A6F9-19B970092478}"
EndProject
Project("{9A19103F-16F7-4668-BE54-9A1E7A4F7556}") = "Test.Neon.Models.Cadence", "Test.Neon.Models.Cadence\Test.Neon.Models.Cadence.csproj", "{D24D5723-999F-47C8-8A7C-5B84703B83F5}"
EndProject
Global
	GlobalSection(SolutionConfigurationPlatforms) = preSolution
		Debug|Any CPU = Debug|Any CPU
		Release|Any CPU = Release|Any CPU
	EndGlobalSection
	GlobalSection(ProjectConfigurationPlatforms) = postSolution
		{A3F7B412-F85E-40B0-BADF-E02B19911724}.Debug|Any CPU.ActiveCfg = Debug|Any CPU
		{A3F7B412-F85E-40B0-BADF-E02B19911724}.Debug|Any CPU.Build.0 = Debug|Any CPU
		{A3F7B412-F85E-40B0-BADF-E02B19911724}.Release|Any CPU.ActiveCfg = Release|Any CPU
		{A3F7B412-F85E-40B0-BADF-E02B19911724}.Release|Any CPU.Build.0 = Release|Any CPU
		{D614DEE6-D9F9-4463-BA70-BC90500ED21B}.Debug|Any CPU.ActiveCfg = Debug|Any CPU
		{D614DEE6-D9F9-4463-BA70-BC90500ED21B}.Debug|Any CPU.Build.0 = Debug|Any CPU
		{D614DEE6-D9F9-4463-BA70-BC90500ED21B}.Release|Any CPU.ActiveCfg = Release|Any CPU
		{D614DEE6-D9F9-4463-BA70-BC90500ED21B}.Release|Any CPU.Build.0 = Release|Any CPU
		{286DDB7A-272E-4902-8D3F-50A66E9DC783}.Debug|Any CPU.ActiveCfg = Debug|Any CPU
		{286DDB7A-272E-4902-8D3F-50A66E9DC783}.Debug|Any CPU.Build.0 = Debug|Any CPU
		{286DDB7A-272E-4902-8D3F-50A66E9DC783}.Release|Any CPU.ActiveCfg = Release|Any CPU
		{286DDB7A-272E-4902-8D3F-50A66E9DC783}.Release|Any CPU.Build.0 = Release|Any CPU
		{AB6E3AC0-6883-4E16-ABE6-DE994BE77FE3}.Debug|Any CPU.ActiveCfg = Debug|Any CPU
		{AB6E3AC0-6883-4E16-ABE6-DE994BE77FE3}.Debug|Any CPU.Build.0 = Debug|Any CPU
		{AB6E3AC0-6883-4E16-ABE6-DE994BE77FE3}.Release|Any CPU.ActiveCfg = Release|Any CPU
		{AB6E3AC0-6883-4E16-ABE6-DE994BE77FE3}.Release|Any CPU.Build.0 = Release|Any CPU
		{E09B6A50-7371-458B-A6F9-19B970092478}.Debug|Any CPU.ActiveCfg = Debug|Any CPU
		{E09B6A50-7371-458B-A6F9-19B970092478}.Debug|Any CPU.Build.0 = Debug|Any CPU
		{E09B6A50-7371-458B-A6F9-19B970092478}.Release|Any CPU.ActiveCfg = Release|Any CPU
		{E09B6A50-7371-458B-A6F9-19B970092478}.Release|Any CPU.Build.0 = Release|Any CPU
		{D24D5723-999F-47C8-8A7C-5B84703B83F5}.Debug|Any CPU.ActiveCfg = Debug|Any CPU
		{D24D5723-999F-47C8-8A7C-5B84703B83F5}.Debug|Any CPU.Build.0 = Debug|Any CPU
		{D24D5723-999F-47C8-8A7C-5B84703B83F5}.Release|Any CPU.ActiveCfg = Release|Any CPU
		{D24D5723-999F-47C8-8A7C-5B84703B83F5}.Release|Any CPU.Build.0 = Release|Any CPU
	EndGlobalSection
	GlobalSection(SolutionProperties) = preSolution
		HideSolutionNode = FALSE
	EndGlobalSection
	GlobalSection(NestedProjects) = preSolution
		{AB6E3AC0-6883-4E16-ABE6-DE994BE77FE3} = {F48FECE3-A5D6-4922-BDDF-7F7D4D72D86F}
		{E09B6A50-7371-458B-A6F9-19B970092478} = {F48FECE3-A5D6-4922-BDDF-7F7D4D72D86F}
		{D24D5723-999F-47C8-8A7C-5B84703B83F5} = {F48FECE3-A5D6-4922-BDDF-7F7D4D72D86F}
	EndGlobalSection
	GlobalSection(ExtensibilityGlobals) = postSolution
		SolutionGuid = {5ECA3421-8ECC-4F2A-B66D-EBA488D08CA5}
	EndGlobalSection
EndGlobal
