
Microsoft Visual Studio Solution File, Format Version 12.00
# Visual Studio 14
VisualStudioVersion = 14.0.24720.0
MinimumVisualStudioVersion = 10.0.40219.1
Project("{2150E333-8FDC-42A3-9474-1A3956D46DE8}") = "Solution Items", "Solution Items", "{5C16D405-46B0-49BD-9365-419826A29412}"
	ProjectSection(SolutionItems) = preProject
		..\..\.gitignore = ..\..\.gitignore
	EndProjectSection
EndProject
Project("{FAE04EC0-301F-11D3-BF4B-00C04F79EFBC}") = "Deployer", "Deployer\Deployer.csproj", "{5C149163-CDC5-48AC-9854-18B7C40669FC}"
EndProject
Project("{2150E333-8FDC-42A3-9474-1A3956D46DE8}") = "Cheats", "Cheats", "{C797773A-4BB8-4BA8-A316-7903466F2A89}"
	ProjectSection(SolutionItems) = preProject
		Cheats\Cassandra Cheats.txt = Cheats\Cassandra Cheats.txt
		Cheats\Elastic Cheats.txt = Cheats\Elastic Cheats.txt
		Cheats\Mongo Cheats.txt = Cheats\Mongo Cheats.txt
		Cheats\New-CassandraCluster.ps1 = Cheats\New-CassandraCluster.ps1
		Cheats\New-ElasticCluster.ps1 = Cheats\New-ElasticCluster.ps1
		Cheats\New-MongoCluster.ps1 = Cheats\New-MongoCluster.ps1
		Cheats\New-RedisCluster.ps1 = Cheats\New-RedisCluster.ps1
		Cheats\Start-MongoCluster.ps1 = Cheats\Start-MongoCluster.ps1
		Cheats\Stop-MongoCluster.ps1 = Cheats\Stop-MongoCluster.ps1
	EndProjectSection
EndProject
Global
	GlobalSection(SolutionConfigurationPlatforms) = preSolution
		Debug|Any CPU = Debug|Any CPU
		Release|Any CPU = Release|Any CPU
	EndGlobalSection
	GlobalSection(ProjectConfigurationPlatforms) = postSolution
		{5C149163-CDC5-48AC-9854-18B7C40669FC}.Debug|Any CPU.ActiveCfg = Debug|Any CPU
		{5C149163-CDC5-48AC-9854-18B7C40669FC}.Debug|Any CPU.Build.0 = Debug|Any CPU
		{5C149163-CDC5-48AC-9854-18B7C40669FC}.Release|Any CPU.ActiveCfg = Release|Any CPU
		{5C149163-CDC5-48AC-9854-18B7C40669FC}.Release|Any CPU.Build.0 = Release|Any CPU
	EndGlobalSection
	GlobalSection(SolutionProperties) = preSolution
		HideSolutionNode = FALSE
	EndGlobalSection
EndGlobal
